// !$*UTF8*$!
{
	archiveVersion = 1;
	classes = {
	};
	objectVersion = 46;
	objects = {

/* Begin PBXBuildFile section */
		579F9AA914678A4E00709C70 /* UIKit.framework in Frameworks */ = {isa = PBXBuildFile; fileRef = 579F9AA814678A4E00709C70 /* UIKit.framework */; };
		579F9AAB14678A4E00709C70 /* Foundation.framework in Frameworks */ = {isa = PBXBuildFile; fileRef = 579F9AAA14678A4E00709C70 /* Foundation.framework */; };
		579F9AAD14678A4E00709C70 /* CoreGraphics.framework in Frameworks */ = {isa = PBXBuildFile; fileRef = 579F9AAC14678A4E00709C70 /* CoreGraphics.framework */; };
		579F9AB314678A4E00709C70 /* InfoPlist.strings in Resources */ = {isa = PBXBuildFile; fileRef = 579F9AB114678A4E00709C70 /* InfoPlist.strings */; };
		579F9AB514678A4E00709C70 /* main.m in Sources */ = {isa = PBXBuildFile; fileRef = 579F9AB414678A4E00709C70 /* main.m */; };
		579F9AB914678A4E00709C70 /* SparkleShareAppDelegate.m in Sources */ = {isa = PBXBuildFile; fileRef = 579F9AB814678A4E00709C70 /* SparkleShareAppDelegate.m */; };
		579F9ABC14678A4E00709C70 /* SparkleShareMasterViewController.m in Sources */ = {isa = PBXBuildFile; fileRef = 579F9ABB14678A4E00709C70 /* SparkleShareMasterViewController.m */; };
		579F9ABF14678A4E00709C70 /* SparkleShareDetailViewController.m in Sources */ = {isa = PBXBuildFile; fileRef = 579F9ABE14678A4E00709C70 /* SparkleShareDetailViewController.m */; };
		579F9AC214678A4E00709C70 /* SparkleShareMasterViewController_iPhone.xib in Resources */ = {isa = PBXBuildFile; fileRef = 579F9AC014678A4E00709C70 /* SparkleShareMasterViewController_iPhone.xib */; };
		579F9AC514678A4E00709C70 /* SparkleShareMasterViewController_iPad.xib in Resources */ = {isa = PBXBuildFile; fileRef = 579F9AC314678A4E00709C70 /* SparkleShareMasterViewController_iPad.xib */; };
		579F9AC814678A4E00709C70 /* SparkleShareDetailViewController_iPhone.xib in Resources */ = {isa = PBXBuildFile; fileRef = 579F9AC614678A4E00709C70 /* SparkleShareDetailViewController_iPhone.xib */; };
		579F9ACB14678A4E00709C70 /* SparkleShareDetailViewController_iPad.xib in Resources */ = {isa = PBXBuildFile; fileRef = 579F9AC914678A4E00709C70 /* SparkleShareDetailViewController_iPad.xib */; };
		579F9AD314678A4E00709C70 /* SenTestingKit.framework in Frameworks */ = {isa = PBXBuildFile; fileRef = 579F9AD214678A4E00709C70 /* SenTestingKit.framework */; };
		579F9AD414678A4E00709C70 /* UIKit.framework in Frameworks */ = {isa = PBXBuildFile; fileRef = 579F9AA814678A4E00709C70 /* UIKit.framework */; };
		579F9AD514678A4E00709C70 /* Foundation.framework in Frameworks */ = {isa = PBXBuildFile; fileRef = 579F9AAA14678A4E00709C70 /* Foundation.framework */; };
		579F9ADD14678A4E00709C70 /* InfoPlist.strings in Resources */ = {isa = PBXBuildFile; fileRef = 579F9ADB14678A4E00709C70 /* InfoPlist.strings */; };
		579F9AE014678A4E00709C70 /* SparkleShareTests.m in Sources */ = {isa = PBXBuildFile; fileRef = 579F9ADF14678A4E00709C70 /* SparkleShareTests.m */; };
		579F9AEF14678BC900709C70 /* SSFolder.m in Sources */ = {isa = PBXBuildFile; fileRef = 579F9AEE14678BC900709C70 /* SSFolder.m */; };
		579F9AF214678BD900709C70 /* SSConnection.m in Sources */ = {isa = PBXBuildFile; fileRef = 579F9AF114678BD900709C70 /* SSConnection.m */; };
		579F9AF514678BEA00709C70 /* SSFolderItem.m in Sources */ = {isa = PBXBuildFile; fileRef = 579F9AF414678BEA00709C70 /* SSFolderItem.m */; };
		579F9AF814678C0C00709C70 /* SSDirectory.m in Sources */ = {isa = PBXBuildFile; fileRef = 579F9AF714678C0C00709C70 /* SSDirectory.m */; };
		579F9AFB14678C1B00709C70 /* SSFile.m in Sources */ = {isa = PBXBuildFile; fileRef = 579F9AFA14678C1B00709C70 /* SSFile.m */; };
		579F9B1A14679CF300709C70 /* ASIAuthenticationDialog.m in Sources */ = {isa = PBXBuildFile; fileRef = 579F9B0514679CF300709C70 /* ASIAuthenticationDialog.m */; settings = {COMPILER_FLAGS = "-fno-objc-arc"; }; };
		579F9B1B14679CF300709C70 /* ASIDataCompressor.m in Sources */ = {isa = PBXBuildFile; fileRef = 579F9B0814679CF300709C70 /* ASIDataCompressor.m */; settings = {COMPILER_FLAGS = "-fno-objc-arc"; }; };
		579F9B1C14679CF300709C70 /* ASIDataDecompressor.m in Sources */ = {isa = PBXBuildFile; fileRef = 579F9B0A14679CF300709C70 /* ASIDataDecompressor.m */; settings = {COMPILER_FLAGS = "-fno-objc-arc"; }; };
		579F9B1D14679CF300709C70 /* ASIDownloadCache.m in Sources */ = {isa = PBXBuildFile; fileRef = 579F9B0C14679CF300709C70 /* ASIDownloadCache.m */; settings = {COMPILER_FLAGS = "-fno-objc-arc"; }; };
		579F9B1E14679CF300709C70 /* ASIFormDataRequest.m in Sources */ = {isa = PBXBuildFile; fileRef = 579F9B0E14679CF300709C70 /* ASIFormDataRequest.m */; settings = {COMPILER_FLAGS = "-fno-objc-arc"; }; };
		579F9B1F14679CF300709C70 /* ASIHTTPRequest.m in Sources */ = {isa = PBXBuildFile; fileRef = 579F9B1014679CF300709C70 /* ASIHTTPRequest.m */; settings = {COMPILER_FLAGS = "-fno-objc-arc"; }; };
		579F9B2014679CF300709C70 /* ASIInputStream.m in Sources */ = {isa = PBXBuildFile; fileRef = 579F9B1414679CF300709C70 /* ASIInputStream.m */; settings = {COMPILER_FLAGS = "-fno-objc-arc"; }; };
		579F9B2114679CF300709C70 /* ASINetworkQueue.m in Sources */ = {isa = PBXBuildFile; fileRef = 579F9B1614679CF300709C70 /* ASINetworkQueue.m */; settings = {COMPILER_FLAGS = "-fno-objc-arc"; }; };
		579F9B2214679CF300709C70 /* Reachability.m in Sources */ = {isa = PBXBuildFile; fileRef = 579F9B1914679CF300709C70 /* Reachability.m */; settings = {COMPILER_FLAGS = "-fno-objc-arc"; }; };
		579F9B2414679D5A00709C70 /* CFNetwork.framework in Frameworks */ = {isa = PBXBuildFile; fileRef = 579F9B2314679D5A00709C70 /* CFNetwork.framework */; };
		579F9B2614679D6C00709C70 /* libz.dylib in Frameworks */ = {isa = PBXBuildFile; fileRef = 579F9B2514679D6C00709C70 /* libz.dylib */; };
		579F9B2814679D7900709C70 /* MobileCoreServices.framework in Frameworks */ = {isa = PBXBuildFile; fileRef = 579F9B2714679D7900709C70 /* MobileCoreServices.framework */; };
		579F9B2A14679D8300709C70 /* SystemConfiguration.framework in Frameworks */ = {isa = PBXBuildFile; fileRef = 579F9B2914679D8300709C70 /* SystemConfiguration.framework */; };
		579F9B4514679DFD00709C70 /* NSObject+SBJson.m in Sources */ = {isa = PBXBuildFile; fileRef = 579F9B2D14679DFD00709C70 /* NSObject+SBJson.m */; };
		579F9B4614679DFD00709C70 /* SBJsonParser.m in Sources */ = {isa = PBXBuildFile; fileRef = 579F9B3014679DFD00709C70 /* SBJsonParser.m */; };
		579F9B4714679DFD00709C70 /* SBJsonStreamParser.m in Sources */ = {isa = PBXBuildFile; fileRef = 579F9B3214679DFD00709C70 /* SBJsonStreamParser.m */; };
		579F9B4814679DFD00709C70 /* SBJsonStreamParserAccumulator.m in Sources */ = {isa = PBXBuildFile; fileRef = 579F9B3414679DFD00709C70 /* SBJsonStreamParserAccumulator.m */; };
		579F9B4914679DFD00709C70 /* SBJsonStreamParserAdapter.m in Sources */ = {isa = PBXBuildFile; fileRef = 579F9B3614679DFD00709C70 /* SBJsonStreamParserAdapter.m */; };
		579F9B4A14679DFD00709C70 /* SBJsonStreamParserState.m in Sources */ = {isa = PBXBuildFile; fileRef = 579F9B3814679DFD00709C70 /* SBJsonStreamParserState.m */; };
		579F9B4B14679DFD00709C70 /* SBJsonStreamWriter.m in Sources */ = {isa = PBXBuildFile; fileRef = 579F9B3A14679DFD00709C70 /* SBJsonStreamWriter.m */; };
		579F9B4C14679DFD00709C70 /* SBJsonStreamWriterAccumulator.m in Sources */ = {isa = PBXBuildFile; fileRef = 579F9B3C14679DFD00709C70 /* SBJsonStreamWriterAccumulator.m */; };
		579F9B4D14679DFD00709C70 /* SBJsonStreamWriterState.m in Sources */ = {isa = PBXBuildFile; fileRef = 579F9B3E14679DFD00709C70 /* SBJsonStreamWriterState.m */; };
		579F9B4E14679DFD00709C70 /* SBJsonTokeniser.m in Sources */ = {isa = PBXBuildFile; fileRef = 579F9B4014679DFD00709C70 /* SBJsonTokeniser.m */; };
		579F9B4F14679DFD00709C70 /* SBJsonUTF8Stream.m in Sources */ = {isa = PBXBuildFile; fileRef = 579F9B4214679DFD00709C70 /* SBJsonUTF8Stream.m */; };
		579F9B5014679DFD00709C70 /* SBJsonWriter.m in Sources */ = {isa = PBXBuildFile; fileRef = 579F9B4414679DFD00709C70 /* SBJsonWriter.m */; };
		57DD1C28146D62670010B621 /* LoginInputViewController.m in Sources */ = {isa = PBXBuildFile; fileRef = 57DD1C27146D62670010B621 /* LoginInputViewController.m */; };
		57DD1C2C146D63EE0010B621 /* ManualLoginInputViewController.m in Sources */ = {isa = PBXBuildFile; fileRef = 57DD1C2A146D63EE0010B621 /* ManualLoginInputViewController.m */; };
		57DD1C2D146D63EE0010B621 /* ManualLoginInputViewController.xib in Resources */ = {isa = PBXBuildFile; fileRef = 57DD1C2B146D63EE0010B621 /* ManualLoginInputViewController.xib */; };
		57DD1C31146D641F0010B621 /* QRCodeLoginInputViewController.m in Sources */ = {isa = PBXBuildFile; fileRef = 57DD1C2F146D641F0010B621 /* QRCodeLoginInputViewController.m */; };
		57DD1C32146D641F0010B621 /* QRCodeLoginInputViewController.xib in Resources */ = {isa = PBXBuildFile; fileRef = 57DD1C30146D641F0010B621 /* QRCodeLoginInputViewController.xib */; };
		57DD1C36146D64670010B621 /* SelectLoginInputViewController.m in Sources */ = {isa = PBXBuildFile; fileRef = 57DD1C34146D64670010B621 /* SelectLoginInputViewController.m */; };
		57DD1C37146D64670010B621 /* SelectLoginInputViewController.xib in Resources */ = {isa = PBXBuildFile; fileRef = 57DD1C35146D64670010B621 /* SelectLoginInputViewController.xib */; };
/* End PBXBuildFile section */

/* Begin PBXContainerItemProxy section */
		579F9AD614678A4E00709C70 /* PBXContainerItemProxy */ = {
			isa = PBXContainerItemProxy;
			containerPortal = 579F9A9B14678A4D00709C70 /* Project object */;
			proxyType = 1;
			remoteGlobalIDString = 579F9AA314678A4E00709C70;
			remoteInfo = SparkleShare;
		};
/* End PBXContainerItemProxy section */

/* Begin PBXFileReference section */
		579F9AA414678A4E00709C70 /* SparkleShare.app */ = {isa = PBXFileReference; explicitFileType = wrapper.application; includeInIndex = 0; path = SparkleShare.app; sourceTree = BUILT_PRODUCTS_DIR; };
		579F9AA814678A4E00709C70 /* UIKit.framework */ = {isa = PBXFileReference; lastKnownFileType = wrapper.framework; name = UIKit.framework; path = System/Library/Frameworks/UIKit.framework; sourceTree = SDKROOT; };
		579F9AAA14678A4E00709C70 /* Foundation.framework */ = {isa = PBXFileReference; lastKnownFileType = wrapper.framework; name = Foundation.framework; path = System/Library/Frameworks/Foundation.framework; sourceTree = SDKROOT; };
		579F9AAC14678A4E00709C70 /* CoreGraphics.framework */ = {isa = PBXFileReference; lastKnownFileType = wrapper.framework; name = CoreGraphics.framework; path = System/Library/Frameworks/CoreGraphics.framework; sourceTree = SDKROOT; };
		579F9AB014678A4E00709C70 /* SparkleShare-Info.plist */ = {isa = PBXFileReference; lastKnownFileType = text.plist.xml; path = "SparkleShare-Info.plist"; sourceTree = "<group>"; };
		579F9AB214678A4E00709C70 /* en */ = {isa = PBXFileReference; lastKnownFileType = text.plist.strings; name = en; path = en.lproj/InfoPlist.strings; sourceTree = "<group>"; };
		579F9AB414678A4E00709C70 /* main.m */ = {isa = PBXFileReference; lastKnownFileType = sourcecode.c.objc; path = main.m; sourceTree = "<group>"; };
		579F9AB614678A4E00709C70 /* SparkleShare-Prefix.pch */ = {isa = PBXFileReference; lastKnownFileType = sourcecode.c.h; path = "SparkleShare-Prefix.pch"; sourceTree = "<group>"; };
		579F9AB714678A4E00709C70 /* SparkleShareAppDelegate.h */ = {isa = PBXFileReference; lastKnownFileType = sourcecode.c.h; path = SparkleShareAppDelegate.h; sourceTree = "<group>"; };
		579F9AB814678A4E00709C70 /* SparkleShareAppDelegate.m */ = {isa = PBXFileReference; lastKnownFileType = sourcecode.c.objc; path = SparkleShareAppDelegate.m; sourceTree = "<group>"; };
		579F9ABA14678A4E00709C70 /* SparkleShareMasterViewController.h */ = {isa = PBXFileReference; lastKnownFileType = sourcecode.c.h; path = SparkleShareMasterViewController.h; sourceTree = "<group>"; };
		579F9ABB14678A4E00709C70 /* SparkleShareMasterViewController.m */ = {isa = PBXFileReference; lastKnownFileType = sourcecode.c.objc; path = SparkleShareMasterViewController.m; sourceTree = "<group>"; };
		579F9ABD14678A4E00709C70 /* SparkleShareDetailViewController.h */ = {isa = PBXFileReference; lastKnownFileType = sourcecode.c.h; path = SparkleShareDetailViewController.h; sourceTree = "<group>"; };
		579F9ABE14678A4E00709C70 /* SparkleShareDetailViewController.m */ = {isa = PBXFileReference; lastKnownFileType = sourcecode.c.objc; path = SparkleShareDetailViewController.m; sourceTree = "<group>"; };
		579F9AC114678A4E00709C70 /* en */ = {isa = PBXFileReference; lastKnownFileType = file.xib; name = en; path = en.lproj/SparkleShareMasterViewController_iPhone.xib; sourceTree = "<group>"; };
		579F9AC414678A4E00709C70 /* en */ = {isa = PBXFileReference; lastKnownFileType = file.xib; name = en; path = en.lproj/SparkleShareMasterViewController_iPad.xib; sourceTree = "<group>"; };
		579F9AC714678A4E00709C70 /* en */ = {isa = PBXFileReference; lastKnownFileType = file.xib; name = en; path = en.lproj/SparkleShareDetailViewController_iPhone.xib; sourceTree = "<group>"; };
		579F9ACA14678A4E00709C70 /* en */ = {isa = PBXFileReference; lastKnownFileType = file.xib; name = en; path = en.lproj/SparkleShareDetailViewController_iPad.xib; sourceTree = "<group>"; };
		579F9AD114678A4E00709C70 /* SparkleShareTests.octest */ = {isa = PBXFileReference; explicitFileType = wrapper.cfbundle; includeInIndex = 0; path = SparkleShareTests.octest; sourceTree = BUILT_PRODUCTS_DIR; };
		579F9AD214678A4E00709C70 /* SenTestingKit.framework */ = {isa = PBXFileReference; lastKnownFileType = wrapper.framework; name = SenTestingKit.framework; path = Library/Frameworks/SenTestingKit.framework; sourceTree = DEVELOPER_DIR; };
		579F9ADA14678A4E00709C70 /* SparkleShareTests-Info.plist */ = {isa = PBXFileReference; lastKnownFileType = text.plist.xml; path = "SparkleShareTests-Info.plist"; sourceTree = "<group>"; };
		579F9ADC14678A4E00709C70 /* en */ = {isa = PBXFileReference; lastKnownFileType = text.plist.strings; name = en; path = en.lproj/InfoPlist.strings; sourceTree = "<group>"; };
		579F9ADE14678A4E00709C70 /* SparkleShareTests.h */ = {isa = PBXFileReference; lastKnownFileType = sourcecode.c.h; path = SparkleShareTests.h; sourceTree = "<group>"; };
		579F9ADF14678A4E00709C70 /* SparkleShareTests.m */ = {isa = PBXFileReference; lastKnownFileType = sourcecode.c.objc; path = SparkleShareTests.m; sourceTree = "<group>"; };
		579F9AED14678BC900709C70 /* SSFolder.h */ = {isa = PBXFileReference; fileEncoding = 4; lastKnownFileType = sourcecode.c.h; path = SSFolder.h; sourceTree = "<group>"; };
		579F9AEE14678BC900709C70 /* SSFolder.m */ = {isa = PBXFileReference; fileEncoding = 4; lastKnownFileType = sourcecode.c.objc; path = SSFolder.m; sourceTree = "<group>"; };
		579F9AF014678BD900709C70 /* SSConnection.h */ = {isa = PBXFileReference; fileEncoding = 4; lastKnownFileType = sourcecode.c.h; path = SSConnection.h; sourceTree = "<group>"; };
		579F9AF114678BD900709C70 /* SSConnection.m */ = {isa = PBXFileReference; fileEncoding = 4; lastKnownFileType = sourcecode.c.objc; path = SSConnection.m; sourceTree = "<group>"; };
		579F9AF314678BEA00709C70 /* SSFolderItem.h */ = {isa = PBXFileReference; fileEncoding = 4; lastKnownFileType = sourcecode.c.h; path = SSFolderItem.h; sourceTree = "<group>"; };
		579F9AF414678BEA00709C70 /* SSFolderItem.m */ = {isa = PBXFileReference; fileEncoding = 4; lastKnownFileType = sourcecode.c.objc; path = SSFolderItem.m; sourceTree = "<group>"; };
		579F9AF614678C0C00709C70 /* SSDirectory.h */ = {isa = PBXFileReference; fileEncoding = 4; lastKnownFileType = sourcecode.c.h; path = SSDirectory.h; sourceTree = "<group>"; };
		579F9AF714678C0C00709C70 /* SSDirectory.m */ = {isa = PBXFileReference; fileEncoding = 4; lastKnownFileType = sourcecode.c.objc; path = SSDirectory.m; sourceTree = "<group>"; };
		579F9AF914678C1B00709C70 /* SSFile.h */ = {isa = PBXFileReference; fileEncoding = 4; lastKnownFileType = sourcecode.c.h; path = SSFile.h; sourceTree = "<group>"; };
		579F9AFA14678C1B00709C70 /* SSFile.m */ = {isa = PBXFileReference; fileEncoding = 4; lastKnownFileType = sourcecode.c.objc; path = SSFile.m; sourceTree = "<group>"; };
		579F9B0414679CF300709C70 /* ASIAuthenticationDialog.h */ = {isa = PBXFileReference; fileEncoding = 4; lastKnownFileType = sourcecode.c.h; path = ASIAuthenticationDialog.h; sourceTree = "<group>"; };
		579F9B0514679CF300709C70 /* ASIAuthenticationDialog.m */ = {isa = PBXFileReference; fileEncoding = 4; lastKnownFileType = sourcecode.c.objc; path = ASIAuthenticationDialog.m; sourceTree = "<group>"; };
		579F9B0614679CF300709C70 /* ASICacheDelegate.h */ = {isa = PBXFileReference; fileEncoding = 4; lastKnownFileType = sourcecode.c.h; path = ASICacheDelegate.h; sourceTree = "<group>"; };
		579F9B0714679CF300709C70 /* ASIDataCompressor.h */ = {isa = PBXFileReference; fileEncoding = 4; lastKnownFileType = sourcecode.c.h; path = ASIDataCompressor.h; sourceTree = "<group>"; };
		579F9B0814679CF300709C70 /* ASIDataCompressor.m */ = {isa = PBXFileReference; fileEncoding = 4; lastKnownFileType = sourcecode.c.objc; path = ASIDataCompressor.m; sourceTree = "<group>"; };
		579F9B0914679CF300709C70 /* ASIDataDecompressor.h */ = {isa = PBXFileReference; fileEncoding = 4; lastKnownFileType = sourcecode.c.h; path = ASIDataDecompressor.h; sourceTree = "<group>"; };
		579F9B0A14679CF300709C70 /* ASIDataDecompressor.m */ = {isa = PBXFileReference; fileEncoding = 4; lastKnownFileType = sourcecode.c.objc; path = ASIDataDecompressor.m; sourceTree = "<group>"; };
		579F9B0B14679CF300709C70 /* ASIDownloadCache.h */ = {isa = PBXFileReference; fileEncoding = 4; lastKnownFileType = sourcecode.c.h; path = ASIDownloadCache.h; sourceTree = "<group>"; };
		579F9B0C14679CF300709C70 /* ASIDownloadCache.m */ = {isa = PBXFileReference; fileEncoding = 4; lastKnownFileType = sourcecode.c.objc; path = ASIDownloadCache.m; sourceTree = "<group>"; };
		579F9B0D14679CF300709C70 /* ASIFormDataRequest.h */ = {isa = PBXFileReference; fileEncoding = 4; lastKnownFileType = sourcecode.c.h; path = ASIFormDataRequest.h; sourceTree = "<group>"; };
		579F9B0E14679CF300709C70 /* ASIFormDataRequest.m */ = {isa = PBXFileReference; fileEncoding = 4; lastKnownFileType = sourcecode.c.objc; path = ASIFormDataRequest.m; sourceTree = "<group>"; };
		579F9B0F14679CF300709C70 /* ASIHTTPRequest.h */ = {isa = PBXFileReference; fileEncoding = 4; lastKnownFileType = sourcecode.c.h; path = ASIHTTPRequest.h; sourceTree = "<group>"; };
		579F9B1014679CF300709C70 /* ASIHTTPRequest.m */ = {isa = PBXFileReference; fileEncoding = 4; lastKnownFileType = sourcecode.c.objc; path = ASIHTTPRequest.m; sourceTree = "<group>"; };
		579F9B1114679CF300709C70 /* ASIHTTPRequestConfig.h */ = {isa = PBXFileReference; fileEncoding = 4; lastKnownFileType = sourcecode.c.h; path = ASIHTTPRequestConfig.h; sourceTree = "<group>"; };
		579F9B1214679CF300709C70 /* ASIHTTPRequestDelegate.h */ = {isa = PBXFileReference; fileEncoding = 4; lastKnownFileType = sourcecode.c.h; path = ASIHTTPRequestDelegate.h; sourceTree = "<group>"; };
		579F9B1314679CF300709C70 /* ASIInputStream.h */ = {isa = PBXFileReference; fileEncoding = 4; lastKnownFileType = sourcecode.c.h; path = ASIInputStream.h; sourceTree = "<group>"; };
		579F9B1414679CF300709C70 /* ASIInputStream.m */ = {isa = PBXFileReference; fileEncoding = 4; lastKnownFileType = sourcecode.c.objc; path = ASIInputStream.m; sourceTree = "<group>"; };
		579F9B1514679CF300709C70 /* ASINetworkQueue.h */ = {isa = PBXFileReference; fileEncoding = 4; lastKnownFileType = sourcecode.c.h; path = ASINetworkQueue.h; sourceTree = "<group>"; };
		579F9B1614679CF300709C70 /* ASINetworkQueue.m */ = {isa = PBXFileReference; fileEncoding = 4; lastKnownFileType = sourcecode.c.objc; path = ASINetworkQueue.m; sourceTree = "<group>"; };
		579F9B1714679CF300709C70 /* ASIProgressDelegate.h */ = {isa = PBXFileReference; fileEncoding = 4; lastKnownFileType = sourcecode.c.h; path = ASIProgressDelegate.h; sourceTree = "<group>"; };
		579F9B1814679CF300709C70 /* Reachability.h */ = {isa = PBXFileReference; fileEncoding = 4; lastKnownFileType = sourcecode.c.h; path = Reachability.h; sourceTree = "<group>"; };
		579F9B1914679CF300709C70 /* Reachability.m */ = {isa = PBXFileReference; fileEncoding = 4; lastKnownFileType = sourcecode.c.objc; path = Reachability.m; sourceTree = "<group>"; };
		579F9B2314679D5A00709C70 /* CFNetwork.framework */ = {isa = PBXFileReference; lastKnownFileType = wrapper.framework; name = CFNetwork.framework; path = System/Library/Frameworks/CFNetwork.framework; sourceTree = SDKROOT; };
		579F9B2514679D6C00709C70 /* libz.dylib */ = {isa = PBXFileReference; lastKnownFileType = "compiled.mach-o.dylib"; name = libz.dylib; path = usr/lib/libz.dylib; sourceTree = SDKROOT; };
		579F9B2714679D7900709C70 /* MobileCoreServices.framework */ = {isa = PBXFileReference; lastKnownFileType = wrapper.framework; name = MobileCoreServices.framework; path = System/Library/Frameworks/MobileCoreServices.framework; sourceTree = SDKROOT; };
		579F9B2914679D8300709C70 /* SystemConfiguration.framework */ = {isa = PBXFileReference; lastKnownFileType = wrapper.framework; name = SystemConfiguration.framework; path = System/Library/Frameworks/SystemConfiguration.framework; sourceTree = SDKROOT; };
		579F9B2C14679DFD00709C70 /* NSObject+SBJson.h */ = {isa = PBXFileReference; fileEncoding = 4; lastKnownFileType = sourcecode.c.h; path = "NSObject+SBJson.h"; sourceTree = "<group>"; };
		579F9B2D14679DFD00709C70 /* NSObject+SBJson.m */ = {isa = PBXFileReference; fileEncoding = 4; lastKnownFileType = sourcecode.c.objc; path = "NSObject+SBJson.m"; sourceTree = "<group>"; };
		579F9B2E14679DFD00709C70 /* SBJson.h */ = {isa = PBXFileReference; fileEncoding = 4; lastKnownFileType = sourcecode.c.h; path = SBJson.h; sourceTree = "<group>"; };
		579F9B2F14679DFD00709C70 /* SBJsonParser.h */ = {isa = PBXFileReference; fileEncoding = 4; lastKnownFileType = sourcecode.c.h; path = SBJsonParser.h; sourceTree = "<group>"; };
		579F9B3014679DFD00709C70 /* SBJsonParser.m */ = {isa = PBXFileReference; fileEncoding = 4; lastKnownFileType = sourcecode.c.objc; path = SBJsonParser.m; sourceTree = "<group>"; };
		579F9B3114679DFD00709C70 /* SBJsonStreamParser.h */ = {isa = PBXFileReference; fileEncoding = 4; lastKnownFileType = sourcecode.c.h; path = SBJsonStreamParser.h; sourceTree = "<group>"; };
		579F9B3214679DFD00709C70 /* SBJsonStreamParser.m */ = {isa = PBXFileReference; fileEncoding = 4; lastKnownFileType = sourcecode.c.objc; path = SBJsonStreamParser.m; sourceTree = "<group>"; };
		579F9B3314679DFD00709C70 /* SBJsonStreamParserAccumulator.h */ = {isa = PBXFileReference; fileEncoding = 4; lastKnownFileType = sourcecode.c.h; path = SBJsonStreamParserAccumulator.h; sourceTree = "<group>"; };
		579F9B3414679DFD00709C70 /* SBJsonStreamParserAccumulator.m */ = {isa = PBXFileReference; fileEncoding = 4; lastKnownFileType = sourcecode.c.objc; path = SBJsonStreamParserAccumulator.m; sourceTree = "<group>"; };
		579F9B3514679DFD00709C70 /* SBJsonStreamParserAdapter.h */ = {isa = PBXFileReference; fileEncoding = 4; lastKnownFileType = sourcecode.c.h; path = SBJsonStreamParserAdapter.h; sourceTree = "<group>"; };
		579F9B3614679DFD00709C70 /* SBJsonStreamParserAdapter.m */ = {isa = PBXFileReference; fileEncoding = 4; lastKnownFileType = sourcecode.c.objc; path = SBJsonStreamParserAdapter.m; sourceTree = "<group>"; };
		579F9B3714679DFD00709C70 /* SBJsonStreamParserState.h */ = {isa = PBXFileReference; fileEncoding = 4; lastKnownFileType = sourcecode.c.h; path = SBJsonStreamParserState.h; sourceTree = "<group>"; };
		579F9B3814679DFD00709C70 /* SBJsonStreamParserState.m */ = {isa = PBXFileReference; fileEncoding = 4; lastKnownFileType = sourcecode.c.objc; path = SBJsonStreamParserState.m; sourceTree = "<group>"; };
		579F9B3914679DFD00709C70 /* SBJsonStreamWriter.h */ = {isa = PBXFileReference; fileEncoding = 4; lastKnownFileType = sourcecode.c.h; path = SBJsonStreamWriter.h; sourceTree = "<group>"; };
		579F9B3A14679DFD00709C70 /* SBJsonStreamWriter.m */ = {isa = PBXFileReference; fileEncoding = 4; lastKnownFileType = sourcecode.c.objc; path = SBJsonStreamWriter.m; sourceTree = "<group>"; };
		579F9B3B14679DFD00709C70 /* SBJsonStreamWriterAccumulator.h */ = {isa = PBXFileReference; fileEncoding = 4; lastKnownFileType = sourcecode.c.h; path = SBJsonStreamWriterAccumulator.h; sourceTree = "<group>"; };
		579F9B3C14679DFD00709C70 /* SBJsonStreamWriterAccumulator.m */ = {isa = PBXFileReference; fileEncoding = 4; lastKnownFileType = sourcecode.c.objc; path = SBJsonStreamWriterAccumulator.m; sourceTree = "<group>"; };
		579F9B3D14679DFD00709C70 /* SBJsonStreamWriterState.h */ = {isa = PBXFileReference; fileEncoding = 4; lastKnownFileType = sourcecode.c.h; path = SBJsonStreamWriterState.h; sourceTree = "<group>"; };
		579F9B3E14679DFD00709C70 /* SBJsonStreamWriterState.m */ = {isa = PBXFileReference; fileEncoding = 4; lastKnownFileType = sourcecode.c.objc; path = SBJsonStreamWriterState.m; sourceTree = "<group>"; };
		579F9B3F14679DFD00709C70 /* SBJsonTokeniser.h */ = {isa = PBXFileReference; fileEncoding = 4; lastKnownFileType = sourcecode.c.h; path = SBJsonTokeniser.h; sourceTree = "<group>"; };
		579F9B4014679DFD00709C70 /* SBJsonTokeniser.m */ = {isa = PBXFileReference; fileEncoding = 4; lastKnownFileType = sourcecode.c.objc; path = SBJsonTokeniser.m; sourceTree = "<group>"; };
		579F9B4114679DFD00709C70 /* SBJsonUTF8Stream.h */ = {isa = PBXFileReference; fileEncoding = 4; lastKnownFileType = sourcecode.c.h; path = SBJsonUTF8Stream.h; sourceTree = "<group>"; };
		579F9B4214679DFD00709C70 /* SBJsonUTF8Stream.m */ = {isa = PBXFileReference; fileEncoding = 4; lastKnownFileType = sourcecode.c.objc; path = SBJsonUTF8Stream.m; sourceTree = "<group>"; };
		579F9B4314679DFD00709C70 /* SBJsonWriter.h */ = {isa = PBXFileReference; fileEncoding = 4; lastKnownFileType = sourcecode.c.h; path = SBJsonWriter.h; sourceTree = "<group>"; };
		579F9B4414679DFD00709C70 /* SBJsonWriter.m */ = {isa = PBXFileReference; fileEncoding = 4; lastKnownFileType = sourcecode.c.objc; path = SBJsonWriter.m; sourceTree = "<group>"; };
		57DD1C26146D62670010B621 /* LoginInputViewController.h */ = {isa = PBXFileReference; fileEncoding = 4; lastKnownFileType = sourcecode.c.h; path = LoginInputViewController.h; sourceTree = "<group>"; };
		57DD1C27146D62670010B621 /* LoginInputViewController.m */ = {isa = PBXFileReference; fileEncoding = 4; lastKnownFileType = sourcecode.c.objc; path = LoginInputViewController.m; sourceTree = "<group>"; };
		57DD1C29146D63EE0010B621 /* ManualLoginInputViewController.h */ = {isa = PBXFileReference; fileEncoding = 4; lastKnownFileType = sourcecode.c.h; path = ManualLoginInputViewController.h; sourceTree = "<group>"; };
		57DD1C2A146D63EE0010B621 /* ManualLoginInputViewController.m */ = {isa = PBXFileReference; fileEncoding = 4; lastKnownFileType = sourcecode.c.objc; path = ManualLoginInputViewController.m; sourceTree = "<group>"; };
		57DD1C2B146D63EE0010B621 /* ManualLoginInputViewController.xib */ = {isa = PBXFileReference; fileEncoding = 4; lastKnownFileType = file.xib; path = ManualLoginInputViewController.xib; sourceTree = "<group>"; };
		57DD1C2E146D641F0010B621 /* QRCodeLoginInputViewController.h */ = {isa = PBXFileReference; fileEncoding = 4; lastKnownFileType = sourcecode.c.h; path = QRCodeLoginInputViewController.h; sourceTree = "<group>"; };
		57DD1C2F146D641F0010B621 /* QRCodeLoginInputViewController.m */ = {isa = PBXFileReference; fileEncoding = 4; lastKnownFileType = sourcecode.c.objc; path = QRCodeLoginInputViewController.m; sourceTree = "<group>"; };
		57DD1C30146D641F0010B621 /* QRCodeLoginInputViewController.xib */ = {isa = PBXFileReference; fileEncoding = 4; lastKnownFileType = file.xib; path = QRCodeLoginInputViewController.xib; sourceTree = "<group>"; };
		57DD1C33146D64670010B621 /* SelectLoginInputViewController.h */ = {isa = PBXFileReference; fileEncoding = 4; lastKnownFileType = sourcecode.c.h; path = SelectLoginInputViewController.h; sourceTree = "<group>"; };
		57DD1C34146D64670010B621 /* SelectLoginInputViewController.m */ = {isa = PBXFileReference; fileEncoding = 4; lastKnownFileType = sourcecode.c.objc; path = SelectLoginInputViewController.m; sourceTree = "<group>"; };
		57DD1C35146D64670010B621 /* SelectLoginInputViewController.xib */ = {isa = PBXFileReference; fileEncoding = 4; lastKnownFileType = file.xib; path = SelectLoginInputViewController.xib; sourceTree = "<group>"; };
/* End PBXFileReference section */

/* Begin PBXFrameworksBuildPhase section */
		579F9AA114678A4E00709C70 /* Frameworks */ = {
			isa = PBXFrameworksBuildPhase;
			buildActionMask = 2147483647;
			files = (
				579F9B2A14679D8300709C70 /* SystemConfiguration.framework in Frameworks */,
				579F9B2814679D7900709C70 /* MobileCoreServices.framework in Frameworks */,
				579F9B2614679D6C00709C70 /* libz.dylib in Frameworks */,
				579F9B2414679D5A00709C70 /* CFNetwork.framework in Frameworks */,
				579F9AA914678A4E00709C70 /* UIKit.framework in Frameworks */,
				579F9AAB14678A4E00709C70 /* Foundation.framework in Frameworks */,
				579F9AAD14678A4E00709C70 /* CoreGraphics.framework in Frameworks */,
			);
			runOnlyForDeploymentPostprocessing = 0;
		};
		579F9ACD14678A4E00709C70 /* Frameworks */ = {
			isa = PBXFrameworksBuildPhase;
			buildActionMask = 2147483647;
			files = (
				579F9AD314678A4E00709C70 /* SenTestingKit.framework in Frameworks */,
				579F9AD414678A4E00709C70 /* UIKit.framework in Frameworks */,
				579F9AD514678A4E00709C70 /* Foundation.framework in Frameworks */,
			);
			runOnlyForDeploymentPostprocessing = 0;
		};
/* End PBXFrameworksBuildPhase section */

/* Begin PBXGroup section */
		579F9A9914678A4D00709C70 = {
			isa = PBXGroup;
			children = (
				579F9B2914679D8300709C70 /* SystemConfiguration.framework */,
				579F9B2714679D7900709C70 /* MobileCoreServices.framework */,
				579F9B2514679D6C00709C70 /* libz.dylib */,
				579F9B2314679D5A00709C70 /* CFNetwork.framework */,
				579F9B0214679CF300709C70 /* libs */,
				579F9AAE14678A4E00709C70 /* SparkleShare */,
				579F9AD814678A4E00709C70 /* SparkleShareTests */,
				579F9AA714678A4E00709C70 /* Frameworks */,
				579F9AA514678A4E00709C70 /* Products */,
			);
			sourceTree = "<group>";
		};
		579F9AA514678A4E00709C70 /* Products */ = {
			isa = PBXGroup;
			children = (
				579F9AA414678A4E00709C70 /* SparkleShare.app */,
				579F9AD114678A4E00709C70 /* SparkleShareTests.octest */,
			);
			name = Products;
			sourceTree = "<group>";
		};
		579F9AA714678A4E00709C70 /* Frameworks */ = {
			isa = PBXGroup;
			children = (
				579F9AA814678A4E00709C70 /* UIKit.framework */,
				579F9AAA14678A4E00709C70 /* Foundation.framework */,
				579F9AAC14678A4E00709C70 /* CoreGraphics.framework */,
				579F9AD214678A4E00709C70 /* SenTestingKit.framework */,
			);
			name = Frameworks;
			sourceTree = "<group>";
		};
		579F9AAE14678A4E00709C70 /* SparkleShare */ = {
			isa = PBXGroup;
			children = (
				57DD1C24146D620B0010B621 /* LoginInput */,
				579F9AE914678A5B00709C70 /* Model */,
				579F9AB714678A4E00709C70 /* SparkleShareAppDelegate.h */,
				579F9AB814678A4E00709C70 /* SparkleShareAppDelegate.m */,
				579F9ABA14678A4E00709C70 /* SparkleShareMasterViewController.h */,
				579F9ABB14678A4E00709C70 /* SparkleShareMasterViewController.m */,
				579F9ABD14678A4E00709C70 /* SparkleShareDetailViewController.h */,
				579F9ABE14678A4E00709C70 /* SparkleShareDetailViewController.m */,
				579F9AC014678A4E00709C70 /* SparkleShareMasterViewController_iPhone.xib */,
				579F9AC314678A4E00709C70 /* SparkleShareMasterViewController_iPad.xib */,
				579F9AC614678A4E00709C70 /* SparkleShareDetailViewController_iPhone.xib */,
				579F9AC914678A4E00709C70 /* SparkleShareDetailViewController_iPad.xib */,
				579F9AAF14678A4E00709C70 /* Supporting Files */,
			);
			path = SparkleShare;
			sourceTree = "<group>";
		};
		579F9AAF14678A4E00709C70 /* Supporting Files */ = {
			isa = PBXGroup;
			children = (
				579F9AB014678A4E00709C70 /* SparkleShare-Info.plist */,
				579F9AB114678A4E00709C70 /* InfoPlist.strings */,
				579F9AB414678A4E00709C70 /* main.m */,
				579F9AB614678A4E00709C70 /* SparkleShare-Prefix.pch */,
			);
			name = "Supporting Files";
			sourceTree = "<group>";
		};
		579F9AD814678A4E00709C70 /* SparkleShareTests */ = {
			isa = PBXGroup;
			children = (
				579F9ADE14678A4E00709C70 /* SparkleShareTests.h */,
				579F9ADF14678A4E00709C70 /* SparkleShareTests.m */,
				579F9AD914678A4E00709C70 /* Supporting Files */,
			);
			path = SparkleShareTests;
			sourceTree = "<group>";
		};
		579F9AD914678A4E00709C70 /* Supporting Files */ = {
			isa = PBXGroup;
			children = (
				579F9ADA14678A4E00709C70 /* SparkleShareTests-Info.plist */,
				579F9ADB14678A4E00709C70 /* InfoPlist.strings */,
			);
			name = "Supporting Files";
			sourceTree = "<group>";
		};
		579F9AE914678A5B00709C70 /* Model */ = {
			isa = PBXGroup;
			children = (
				579F9AED14678BC900709C70 /* SSFolder.h */,
				579F9AEE14678BC900709C70 /* SSFolder.m */,
				579F9AF014678BD900709C70 /* SSConnection.h */,
				579F9AF114678BD900709C70 /* SSConnection.m */,
				579F9AF314678BEA00709C70 /* SSFolderItem.h */,
				579F9AF414678BEA00709C70 /* SSFolderItem.m */,
				579F9AF614678C0C00709C70 /* SSDirectory.h */,
				579F9AF714678C0C00709C70 /* SSDirectory.m */,
				579F9AF914678C1B00709C70 /* SSFile.h */,
				579F9AFA14678C1B00709C70 /* SSFile.m */,
			);
			name = Model;
			sourceTree = "<group>";
		};
		579F9B0214679CF300709C70 /* libs */ = {
			isa = PBXGroup;
			children = (
				579F9B2B14679DFD00709C70 /* SBJson */,
				579F9B0314679CF300709C70 /* ASIHTTPRequest */,
			);
			path = libs;
			sourceTree = "<group>";
		};
		579F9B0314679CF300709C70 /* ASIHTTPRequest */ = {
			isa = PBXGroup;
			children = (
				579F9B0414679CF300709C70 /* ASIAuthenticationDialog.h */,
				579F9B0514679CF300709C70 /* ASIAuthenticationDialog.m */,
				579F9B0614679CF300709C70 /* ASICacheDelegate.h */,
				579F9B0714679CF300709C70 /* ASIDataCompressor.h */,
				579F9B0814679CF300709C70 /* ASIDataCompressor.m */,
				579F9B0914679CF300709C70 /* ASIDataDecompressor.h */,
				579F9B0A14679CF300709C70 /* ASIDataDecompressor.m */,
				579F9B0B14679CF300709C70 /* ASIDownloadCache.h */,
				579F9B0C14679CF300709C70 /* ASIDownloadCache.m */,
				579F9B0D14679CF300709C70 /* ASIFormDataRequest.h */,
				579F9B0E14679CF300709C70 /* ASIFormDataRequest.m */,
				579F9B0F14679CF300709C70 /* ASIHTTPRequest.h */,
				579F9B1014679CF300709C70 /* ASIHTTPRequest.m */,
				579F9B1114679CF300709C70 /* ASIHTTPRequestConfig.h */,
				579F9B1214679CF300709C70 /* ASIHTTPRequestDelegate.h */,
				579F9B1314679CF300709C70 /* ASIInputStream.h */,
				579F9B1414679CF300709C70 /* ASIInputStream.m */,
				579F9B1514679CF300709C70 /* ASINetworkQueue.h */,
				579F9B1614679CF300709C70 /* ASINetworkQueue.m */,
				579F9B1714679CF300709C70 /* ASIProgressDelegate.h */,
				579F9B1814679CF300709C70 /* Reachability.h */,
				579F9B1914679CF300709C70 /* Reachability.m */,
			);
			path = ASIHTTPRequest;
			sourceTree = "<group>";
		};
		579F9B2B14679DFD00709C70 /* SBJson */ = {
			isa = PBXGroup;
			children = (
				579F9B2C14679DFD00709C70 /* NSObject+SBJson.h */,
				579F9B2D14679DFD00709C70 /* NSObject+SBJson.m */,
				579F9B2E14679DFD00709C70 /* SBJson.h */,
				579F9B2F14679DFD00709C70 /* SBJsonParser.h */,
				579F9B3014679DFD00709C70 /* SBJsonParser.m */,
				579F9B3114679DFD00709C70 /* SBJsonStreamParser.h */,
				579F9B3214679DFD00709C70 /* SBJsonStreamParser.m */,
				579F9B3314679DFD00709C70 /* SBJsonStreamParserAccumulator.h */,
				579F9B3414679DFD00709C70 /* SBJsonStreamParserAccumulator.m */,
				579F9B3514679DFD00709C70 /* SBJsonStreamParserAdapter.h */,
				579F9B3614679DFD00709C70 /* SBJsonStreamParserAdapter.m */,
				579F9B3714679DFD00709C70 /* SBJsonStreamParserState.h */,
				579F9B3814679DFD00709C70 /* SBJsonStreamParserState.m */,
				579F9B3914679DFD00709C70 /* SBJsonStreamWriter.h */,
				579F9B3A14679DFD00709C70 /* SBJsonStreamWriter.m */,
				579F9B3B14679DFD00709C70 /* SBJsonStreamWriterAccumulator.h */,
				579F9B3C14679DFD00709C70 /* SBJsonStreamWriterAccumulator.m */,
				579F9B3D14679DFD00709C70 /* SBJsonStreamWriterState.h */,
				579F9B3E14679DFD00709C70 /* SBJsonStreamWriterState.m */,
				579F9B3F14679DFD00709C70 /* SBJsonTokeniser.h */,
				579F9B4014679DFD00709C70 /* SBJsonTokeniser.m */,
				579F9B4114679DFD00709C70 /* SBJsonUTF8Stream.h */,
				579F9B4214679DFD00709C70 /* SBJsonUTF8Stream.m */,
				579F9B4314679DFD00709C70 /* SBJsonWriter.h */,
				579F9B4414679DFD00709C70 /* SBJsonWriter.m */,
			);
			path = SBJson;
			sourceTree = "<group>";
		};
		57DD1C24146D620B0010B621 /* LoginInput */ = {
			isa = PBXGroup;
			children = (
				57DD1C26146D62670010B621 /* LoginInputViewController.h */,
				57DD1C27146D62670010B621 /* LoginInputViewController.m */,
				57DD1C29146D63EE0010B621 /* ManualLoginInputViewController.h */,
				57DD1C2A146D63EE0010B621 /* ManualLoginInputViewController.m */,
				57DD1C2B146D63EE0010B621 /* ManualLoginInputViewController.xib */,
				57DD1C2E146D641F0010B621 /* QRCodeLoginInputViewController.h */,
				57DD1C2F146D641F0010B621 /* QRCodeLoginInputViewController.m */,
				57DD1C30146D641F0010B621 /* QRCodeLoginInputViewController.xib */,
				57DD1C33146D64670010B621 /* SelectLoginInputViewController.h */,
				57DD1C34146D64670010B621 /* SelectLoginInputViewController.m */,
				57DD1C35146D64670010B621 /* SelectLoginInputViewController.xib */,
			);
			name = LoginInput;
			sourceTree = "<group>";
		};
/* End PBXGroup section */

/* Begin PBXNativeTarget section */
		579F9AA314678A4E00709C70 /* SparkleShare */ = {
			isa = PBXNativeTarget;
			buildConfigurationList = 579F9AE314678A4E00709C70 /* Build configuration list for PBXNativeTarget "SparkleShare" */;
			buildPhases = (
				579F9AA014678A4E00709C70 /* Sources */,
				579F9AA114678A4E00709C70 /* Frameworks */,
				579F9AA214678A4E00709C70 /* Resources */,
			);
			buildRules = (
			);
			dependencies = (
			);
			name = SparkleShare;
			productName = SparkleShare;
			productReference = 579F9AA414678A4E00709C70 /* SparkleShare.app */;
			productType = "com.apple.product-type.application";
		};
		579F9AD014678A4E00709C70 /* SparkleShareTests */ = {
			isa = PBXNativeTarget;
			buildConfigurationList = 579F9AE614678A4F00709C70 /* Build configuration list for PBXNativeTarget "SparkleShareTests" */;
			buildPhases = (
				579F9ACC14678A4E00709C70 /* Sources */,
				579F9ACD14678A4E00709C70 /* Frameworks */,
				579F9ACE14678A4E00709C70 /* Resources */,
				579F9ACF14678A4E00709C70 /* ShellScript */,
			);
			buildRules = (
			);
			dependencies = (
				579F9AD714678A4E00709C70 /* PBXTargetDependency */,
			);
			name = SparkleShareTests;
			productName = SparkleShareTests;
			productReference = 579F9AD114678A4E00709C70 /* SparkleShareTests.octest */;
			productType = "com.apple.product-type.bundle";
		};
/* End PBXNativeTarget section */

/* Begin PBXProject section */
		579F9A9B14678A4D00709C70 /* Project object */ = {
			isa = PBXProject;
			attributes = {
				LastUpgradeCheck = 0420;
			};
			buildConfigurationList = 579F9A9E14678A4D00709C70 /* Build configuration list for PBXProject "SparkleShare" */;
			compatibilityVersion = "Xcode 3.2";
			developmentRegion = English;
			hasScannedForEncodings = 0;
			knownRegions = (
				en,
			);
			mainGroup = 579F9A9914678A4D00709C70;
			productRefGroup = 579F9AA514678A4E00709C70 /* Products */;
			projectDirPath = "";
			projectRoot = "";
			targets = (
				579F9AA314678A4E00709C70 /* SparkleShare */,
				579F9AD014678A4E00709C70 /* SparkleShareTests */,
			);
		};
/* End PBXProject section */

/* Begin PBXResourcesBuildPhase section */
		579F9AA214678A4E00709C70 /* Resources */ = {
			isa = PBXResourcesBuildPhase;
			buildActionMask = 2147483647;
			files = (
				579F9AB314678A4E00709C70 /* InfoPlist.strings in Resources */,
				579F9AC214678A4E00709C70 /* SparkleShareMasterViewController_iPhone.xib in Resources */,
				579F9AC514678A4E00709C70 /* SparkleShareMasterViewController_iPad.xib in Resources */,
				579F9AC814678A4E00709C70 /* SparkleShareDetailViewController_iPhone.xib in Resources */,
				579F9ACB14678A4E00709C70 /* SparkleShareDetailViewController_iPad.xib in Resources */,
				57DD1C2D146D63EE0010B621 /* ManualLoginInputViewController.xib in Resources */,
				57DD1C32146D641F0010B621 /* QRCodeLoginInputViewController.xib in Resources */,
				57DD1C37146D64670010B621 /* SelectLoginInputViewController.xib in Resources */,
			);
			runOnlyForDeploymentPostprocessing = 0;
		};
		579F9ACE14678A4E00709C70 /* Resources */ = {
			isa = PBXResourcesBuildPhase;
			buildActionMask = 2147483647;
			files = (
				579F9ADD14678A4E00709C70 /* InfoPlist.strings in Resources */,
			);
			runOnlyForDeploymentPostprocessing = 0;
		};
/* End PBXResourcesBuildPhase section */

/* Begin PBXShellScriptBuildPhase section */
		579F9ACF14678A4E00709C70 /* ShellScript */ = {
			isa = PBXShellScriptBuildPhase;
			buildActionMask = 2147483647;
			files = (
			);
			inputPaths = (
			);
			outputPaths = (
			);
			runOnlyForDeploymentPostprocessing = 0;
			shellPath = /bin/sh;
			shellScript = "# Run the unit tests in this test bundle.\n\"${SYSTEM_DEVELOPER_DIR}/Tools/RunUnitTests\"\n";
		};
/* End PBXShellScriptBuildPhase section */

/* Begin PBXSourcesBuildPhase section */
		579F9AA014678A4E00709C70 /* Sources */ = {
			isa = PBXSourcesBuildPhase;
			buildActionMask = 2147483647;
			files = (
				579F9AB514678A4E00709C70 /* main.m in Sources */,
				579F9AB914678A4E00709C70 /* SparkleShareAppDelegate.m in Sources */,
				579F9ABC14678A4E00709C70 /* SparkleShareMasterViewController.m in Sources */,
				579F9ABF14678A4E00709C70 /* SparkleShareDetailViewController.m in Sources */,
				579F9AEF14678BC900709C70 /* SSFolder.m in Sources */,
				579F9AF214678BD900709C70 /* SSConnection.m in Sources */,
				579F9AF514678BEA00709C70 /* SSFolderItem.m in Sources */,
				579F9AF814678C0C00709C70 /* SSDirectory.m in Sources */,
				579F9AFB14678C1B00709C70 /* SSFile.m in Sources */,
				579F9B1A14679CF300709C70 /* ASIAuthenticationDialog.m in Sources */,
				579F9B1B14679CF300709C70 /* ASIDataCompressor.m in Sources */,
				579F9B1C14679CF300709C70 /* ASIDataDecompressor.m in Sources */,
				579F9B1D14679CF300709C70 /* ASIDownloadCache.m in Sources */,
				579F9B1E14679CF300709C70 /* ASIFormDataRequest.m in Sources */,
				579F9B1F14679CF300709C70 /* ASIHTTPRequest.m in Sources */,
				579F9B2014679CF300709C70 /* ASIInputStream.m in Sources */,
				579F9B2114679CF300709C70 /* ASINetworkQueue.m in Sources */,
				579F9B2214679CF300709C70 /* Reachability.m in Sources */,
				579F9B4514679DFD00709C70 /* NSObject+SBJson.m in Sources */,
				579F9B4614679DFD00709C70 /* SBJsonParser.m in Sources */,
				579F9B4714679DFD00709C70 /* SBJsonStreamParser.m in Sources */,
				579F9B4814679DFD00709C70 /* SBJsonStreamParserAccumulator.m in Sources */,
				579F9B4914679DFD00709C70 /* SBJsonStreamParserAdapter.m in Sources */,
				579F9B4A14679DFD00709C70 /* SBJsonStreamParserState.m in Sources */,
				579F9B4B14679DFD00709C70 /* SBJsonStreamWriter.m in Sources */,
				579F9B4C14679DFD00709C70 /* SBJsonStreamWriterAccumulator.m in Sources */,
				579F9B4D14679DFD00709C70 /* SBJsonStreamWriterState.m in Sources */,
				579F9B4E14679DFD00709C70 /* SBJsonTokeniser.m in Sources */,
				579F9B4F14679DFD00709C70 /* SBJsonUTF8Stream.m in Sources */,
				579F9B5014679DFD00709C70 /* SBJsonWriter.m in Sources */,
				57DD1C28146D62670010B621 /* LoginInputViewController.m in Sources */,
				57DD1C2C146D63EE0010B621 /* ManualLoginInputViewController.m in Sources */,
				57DD1C31146D641F0010B621 /* QRCodeLoginInputViewController.m in Sources */,
				57DD1C36146D64670010B621 /* SelectLoginInputViewController.m in Sources */,
			);
			runOnlyForDeploymentPostprocessing = 0;
		};
		579F9ACC14678A4E00709C70 /* Sources */ = {
			isa = PBXSourcesBuildPhase;
			buildActionMask = 2147483647;
			files = (
				579F9AE014678A4E00709C70 /* SparkleShareTests.m in Sources */,
			);
			runOnlyForDeploymentPostprocessing = 0;
		};
/* End PBXSourcesBuildPhase section */

/* Begin PBXTargetDependency section */
		579F9AD714678A4E00709C70 /* PBXTargetDependency */ = {
			isa = PBXTargetDependency;
			target = 579F9AA314678A4E00709C70 /* SparkleShare */;
			targetProxy = 579F9AD614678A4E00709C70 /* PBXContainerItemProxy */;
		};
/* End PBXTargetDependency section */

/* Begin PBXVariantGroup section */
		579F9AB114678A4E00709C70 /* InfoPlist.strings */ = {
			isa = PBXVariantGroup;
			children = (
				579F9AB214678A4E00709C70 /* en */,
			);
			name = InfoPlist.strings;
			sourceTree = "<group>";
		};
		579F9AC014678A4E00709C70 /* SparkleShareMasterViewController_iPhone.xib */ = {
			isa = PBXVariantGroup;
			children = (
				579F9AC114678A4E00709C70 /* en */,
			);
			name = SparkleShareMasterViewController_iPhone.xib;
			sourceTree = "<group>";
		};
		579F9AC314678A4E00709C70 /* SparkleShareMasterViewController_iPad.xib */ = {
			isa = PBXVariantGroup;
			children = (
				579F9AC414678A4E00709C70 /* en */,
			);
			name = SparkleShareMasterViewController_iPad.xib;
			sourceTree = "<group>";
		};
		579F9AC614678A4E00709C70 /* SparkleShareDetailViewController_iPhone.xib */ = {
			isa = PBXVariantGroup;
			children = (
				579F9AC714678A4E00709C70 /* en */,
			);
			name = SparkleShareDetailViewController_iPhone.xib;
			sourceTree = "<group>";
		};
		579F9AC914678A4E00709C70 /* SparkleShareDetailViewController_iPad.xib */ = {
			isa = PBXVariantGroup;
			children = (
				579F9ACA14678A4E00709C70 /* en */,
			);
			name = SparkleShareDetailViewController_iPad.xib;
			sourceTree = "<group>";
		};
		579F9ADB14678A4E00709C70 /* InfoPlist.strings */ = {
			isa = PBXVariantGroup;
			children = (
				579F9ADC14678A4E00709C70 /* en */,
			);
			name = InfoPlist.strings;
			sourceTree = "<group>";
		};
/* End PBXVariantGroup section */

/* Begin XCBuildConfiguration section */
		579F9AE114678A4E00709C70 /* Debug */ = {
			isa = XCBuildConfiguration;
			buildSettings = {
				ALWAYS_SEARCH_USER_PATHS = NO;
				ARCHS = "$(ARCHS_STANDARD_32_BIT)";
				CLANG_ENABLE_OBJC_ARC = YES;
				"CODE_SIGN_IDENTITY[sdk=iphoneos*]" = "iPhone Developer";
				COPY_PHASE_STRIP = NO;
				GCC_C_LANGUAGE_STANDARD = gnu99;
				GCC_DYNAMIC_NO_PIC = NO;
				GCC_OPTIMIZATION_LEVEL = 0;
				GCC_PREPROCESSOR_DEFINITIONS = (
					"DEBUG=1",
					"$(inherited)",
				);
				GCC_SYMBOLS_PRIVATE_EXTERN = NO;
				GCC_VERSION = com.apple.compilers.llvm.clang.1_0;
				GCC_WARN_ABOUT_MISSING_PROTOTYPES = YES;
				GCC_WARN_ABOUT_RETURN_TYPE = YES;
				GCC_WARN_UNUSED_VARIABLE = YES;
				IPHONEOS_DEPLOYMENT_TARGET = 5.0;
				SDKROOT = iphoneos;
				TARGETED_DEVICE_FAMILY = "1,2";
			};
			name = Debug;
		};
		579F9AE214678A4E00709C70 /* Release */ = {
			isa = XCBuildConfiguration;
			buildSettings = {
				ALWAYS_SEARCH_USER_PATHS = NO;
				ARCHS = "$(ARCHS_STANDARD_32_BIT)";
				CLANG_ENABLE_OBJC_ARC = YES;
				"CODE_SIGN_IDENTITY[sdk=iphoneos*]" = "iPhone Developer";
				COPY_PHASE_STRIP = YES;
				GCC_C_LANGUAGE_STANDARD = gnu99;
				GCC_VERSION = com.apple.compilers.llvm.clang.1_0;
				GCC_WARN_ABOUT_MISSING_PROTOTYPES = YES;
				GCC_WARN_ABOUT_RETURN_TYPE = YES;
				GCC_WARN_UNUSED_VARIABLE = YES;
				IPHONEOS_DEPLOYMENT_TARGET = 5.0;
				OTHER_CFLAGS = "-DNS_BLOCK_ASSERTIONS=1";
				SDKROOT = iphoneos;
				TARGETED_DEVICE_FAMILY = "1,2";
				VALIDATE_PRODUCT = YES;
			};
			name = Release;
		};
		579F9AE414678A4E00709C70 /* Debug */ = {
			isa = XCBuildConfiguration;
			buildSettings = {
				GCC_PRECOMPILE_PREFIX_HEADER = YES;
				GCC_PREFIX_HEADER = "SparkleShare/SparkleShare-Prefix.pch";
				INFOPLIST_FILE = "SparkleShare/SparkleShare-Info.plist";
				PRODUCT_NAME = "$(TARGET_NAME)";
				WRAPPER_EXTENSION = app;
			};
			name = Debug;
		};
		579F9AE514678A4E00709C70 /* Release */ = {
			isa = XCBuildConfiguration;
			buildSettings = {
				GCC_PRECOMPILE_PREFIX_HEADER = YES;
				GCC_PREFIX_HEADER = "SparkleShare/SparkleShare-Prefix.pch";
				INFOPLIST_FILE = "SparkleShare/SparkleShare-Info.plist";
				PRODUCT_NAME = "$(TARGET_NAME)";
				WRAPPER_EXTENSION = app;
			};
			name = Release;
		};
		579F9AE714678A4F00709C70 /* Debug */ = {
			isa = XCBuildConfiguration;
			buildSettings = {
				BUNDLE_LOADER = "$(BUILT_PRODUCTS_DIR)/SparkleShare.app/SparkleShare";
				FRAMEWORK_SEARCH_PATHS = (
					"$(SDKROOT)/Developer/Library/Frameworks",
					"$(DEVELOPER_LIBRARY_DIR)/Frameworks",
				);
				GCC_PRECOMPILE_PREFIX_HEADER = YES;
				GCC_PREFIX_HEADER = "SparkleShare/SparkleShare-Prefix.pch";
				INFOPLIST_FILE = "SparkleShareTests/SparkleShareTests-Info.plist";
				PRODUCT_NAME = "$(TARGET_NAME)";
				TEST_HOST = "$(BUNDLE_LOADER)";
				WRAPPER_EXTENSION = octest;
			};
			name = Debug;
		};
		579F9AE814678A4F00709C70 /* Release */ = {
			isa = XCBuildConfiguration;
			buildSettings = {
				BUNDLE_LOADER = "$(BUILT_PRODUCTS_DIR)/SparkleShare.app/SparkleShare";
				FRAMEWORK_SEARCH_PATHS = (
					"$(SDKROOT)/Developer/Library/Frameworks",
					"$(DEVELOPER_LIBRARY_DIR)/Frameworks",
				);
				GCC_PRECOMPILE_PREFIX_HEADER = YES;
				GCC_PREFIX_HEADER = "SparkleShare/SparkleShare-Prefix.pch";
				INFOPLIST_FILE = "SparkleShareTests/SparkleShareTests-Info.plist";
				PRODUCT_NAME = "$(TARGET_NAME)";
				TEST_HOST = "$(BUNDLE_LOADER)";
				WRAPPER_EXTENSION = octest;
			};
			name = Release;
		};
/* End XCBuildConfiguration section */

/* Begin XCConfigurationList section */
		579F9A9E14678A4D00709C70 /* Build configuration list for PBXProject "SparkleShare" */ = {
			isa = XCConfigurationList;
			buildConfigurations = (
				579F9AE114678A4E00709C70 /* Debug */,
				579F9AE214678A4E00709C70 /* Release */,
			);
			defaultConfigurationIsVisible = 0;
			defaultConfigurationName = Release;
		};
		579F9AE314678A4E00709C70 /* Build configuration list for PBXNativeTarget "SparkleShare" */ = {
			isa = XCConfigurationList;
			buildConfigurations = (
				579F9AE414678A4E00709C70 /* Debug */,
				579F9AE514678A4E00709C70 /* Release */,
			);
			defaultConfigurationIsVisible = 0;
			defaultConfigurationName = Release;
		};
		579F9AE614678A4F00709C70 /* Build configuration list for PBXNativeTarget "SparkleShareTests" */ = {
			isa = XCConfigurationList;
			buildConfigurations = (
				579F9AE714678A4F00709C70 /* Debug */,
				579F9AE814678A4F00709C70 /* Release */,
			);
			defaultConfigurationIsVisible = 0;
			defaultConfigurationName = Release;
		};
/* End XCConfigurationList section */
	};
	rootObject = 579F9A9B14678A4D00709C70 /* Project object */;
}
