// !$*UTF8*$!
{
	archiveVersion = 1;
	classes = {
	};
	objectVersion = 46;
	objects = {

/* Begin PBXBuildFile section */
		5737A379146DD00C00F4E2F2 /* AFHTTPClient.m in Sources */ = {isa = PBXBuildFile; fileRef = 5737A364146DD00C00F4E2F2 /* AFHTTPClient.m */; settings = {COMPILER_FLAGS = "-fno-objc-arc"; }; };
		5737A37A146DD00C00F4E2F2 /* AFHTTPRequestOperation.m in Sources */ = {isa = PBXBuildFile; fileRef = 5737A366146DD00C00F4E2F2 /* AFHTTPRequestOperation.m */; settings = {COMPILER_FLAGS = "-fno-objc-arc"; }; };
		5737A37B146DD00C00F4E2F2 /* AFImageCache.m in Sources */ = {isa = PBXBuildFile; fileRef = 5737A368146DD00C00F4E2F2 /* AFImageCache.m */; settings = {COMPILER_FLAGS = "-fno-objc-arc"; }; };
		5737A37C146DD00C00F4E2F2 /* AFImageRequestOperation.m in Sources */ = {isa = PBXBuildFile; fileRef = 5737A36A146DD00C00F4E2F2 /* AFImageRequestOperation.m */; settings = {COMPILER_FLAGS = "-fno-objc-arc"; }; };
		5737A37D146DD00C00F4E2F2 /* AFJSONRequestOperation.m in Sources */ = {isa = PBXBuildFile; fileRef = 5737A36C146DD00C00F4E2F2 /* AFJSONRequestOperation.m */; settings = {COMPILER_FLAGS = "-fno-objc-arc"; }; };
		5737A37E146DD00C00F4E2F2 /* AFNetworkActivityIndicatorManager.m in Sources */ = {isa = PBXBuildFile; fileRef = 5737A36F146DD00C00F4E2F2 /* AFNetworkActivityIndicatorManager.m */; settings = {COMPILER_FLAGS = "-fno-objc-arc"; }; };
		5737A37F146DD00C00F4E2F2 /* AFPropertyListRequestOperation.m in Sources */ = {isa = PBXBuildFile; fileRef = 5737A372146DD00C00F4E2F2 /* AFPropertyListRequestOperation.m */; settings = {COMPILER_FLAGS = "-fno-objc-arc"; }; };
		5737A380146DD00C00F4E2F2 /* AFURLConnectionOperation.m in Sources */ = {isa = PBXBuildFile; fileRef = 5737A374146DD00C00F4E2F2 /* AFURLConnectionOperation.m */; settings = {COMPILER_FLAGS = "-fno-objc-arc"; }; };
		5737A381146DD00C00F4E2F2 /* AFXMLRequestOperation.m in Sources */ = {isa = PBXBuildFile; fileRef = 5737A376146DD00C00F4E2F2 /* AFXMLRequestOperation.m */; settings = {COMPILER_FLAGS = "-fno-objc-arc"; }; };
		5737A382146DD00C00F4E2F2 /* UIImageView+AFNetworking.m in Sources */ = {isa = PBXBuildFile; fileRef = 5737A378146DD00C00F4E2F2 /* UIImageView+AFNetworking.m */; settings = {COMPILER_FLAGS = "-fno-objc-arc"; }; };
		5737A38E146DD48C00F4E2F2 /* TTTURLRequestFormatter.m in Sources */ = {isa = PBXBuildFile; fileRef = 5737A38D146DD48C00F4E2F2 /* TTTURLRequestFormatter.m */; settings = {COMPILER_FLAGS = "-fno-objc-arc"; }; };
		5737A391146DE1B300F4E2F2 /* sparkleshare-logo.png in Resources */ = {isa = PBXBuildFile; fileRef = 5737A390146DE1B300F4E2F2 /* sparkleshare-logo.png */; };
		5751447B146F3E52002D3553 /* FolderViewController.m in Sources */ = {isa = PBXBuildFile; fileRef = 57514479146F3E52002D3553 /* FolderViewController.m */; };
		5751447C146F3E52002D3553 /* FolderViewController.xib in Resources */ = {isa = PBXBuildFile; fileRef = 5751447A146F3E52002D3553 /* FolderViewController.xib */; };
		57514480146F3FD2002D3553 /* SSRootFolder.m in Sources */ = {isa = PBXBuildFile; fileRef = 5751447F146F3FD2002D3553 /* SSRootFolder.m */; };
		57514483146F4806002D3553 /* GitInfoFormatter.m in Sources */ = {isa = PBXBuildFile; fileRef = 57514482146F4806002D3553 /* GitInfoFormatter.m */; };
		57514486146F524C002D3553 /* SSJSONRequestOperation.m in Sources */ = {isa = PBXBuildFile; fileRef = 57514485146F524C002D3553 /* SSJSONRequestOperation.m */; settings = {COMPILER_FLAGS = "-fno-objc-arc"; }; };
		579EE168147032230074B72B /* FileSizeFormatter.m in Sources */ = {isa = PBXBuildFile; fileRef = 579EE167147032230074B72B /* FileSizeFormatter.m */; };
		579EE16C147034190074B72B /* FileViewController.m in Sources */ = {isa = PBXBuildFile; fileRef = 579EE16A147034190074B72B /* FileViewController.m */; };
		579EE16D147034190074B72B /* FileViewController.xib in Resources */ = {isa = PBXBuildFile; fileRef = 579EE16B147034190074B72B /* FileViewController.xib */; };
		579F9AA914678A4E00709C70 /* UIKit.framework in Frameworks */ = {isa = PBXBuildFile; fileRef = 579F9AA814678A4E00709C70 /* UIKit.framework */; };
		579F9AAB14678A4E00709C70 /* Foundation.framework in Frameworks */ = {isa = PBXBuildFile; fileRef = 579F9AAA14678A4E00709C70 /* Foundation.framework */; };
		579F9AAD14678A4E00709C70 /* CoreGraphics.framework in Frameworks */ = {isa = PBXBuildFile; fileRef = 579F9AAC14678A4E00709C70 /* CoreGraphics.framework */; };
		579F9AB314678A4E00709C70 /* InfoPlist.strings in Resources */ = {isa = PBXBuildFile; fileRef = 579F9AB114678A4E00709C70 /* InfoPlist.strings */; };
		579F9AB514678A4E00709C70 /* main.m in Sources */ = {isa = PBXBuildFile; fileRef = 579F9AB414678A4E00709C70 /* main.m */; };
		579F9AB914678A4E00709C70 /* SparkleShareAppDelegate.m in Sources */ = {isa = PBXBuildFile; fileRef = 579F9AB814678A4E00709C70 /* SparkleShareAppDelegate.m */; };
		579F9AC214678A4E00709C70 /* SparkleShareMasterViewController.xib in Resources */ = {isa = PBXBuildFile; fileRef = 579F9AC014678A4E00709C70 /* SparkleShareMasterViewController.xib */; };
		579F9AC514678A4E00709C70 /* SparkleShareMasterViewController_iPad.xib in Resources */ = {isa = PBXBuildFile; fileRef = 579F9AC314678A4E00709C70 /* SparkleShareMasterViewController_iPad.xib */; };
		579F9AC814678A4E00709C70 /* SparkleShareDetailViewController_iPhone.xib in Resources */ = {isa = PBXBuildFile; fileRef = 579F9AC614678A4E00709C70 /* SparkleShareDetailViewController_iPhone.xib */; };
		579F9ACB14678A4E00709C70 /* SparkleShareDetailViewController_iPad.xib in Resources */ = {isa = PBXBuildFile; fileRef = 579F9AC914678A4E00709C70 /* SparkleShareDetailViewController_iPad.xib */; };
		579F9AD314678A4E00709C70 /* SenTestingKit.framework in Frameworks */ = {isa = PBXBuildFile; fileRef = 579F9AD214678A4E00709C70 /* SenTestingKit.framework */; };
		579F9AD414678A4E00709C70 /* UIKit.framework in Frameworks */ = {isa = PBXBuildFile; fileRef = 579F9AA814678A4E00709C70 /* UIKit.framework */; };
		579F9AD514678A4E00709C70 /* Foundation.framework in Frameworks */ = {isa = PBXBuildFile; fileRef = 579F9AAA14678A4E00709C70 /* Foundation.framework */; };
		579F9ADD14678A4E00709C70 /* InfoPlist.strings in Resources */ = {isa = PBXBuildFile; fileRef = 579F9ADB14678A4E00709C70 /* InfoPlist.strings */; };
		579F9AE014678A4E00709C70 /* SparkleShareTests.m in Sources */ = {isa = PBXBuildFile; fileRef = 579F9ADF14678A4E00709C70 /* SparkleShareTests.m */; };
		579F9AEF14678BC900709C70 /* SSFolder.m in Sources */ = {isa = PBXBuildFile; fileRef = 579F9AEE14678BC900709C70 /* SSFolder.m */; };
		579F9AF214678BD900709C70 /* SSConnection.m in Sources */ = {isa = PBXBuildFile; fileRef = 579F9AF114678BD900709C70 /* SSConnection.m */; };
		579F9AF514678BEA00709C70 /* SSItem.m in Sources */ = {isa = PBXBuildFile; fileRef = 579F9AF414678BEA00709C70 /* SSItem.m */; };
		579F9AFB14678C1B00709C70 /* SSFile.m in Sources */ = {isa = PBXBuildFile; fileRef = 579F9AFA14678C1B00709C70 /* SSFile.m */; };
		579F9B2414679D5A00709C70 /* CFNetwork.framework in Frameworks */ = {isa = PBXBuildFile; fileRef = 579F9B2314679D5A00709C70 /* CFNetwork.framework */; };
		579F9B2614679D6C00709C70 /* libz.dylib in Frameworks */ = {isa = PBXBuildFile; fileRef = 579F9B2514679D6C00709C70 /* libz.dylib */; };
		579F9B2814679D7900709C70 /* MobileCoreServices.framework in Frameworks */ = {isa = PBXBuildFile; fileRef = 579F9B2714679D7900709C70 /* MobileCoreServices.framework */; };
		579F9B2A14679D8300709C70 /* SystemConfiguration.framework in Frameworks */ = {isa = PBXBuildFile; fileRef = 579F9B2914679D8300709C70 /* SystemConfiguration.framework */; };
		57AD9CCE146D829200BED6A6 /* libzbar.a in Frameworks */ = {isa = PBXBuildFile; fileRef = 57AD9CC8146D829200BED6A6 /* libzbar.a */; };
		57AD9CCF146D829200BED6A6 /* zbar-back.png in Resources */ = {isa = PBXBuildFile; fileRef = 57AD9CCA146D829200BED6A6 /* zbar-back.png */; };
		57AD9CD0146D829200BED6A6 /* zbar-help.html in Resources */ = {isa = PBXBuildFile; fileRef = 57AD9CCB146D829200BED6A6 /* zbar-help.html */; };
		57AD9CD1146D829200BED6A6 /* zbar-helpicons.png in Resources */ = {isa = PBXBuildFile; fileRef = 57AD9CCC146D829200BED6A6 /* zbar-helpicons.png */; };
		57AD9CD2146D829200BED6A6 /* zbar-samples.png in Resources */ = {isa = PBXBuildFile; fileRef = 57AD9CCD146D829200BED6A6 /* zbar-samples.png */; };
		57AD9CD5146D82AC00BED6A6 /* AVFoundation.framework in Frameworks */ = {isa = PBXBuildFile; fileRef = 57AD9CD4146D82AC00BED6A6 /* AVFoundation.framework */; };
		57AD9CD7146D82B200BED6A6 /* CoreMedia.framework in Frameworks */ = {isa = PBXBuildFile; fileRef = 57AD9CD6146D82B200BED6A6 /* CoreMedia.framework */; };
		57AD9CD9146D82BA00BED6A6 /* CoreVideo.framework in Frameworks */ = {isa = PBXBuildFile; fileRef = 57AD9CD8146D82BA00BED6A6 /* CoreVideo.framework */; };
		57AD9CDB146D82C600BED6A6 /* QuartzCore.framework in Frameworks */ = {isa = PBXBuildFile; fileRef = 57AD9CDA146D82C600BED6A6 /* QuartzCore.framework */; };
		57AD9CDD146D82CF00BED6A6 /* libiconv.dylib in Frameworks */ = {isa = PBXBuildFile; fileRef = 57AD9CDC146D82CF00BED6A6 /* libiconv.dylib */; };
		57CA606A146D8B08002B747A /* QRCodeLoginInputViewController.xib in Resources */ = {isa = PBXBuildFile; fileRef = 57CA6069146D8B08002B747A /* QRCodeLoginInputViewController.xib */; };
		57DD1C28146D62670010B621 /* LoginInputViewController.m in Sources */ = {isa = PBXBuildFile; fileRef = 57DD1C27146D62670010B621 /* LoginInputViewController.m */; };
		57DD1C2C146D63EE0010B621 /* ManualLoginInputViewController.m in Sources */ = {isa = PBXBuildFile; fileRef = 57DD1C2A146D63EE0010B621 /* ManualLoginInputViewController.m */; };
		57DD1C2D146D63EE0010B621 /* ManualLoginInputViewController.xib in Resources */ = {isa = PBXBuildFile; fileRef = 57DD1C2B146D63EE0010B621 /* ManualLoginInputViewController.xib */; };
		57DD1C31146D641F0010B621 /* QRCodeLoginInputViewController.m in Sources */ = {isa = PBXBuildFile; fileRef = 57DD1C2F146D641F0010B621 /* QRCodeLoginInputViewController.m */; };
		57DD1C36146D64670010B621 /* SelectLoginInputViewController.m in Sources */ = {isa = PBXBuildFile; fileRef = 57DD1C34146D64670010B621 /* SelectLoginInputViewController.m */; };
		57DD1C37146D64670010B621 /* SelectLoginInputViewController.xib in Resources */ = {isa = PBXBuildFile; fileRef = 57DD1C35146D64670010B621 /* SelectLoginInputViewController.xib */; };
/* End PBXBuildFile section */

/* Begin PBXContainerItemProxy section */
		579F9AD614678A4E00709C70 /* PBXContainerItemProxy */ = {
			isa = PBXContainerItemProxy;
			containerPortal = 579F9A9B14678A4D00709C70 /* Project object */;
			proxyType = 1;
			remoteGlobalIDString = 579F9AA314678A4E00709C70;
			remoteInfo = SparkleShare;
		};
/* End PBXContainerItemProxy section */

/* Begin PBXFileReference section */
		5737A363146DD00C00F4E2F2 /* AFHTTPClient.h */ = {isa = PBXFileReference; fileEncoding = 4; lastKnownFileType = sourcecode.c.h; path = AFHTTPClient.h; sourceTree = "<group>"; };
		5737A364146DD00C00F4E2F2 /* AFHTTPClient.m */ = {isa = PBXFileReference; fileEncoding = 4; lastKnownFileType = sourcecode.c.objc; path = AFHTTPClient.m; sourceTree = "<group>"; };
		5737A365146DD00C00F4E2F2 /* AFHTTPRequestOperation.h */ = {isa = PBXFileReference; fileEncoding = 4; lastKnownFileType = sourcecode.c.h; path = AFHTTPRequestOperation.h; sourceTree = "<group>"; };
		5737A366146DD00C00F4E2F2 /* AFHTTPRequestOperation.m */ = {isa = PBXFileReference; fileEncoding = 4; lastKnownFileType = sourcecode.c.objc; path = AFHTTPRequestOperation.m; sourceTree = "<group>"; };
		5737A367146DD00C00F4E2F2 /* AFImageCache.h */ = {isa = PBXFileReference; fileEncoding = 4; lastKnownFileType = sourcecode.c.h; path = AFImageCache.h; sourceTree = "<group>"; };
		5737A368146DD00C00F4E2F2 /* AFImageCache.m */ = {isa = PBXFileReference; fileEncoding = 4; lastKnownFileType = sourcecode.c.objc; path = AFImageCache.m; sourceTree = "<group>"; };
		5737A369146DD00C00F4E2F2 /* AFImageRequestOperation.h */ = {isa = PBXFileReference; fileEncoding = 4; lastKnownFileType = sourcecode.c.h; path = AFImageRequestOperation.h; sourceTree = "<group>"; };
		5737A36A146DD00C00F4E2F2 /* AFImageRequestOperation.m */ = {isa = PBXFileReference; fileEncoding = 4; lastKnownFileType = sourcecode.c.objc; path = AFImageRequestOperation.m; sourceTree = "<group>"; };
		5737A36B146DD00C00F4E2F2 /* AFJSONRequestOperation.h */ = {isa = PBXFileReference; fileEncoding = 4; lastKnownFileType = sourcecode.c.h; path = AFJSONRequestOperation.h; sourceTree = "<group>"; };
		5737A36C146DD00C00F4E2F2 /* AFJSONRequestOperation.m */ = {isa = PBXFileReference; fileEncoding = 4; lastKnownFileType = sourcecode.c.objc; path = AFJSONRequestOperation.m; sourceTree = "<group>"; };
		5737A36D146DD00C00F4E2F2 /* AFJSONUtilities.h */ = {isa = PBXFileReference; fileEncoding = 4; lastKnownFileType = sourcecode.c.h; path = AFJSONUtilities.h; sourceTree = "<group>"; };
		5737A36E146DD00C00F4E2F2 /* AFNetworkActivityIndicatorManager.h */ = {isa = PBXFileReference; fileEncoding = 4; lastKnownFileType = sourcecode.c.h; path = AFNetworkActivityIndicatorManager.h; sourceTree = "<group>"; };
		5737A36F146DD00C00F4E2F2 /* AFNetworkActivityIndicatorManager.m */ = {isa = PBXFileReference; fileEncoding = 4; lastKnownFileType = sourcecode.c.objc; path = AFNetworkActivityIndicatorManager.m; sourceTree = "<group>"; };
		5737A370146DD00C00F4E2F2 /* AFNetworking.h */ = {isa = PBXFileReference; fileEncoding = 4; lastKnownFileType = sourcecode.c.h; path = AFNetworking.h; sourceTree = "<group>"; };
		5737A371146DD00C00F4E2F2 /* AFPropertyListRequestOperation.h */ = {isa = PBXFileReference; fileEncoding = 4; lastKnownFileType = sourcecode.c.h; path = AFPropertyListRequestOperation.h; sourceTree = "<group>"; };
		5737A372146DD00C00F4E2F2 /* AFPropertyListRequestOperation.m */ = {isa = PBXFileReference; fileEncoding = 4; lastKnownFileType = sourcecode.c.objc; path = AFPropertyListRequestOperation.m; sourceTree = "<group>"; };
		5737A373146DD00C00F4E2F2 /* AFURLConnectionOperation.h */ = {isa = PBXFileReference; fileEncoding = 4; lastKnownFileType = sourcecode.c.h; path = AFURLConnectionOperation.h; sourceTree = "<group>"; };
		5737A374146DD00C00F4E2F2 /* AFURLConnectionOperation.m */ = {isa = PBXFileReference; fileEncoding = 4; lastKnownFileType = sourcecode.c.objc; path = AFURLConnectionOperation.m; sourceTree = "<group>"; };
		5737A375146DD00C00F4E2F2 /* AFXMLRequestOperation.h */ = {isa = PBXFileReference; fileEncoding = 4; lastKnownFileType = sourcecode.c.h; path = AFXMLRequestOperation.h; sourceTree = "<group>"; };
		5737A376146DD00C00F4E2F2 /* AFXMLRequestOperation.m */ = {isa = PBXFileReference; fileEncoding = 4; lastKnownFileType = sourcecode.c.objc; path = AFXMLRequestOperation.m; sourceTree = "<group>"; };
		5737A377146DD00C00F4E2F2 /* UIImageView+AFNetworking.h */ = {isa = PBXFileReference; fileEncoding = 4; lastKnownFileType = sourcecode.c.h; path = "UIImageView+AFNetworking.h"; sourceTree = "<group>"; };
		5737A378146DD00C00F4E2F2 /* UIImageView+AFNetworking.m */ = {isa = PBXFileReference; fileEncoding = 4; lastKnownFileType = sourcecode.c.objc; path = "UIImageView+AFNetworking.m"; sourceTree = "<group>"; };
		5737A38C146DD48C00F4E2F2 /* TTTURLRequestFormatter.h */ = {isa = PBXFileReference; fileEncoding = 4; lastKnownFileType = sourcecode.c.h; path = TTTURLRequestFormatter.h; sourceTree = "<group>"; };
		5737A38D146DD48C00F4E2F2 /* TTTURLRequestFormatter.m */ = {isa = PBXFileReference; fileEncoding = 4; lastKnownFileType = sourcecode.c.objc; path = TTTURLRequestFormatter.m; sourceTree = "<group>"; };
		5737A390146DE1B300F4E2F2 /* sparkleshare-logo.png */ = {isa = PBXFileReference; lastKnownFileType = image.png; path = "sparkleshare-logo.png"; sourceTree = "<group>"; };
		57514478146F3E52002D3553 /* FolderViewController.h */ = {isa = PBXFileReference; fileEncoding = 4; lastKnownFileType = sourcecode.c.h; path = FolderViewController.h; sourceTree = "<group>"; };
		57514479146F3E52002D3553 /* FolderViewController.m */ = {isa = PBXFileReference; fileEncoding = 4; lastKnownFileType = sourcecode.c.objc; path = FolderViewController.m; sourceTree = "<group>"; };
		5751447A146F3E52002D3553 /* FolderViewController.xib */ = {isa = PBXFileReference; fileEncoding = 4; lastKnownFileType = file.xib; path = FolderViewController.xib; sourceTree = "<group>"; };
		5751447E146F3FD2002D3553 /* SSRootFolder.h */ = {isa = PBXFileReference; fileEncoding = 4; lastKnownFileType = sourcecode.c.h; path = SSRootFolder.h; sourceTree = "<group>"; };
		5751447F146F3FD2002D3553 /* SSRootFolder.m */ = {isa = PBXFileReference; fileEncoding = 4; lastKnownFileType = sourcecode.c.objc; path = SSRootFolder.m; sourceTree = "<group>"; };
		57514481146F4806002D3553 /* GitInfoFormatter.h */ = {isa = PBXFileReference; fileEncoding = 4; lastKnownFileType = sourcecode.c.h; path = GitInfoFormatter.h; sourceTree = "<group>"; };
		57514482146F4806002D3553 /* GitInfoFormatter.m */ = {isa = PBXFileReference; fileEncoding = 4; lastKnownFileType = sourcecode.c.objc; path = GitInfoFormatter.m; sourceTree = "<group>"; };
		57514484146F524B002D3553 /* SSJSONRequestOperation.h */ = {isa = PBXFileReference; fileEncoding = 4; lastKnownFileType = sourcecode.c.h; path = SSJSONRequestOperation.h; sourceTree = "<group>"; };
		57514485146F524C002D3553 /* SSJSONRequestOperation.m */ = {isa = PBXFileReference; fileEncoding = 4; lastKnownFileType = sourcecode.c.objc; path = SSJSONRequestOperation.m; sourceTree = "<group>"; };
		579EE166147032230074B72B /* FileSizeFormatter.h */ = {isa = PBXFileReference; fileEncoding = 4; lastKnownFileType = sourcecode.c.h; path = FileSizeFormatter.h; sourceTree = "<group>"; };
		579EE167147032230074B72B /* FileSizeFormatter.m */ = {isa = PBXFileReference; fileEncoding = 4; lastKnownFileType = sourcecode.c.objc; path = FileSizeFormatter.m; sourceTree = "<group>"; };
		579EE169147034180074B72B /* FileViewController.h */ = {isa = PBXFileReference; fileEncoding = 4; lastKnownFileType = sourcecode.c.h; path = FileViewController.h; sourceTree = "<group>"; };
		579EE16A147034190074B72B /* FileViewController.m */ = {isa = PBXFileReference; fileEncoding = 4; lastKnownFileType = sourcecode.c.objc; path = FileViewController.m; sourceTree = "<group>"; };
		579EE16B147034190074B72B /* FileViewController.xib */ = {isa = PBXFileReference; fileEncoding = 4; lastKnownFileType = file.xib; path = FileViewController.xib; sourceTree = "<group>"; };
		579F9AA414678A4E00709C70 /* SparkleShare.app */ = {isa = PBXFileReference; explicitFileType = wrapper.application; includeInIndex = 0; path = SparkleShare.app; sourceTree = BUILT_PRODUCTS_DIR; };
		579F9AA814678A4E00709C70 /* UIKit.framework */ = {isa = PBXFileReference; lastKnownFileType = wrapper.framework; name = UIKit.framework; path = System/Library/Frameworks/UIKit.framework; sourceTree = SDKROOT; };
		579F9AAA14678A4E00709C70 /* Foundation.framework */ = {isa = PBXFileReference; lastKnownFileType = wrapper.framework; name = Foundation.framework; path = System/Library/Frameworks/Foundation.framework; sourceTree = SDKROOT; };
		579F9AAC14678A4E00709C70 /* CoreGraphics.framework */ = {isa = PBXFileReference; lastKnownFileType = wrapper.framework; name = CoreGraphics.framework; path = System/Library/Frameworks/CoreGraphics.framework; sourceTree = SDKROOT; };
		579F9AB014678A4E00709C70 /* SparkleShare-Info.plist */ = {isa = PBXFileReference; lastKnownFileType = text.plist.xml; path = "SparkleShare-Info.plist"; sourceTree = "<group>"; };
		579F9AB214678A4E00709C70 /* en */ = {isa = PBXFileReference; lastKnownFileType = text.plist.strings; name = en; path = en.lproj/InfoPlist.strings; sourceTree = "<group>"; };
		579F9AB414678A4E00709C70 /* main.m */ = {isa = PBXFileReference; lastKnownFileType = sourcecode.c.objc; path = main.m; sourceTree = "<group>"; };
		579F9AB614678A4E00709C70 /* SparkleShare-Prefix.pch */ = {isa = PBXFileReference; lastKnownFileType = sourcecode.c.h; path = "SparkleShare-Prefix.pch"; sourceTree = "<group>"; };
		579F9AB714678A4E00709C70 /* SparkleShareAppDelegate.h */ = {isa = PBXFileReference; lastKnownFileType = sourcecode.c.h; path = SparkleShareAppDelegate.h; sourceTree = "<group>"; };
		579F9AB814678A4E00709C70 /* SparkleShareAppDelegate.m */ = {isa = PBXFileReference; lastKnownFileType = sourcecode.c.objc; path = SparkleShareAppDelegate.m; sourceTree = "<group>"; };
		579F9ABA14678A4E00709C70 /* SparkleShareMasterViewController.h */ = {isa = PBXFileReference; lastKnownFileType = sourcecode.c.h; path = SparkleShareMasterViewController.h; sourceTree = "<group>"; };
		579F9ABB14678A4E00709C70 /* SparkleShareMasterViewController.m */ = {isa = PBXFileReference; lastKnownFileType = sourcecode.c.objc; path = SparkleShareMasterViewController.m; sourceTree = "<group>"; };
		579F9ABD14678A4E00709C70 /* SparkleShareDetailViewController.h */ = {isa = PBXFileReference; lastKnownFileType = sourcecode.c.h; path = SparkleShareDetailViewController.h; sourceTree = "<group>"; };
		579F9ABE14678A4E00709C70 /* SparkleShareDetailViewController.m */ = {isa = PBXFileReference; lastKnownFileType = sourcecode.c.objc; path = SparkleShareDetailViewController.m; sourceTree = "<group>"; };
		579F9AC114678A4E00709C70 /* en */ = {isa = PBXFileReference; lastKnownFileType = file.xib; name = en; path = en.lproj/SparkleShareMasterViewController.xib; sourceTree = "<group>"; };
		579F9AC414678A4E00709C70 /* en */ = {isa = PBXFileReference; lastKnownFileType = file.xib; name = en; path = en.lproj/SparkleShareMasterViewController_iPad.xib; sourceTree = "<group>"; };
		579F9AC714678A4E00709C70 /* en */ = {isa = PBXFileReference; lastKnownFileType = file.xib; name = en; path = en.lproj/SparkleShareDetailViewController_iPhone.xib; sourceTree = "<group>"; };
		579F9ACA14678A4E00709C70 /* en */ = {isa = PBXFileReference; lastKnownFileType = file.xib; name = en; path = en.lproj/SparkleShareDetailViewController_iPad.xib; sourceTree = "<group>"; };
		579F9AD114678A4E00709C70 /* SparkleShareTests.octest */ = {isa = PBXFileReference; explicitFileType = wrapper.cfbundle; includeInIndex = 0; path = SparkleShareTests.octest; sourceTree = BUILT_PRODUCTS_DIR; };
		579F9AD214678A4E00709C70 /* SenTestingKit.framework */ = {isa = PBXFileReference; lastKnownFileType = wrapper.framework; name = SenTestingKit.framework; path = Library/Frameworks/SenTestingKit.framework; sourceTree = DEVELOPER_DIR; };
		579F9ADA14678A4E00709C70 /* SparkleShareTests-Info.plist */ = {isa = PBXFileReference; lastKnownFileType = text.plist.xml; path = "SparkleShareTests-Info.plist"; sourceTree = "<group>"; };
		579F9ADC14678A4E00709C70 /* en */ = {isa = PBXFileReference; lastKnownFileType = text.plist.strings; name = en; path = en.lproj/InfoPlist.strings; sourceTree = "<group>"; };
		579F9ADE14678A4E00709C70 /* SparkleShareTests.h */ = {isa = PBXFileReference; lastKnownFileType = sourcecode.c.h; path = SparkleShareTests.h; sourceTree = "<group>"; };
		579F9ADF14678A4E00709C70 /* SparkleShareTests.m */ = {isa = PBXFileReference; lastKnownFileType = sourcecode.c.objc; path = SparkleShareTests.m; sourceTree = "<group>"; };
		579F9AED14678BC900709C70 /* SSFolder.h */ = {isa = PBXFileReference; fileEncoding = 4; lastKnownFileType = sourcecode.c.h; path = SSFolder.h; sourceTree = "<group>"; };
		579F9AEE14678BC900709C70 /* SSFolder.m */ = {isa = PBXFileReference; fileEncoding = 4; lastKnownFileType = sourcecode.c.objc; path = SSFolder.m; sourceTree = "<group>"; };
		579F9AF014678BD900709C70 /* SSConnection.h */ = {isa = PBXFileReference; fileEncoding = 4; lastKnownFileType = sourcecode.c.h; path = SSConnection.h; sourceTree = "<group>"; };
		579F9AF114678BD900709C70 /* SSConnection.m */ = {isa = PBXFileReference; fileEncoding = 4; lastKnownFileType = sourcecode.c.objc; path = SSConnection.m; sourceTree = "<group>"; };
		579F9AF314678BEA00709C70 /* SSItem.h */ = {isa = PBXFileReference; fileEncoding = 4; lastKnownFileType = sourcecode.c.h; path = SSItem.h; sourceTree = "<group>"; };
		579F9AF414678BEA00709C70 /* SSItem.m */ = {isa = PBXFileReference; fileEncoding = 4; lastKnownFileType = sourcecode.c.objc; path = SSItem.m; sourceTree = "<group>"; };
		579F9AF914678C1B00709C70 /* SSFile.h */ = {isa = PBXFileReference; fileEncoding = 4; lastKnownFileType = sourcecode.c.h; path = SSFile.h; sourceTree = "<group>"; };
		579F9AFA14678C1B00709C70 /* SSFile.m */ = {isa = PBXFileReference; fileEncoding = 4; lastKnownFileType = sourcecode.c.objc; path = SSFile.m; sourceTree = "<group>"; };
		579F9B2314679D5A00709C70 /* CFNetwork.framework */ = {isa = PBXFileReference; lastKnownFileType = wrapper.framework; name = CFNetwork.framework; path = System/Library/Frameworks/CFNetwork.framework; sourceTree = SDKROOT; };
		579F9B2514679D6C00709C70 /* libz.dylib */ = {isa = PBXFileReference; lastKnownFileType = "compiled.mach-o.dylib"; name = libz.dylib; path = usr/lib/libz.dylib; sourceTree = SDKROOT; };
		579F9B2714679D7900709C70 /* MobileCoreServices.framework */ = {isa = PBXFileReference; lastKnownFileType = wrapper.framework; name = MobileCoreServices.framework; path = System/Library/Frameworks/MobileCoreServices.framework; sourceTree = SDKROOT; };
		579F9B2914679D8300709C70 /* SystemConfiguration.framework */ = {isa = PBXFileReference; lastKnownFileType = wrapper.framework; name = SystemConfiguration.framework; path = System/Library/Frameworks/SystemConfiguration.framework; sourceTree = SDKROOT; };
		57AD9CB4146D829200BED6A6 /* Decoder.h */ = {isa = PBXFileReference; fileEncoding = 4; lastKnownFileType = sourcecode.c.h; path = Decoder.h; sourceTree = "<group>"; };
		57AD9CB5146D829200BED6A6 /* Exception.h */ = {isa = PBXFileReference; fileEncoding = 4; lastKnownFileType = sourcecode.c.h; path = Exception.h; sourceTree = "<group>"; };
		57AD9CB6146D829200BED6A6 /* Image.h */ = {isa = PBXFileReference; fileEncoding = 4; lastKnownFileType = sourcecode.c.h; path = Image.h; sourceTree = "<group>"; };
		57AD9CB7146D829200BED6A6 /* ImageScanner.h */ = {isa = PBXFileReference; fileEncoding = 4; lastKnownFileType = sourcecode.c.h; path = ImageScanner.h; sourceTree = "<group>"; };
		57AD9CB8146D829200BED6A6 /* Processor.h */ = {isa = PBXFileReference; fileEncoding = 4; lastKnownFileType = sourcecode.c.h; path = Processor.h; sourceTree = "<group>"; };
		57AD9CB9146D829200BED6A6 /* Scanner.h */ = {isa = PBXFileReference; fileEncoding = 4; lastKnownFileType = sourcecode.c.h; path = Scanner.h; sourceTree = "<group>"; };
		57AD9CBA146D829200BED6A6 /* Symbol.h */ = {isa = PBXFileReference; fileEncoding = 4; lastKnownFileType = sourcecode.c.h; path = Symbol.h; sourceTree = "<group>"; };
		57AD9CBB146D829200BED6A6 /* Video.h */ = {isa = PBXFileReference; fileEncoding = 4; lastKnownFileType = sourcecode.c.h; path = Video.h; sourceTree = "<group>"; };
		57AD9CBC146D829200BED6A6 /* Window.h */ = {isa = PBXFileReference; fileEncoding = 4; lastKnownFileType = sourcecode.c.h; path = Window.h; sourceTree = "<group>"; };
		57AD9CBD146D829200BED6A6 /* zbar.h */ = {isa = PBXFileReference; fileEncoding = 4; lastKnownFileType = sourcecode.c.h; path = zbar.h; sourceTree = "<group>"; };
		57AD9CBE146D829200BED6A6 /* ZBarCameraSimulator.h */ = {isa = PBXFileReference; fileEncoding = 4; lastKnownFileType = sourcecode.c.h; path = ZBarCameraSimulator.h; sourceTree = "<group>"; };
		57AD9CBF146D829200BED6A6 /* ZBarCaptureReader.h */ = {isa = PBXFileReference; fileEncoding = 4; lastKnownFileType = sourcecode.c.h; path = ZBarCaptureReader.h; sourceTree = "<group>"; };
		57AD9CC0146D829200BED6A6 /* ZBarHelpController.h */ = {isa = PBXFileReference; fileEncoding = 4; lastKnownFileType = sourcecode.c.h; path = ZBarHelpController.h; sourceTree = "<group>"; };
		57AD9CC1146D829200BED6A6 /* ZBarImage.h */ = {isa = PBXFileReference; fileEncoding = 4; lastKnownFileType = sourcecode.c.h; path = ZBarImage.h; sourceTree = "<group>"; };
		57AD9CC2146D829200BED6A6 /* ZBarImageScanner.h */ = {isa = PBXFileReference; fileEncoding = 4; lastKnownFileType = sourcecode.c.h; path = ZBarImageScanner.h; sourceTree = "<group>"; };
		57AD9CC3146D829200BED6A6 /* ZBarReaderController.h */ = {isa = PBXFileReference; fileEncoding = 4; lastKnownFileType = sourcecode.c.h; path = ZBarReaderController.h; sourceTree = "<group>"; };
		57AD9CC4146D829200BED6A6 /* ZBarReaderView.h */ = {isa = PBXFileReference; fileEncoding = 4; lastKnownFileType = sourcecode.c.h; path = ZBarReaderView.h; sourceTree = "<group>"; };
		57AD9CC5146D829200BED6A6 /* ZBarReaderViewController.h */ = {isa = PBXFileReference; fileEncoding = 4; lastKnownFileType = sourcecode.c.h; path = ZBarReaderViewController.h; sourceTree = "<group>"; };
		57AD9CC6146D829200BED6A6 /* ZBarSDK.h */ = {isa = PBXFileReference; fileEncoding = 4; lastKnownFileType = sourcecode.c.h; path = ZBarSDK.h; sourceTree = "<group>"; };
		57AD9CC7146D829200BED6A6 /* ZBarSymbol.h */ = {isa = PBXFileReference; fileEncoding = 4; lastKnownFileType = sourcecode.c.h; path = ZBarSymbol.h; sourceTree = "<group>"; };
		57AD9CC8146D829200BED6A6 /* libzbar.a */ = {isa = PBXFileReference; lastKnownFileType = archive.ar; path = libzbar.a; sourceTree = "<group>"; };
		57AD9CCA146D829200BED6A6 /* zbar-back.png */ = {isa = PBXFileReference; lastKnownFileType = image.png; path = "zbar-back.png"; sourceTree = "<group>"; };
		57AD9CCB146D829200BED6A6 /* zbar-help.html */ = {isa = PBXFileReference; fileEncoding = 4; lastKnownFileType = text.html; path = "zbar-help.html"; sourceTree = "<group>"; };
		57AD9CCC146D829200BED6A6 /* zbar-helpicons.png */ = {isa = PBXFileReference; lastKnownFileType = image.png; path = "zbar-helpicons.png"; sourceTree = "<group>"; };
		57AD9CCD146D829200BED6A6 /* zbar-samples.png */ = {isa = PBXFileReference; lastKnownFileType = image.png; path = "zbar-samples.png"; sourceTree = "<group>"; };
		57AD9CD4146D82AC00BED6A6 /* AVFoundation.framework */ = {isa = PBXFileReference; lastKnownFileType = wrapper.framework; name = AVFoundation.framework; path = System/Library/Frameworks/AVFoundation.framework; sourceTree = SDKROOT; };
		57AD9CD6146D82B200BED6A6 /* CoreMedia.framework */ = {isa = PBXFileReference; lastKnownFileType = wrapper.framework; name = CoreMedia.framework; path = System/Library/Frameworks/CoreMedia.framework; sourceTree = SDKROOT; };
		57AD9CD8146D82BA00BED6A6 /* CoreVideo.framework */ = {isa = PBXFileReference; lastKnownFileType = wrapper.framework; name = CoreVideo.framework; path = System/Library/Frameworks/CoreVideo.framework; sourceTree = SDKROOT; };
		57AD9CDA146D82C600BED6A6 /* QuartzCore.framework */ = {isa = PBXFileReference; lastKnownFileType = wrapper.framework; name = QuartzCore.framework; path = System/Library/Frameworks/QuartzCore.framework; sourceTree = SDKROOT; };
		57AD9CDC146D82CF00BED6A6 /* libiconv.dylib */ = {isa = PBXFileReference; lastKnownFileType = "compiled.mach-o.dylib"; name = libiconv.dylib; path = usr/lib/libiconv.dylib; sourceTree = SDKROOT; };
		57CA6069146D8B08002B747A /* QRCodeLoginInputViewController.xib */ = {isa = PBXFileReference; fileEncoding = 4; lastKnownFileType = file.xib; path = QRCodeLoginInputViewController.xib; sourceTree = "<group>"; };
		57DD1C26146D62670010B621 /* LoginInputViewController.h */ = {isa = PBXFileReference; fileEncoding = 4; lastKnownFileType = sourcecode.c.h; path = LoginInputViewController.h; sourceTree = "<group>"; };
		57DD1C27146D62670010B621 /* LoginInputViewController.m */ = {isa = PBXFileReference; fileEncoding = 4; lastKnownFileType = sourcecode.c.objc; path = LoginInputViewController.m; sourceTree = "<group>"; };
		57DD1C29146D63EE0010B621 /* ManualLoginInputViewController.h */ = {isa = PBXFileReference; fileEncoding = 4; lastKnownFileType = sourcecode.c.h; path = ManualLoginInputViewController.h; sourceTree = "<group>"; };
		57DD1C2A146D63EE0010B621 /* ManualLoginInputViewController.m */ = {isa = PBXFileReference; fileEncoding = 4; lastKnownFileType = sourcecode.c.objc; path = ManualLoginInputViewController.m; sourceTree = "<group>"; };
		57DD1C2B146D63EE0010B621 /* ManualLoginInputViewController.xib */ = {isa = PBXFileReference; fileEncoding = 4; lastKnownFileType = file.xib; path = ManualLoginInputViewController.xib; sourceTree = "<group>"; };
		57DD1C2E146D641F0010B621 /* QRCodeLoginInputViewController.h */ = {isa = PBXFileReference; fileEncoding = 4; lastKnownFileType = sourcecode.c.h; path = QRCodeLoginInputViewController.h; sourceTree = "<group>"; };
		57DD1C2F146D641F0010B621 /* QRCodeLoginInputViewController.m */ = {isa = PBXFileReference; fileEncoding = 4; lastKnownFileType = sourcecode.c.objc; path = QRCodeLoginInputViewController.m; sourceTree = "<group>"; };
		57DD1C33146D64670010B621 /* SelectLoginInputViewController.h */ = {isa = PBXFileReference; fileEncoding = 4; lastKnownFileType = sourcecode.c.h; path = SelectLoginInputViewController.h; sourceTree = "<group>"; };
		57DD1C34146D64670010B621 /* SelectLoginInputViewController.m */ = {isa = PBXFileReference; fileEncoding = 4; lastKnownFileType = sourcecode.c.objc; path = SelectLoginInputViewController.m; sourceTree = "<group>"; };
		57DD1C35146D64670010B621 /* SelectLoginInputViewController.xib */ = {isa = PBXFileReference; fileEncoding = 4; lastKnownFileType = file.xib; path = SelectLoginInputViewController.xib; sourceTree = "<group>"; };
/* End PBXFileReference section */

/* Begin PBXFrameworksBuildPhase section */
		579F9AA114678A4E00709C70 /* Frameworks */ = {
			isa = PBXFrameworksBuildPhase;
			buildActionMask = 2147483647;
			files = (
				57AD9CDD146D82CF00BED6A6 /* libiconv.dylib in Frameworks */,
				57AD9CDB146D82C600BED6A6 /* QuartzCore.framework in Frameworks */,
				57AD9CD9146D82BA00BED6A6 /* CoreVideo.framework in Frameworks */,
				57AD9CD7146D82B200BED6A6 /* CoreMedia.framework in Frameworks */,
				57AD9CD5146D82AC00BED6A6 /* AVFoundation.framework in Frameworks */,
				579F9B2A14679D8300709C70 /* SystemConfiguration.framework in Frameworks */,
				579F9B2814679D7900709C70 /* MobileCoreServices.framework in Frameworks */,
				579F9B2614679D6C00709C70 /* libz.dylib in Frameworks */,
				579F9B2414679D5A00709C70 /* CFNetwork.framework in Frameworks */,
				579F9AA914678A4E00709C70 /* UIKit.framework in Frameworks */,
				579F9AAB14678A4E00709C70 /* Foundation.framework in Frameworks */,
				579F9AAD14678A4E00709C70 /* CoreGraphics.framework in Frameworks */,
				57AD9CCE146D829200BED6A6 /* libzbar.a in Frameworks */,
			);
			runOnlyForDeploymentPostprocessing = 0;
		};
		579F9ACD14678A4E00709C70 /* Frameworks */ = {
			isa = PBXFrameworksBuildPhase;
			buildActionMask = 2147483647;
			files = (
				579F9AD314678A4E00709C70 /* SenTestingKit.framework in Frameworks */,
				579F9AD414678A4E00709C70 /* UIKit.framework in Frameworks */,
				579F9AD514678A4E00709C70 /* Foundation.framework in Frameworks */,
			);
			runOnlyForDeploymentPostprocessing = 0;
		};
/* End PBXFrameworksBuildPhase section */

/* Begin PBXGroup section */
		5737A362146DD00C00F4E2F2 /* AFNetworking */ = {
			isa = PBXGroup;
			children = (
				5737A363146DD00C00F4E2F2 /* AFHTTPClient.h */,
				5737A364146DD00C00F4E2F2 /* AFHTTPClient.m */,
				5737A365146DD00C00F4E2F2 /* AFHTTPRequestOperation.h */,
				5737A366146DD00C00F4E2F2 /* AFHTTPRequestOperation.m */,
				5737A367146DD00C00F4E2F2 /* AFImageCache.h */,
				5737A368146DD00C00F4E2F2 /* AFImageCache.m */,
				5737A369146DD00C00F4E2F2 /* AFImageRequestOperation.h */,
				5737A36A146DD00C00F4E2F2 /* AFImageRequestOperation.m */,
				5737A36B146DD00C00F4E2F2 /* AFJSONRequestOperation.h */,
				5737A36C146DD00C00F4E2F2 /* AFJSONRequestOperation.m */,
				5737A36D146DD00C00F4E2F2 /* AFJSONUtilities.h */,
				5737A36E146DD00C00F4E2F2 /* AFNetworkActivityIndicatorManager.h */,
				5737A36F146DD00C00F4E2F2 /* AFNetworkActivityIndicatorManager.m */,
				5737A370146DD00C00F4E2F2 /* AFNetworking.h */,
				5737A371146DD00C00F4E2F2 /* AFPropertyListRequestOperation.h */,
				5737A372146DD00C00F4E2F2 /* AFPropertyListRequestOperation.m */,
				5737A373146DD00C00F4E2F2 /* AFURLConnectionOperation.h */,
				5737A374146DD00C00F4E2F2 /* AFURLConnectionOperation.m */,
				5737A375146DD00C00F4E2F2 /* AFXMLRequestOperation.h */,
				5737A376146DD00C00F4E2F2 /* AFXMLRequestOperation.m */,
				5737A377146DD00C00F4E2F2 /* UIImageView+AFNetworking.h */,
				5737A378146DD00C00F4E2F2 /* UIImageView+AFNetworking.m */,
			);
			path = AFNetworking;
			sourceTree = "<group>";
		};
		5737A38B146DD48C00F4E2F2 /* TTTURLRequestFormatter */ = {
			isa = PBXGroup;
			children = (
				5737A38C146DD48C00F4E2F2 /* TTTURLRequestFormatter.h */,
				5737A38D146DD48C00F4E2F2 /* TTTURLRequestFormatter.m */,
			);
			path = TTTURLRequestFormatter;
			sourceTree = "<group>";
		};
		5737A38F146DE1B300F4E2F2 /* Resources */ = {
			isa = PBXGroup;
			children = (
				5737A390146DE1B300F4E2F2 /* sparkleshare-logo.png */,
			);
			path = Resources;
			sourceTree = "<group>";
		};
		579EE164147031EB0074B72B /* Formatters */ = {
			isa = PBXGroup;
			children = (
				57514481146F4806002D3553 /* GitInfoFormatter.h */,
				57514482146F4806002D3553 /* GitInfoFormatter.m */,
				579EE166147032230074B72B /* FileSizeFormatter.h */,
				579EE167147032230074B72B /* FileSizeFormatter.m */,
			);
			name = Formatters;
			sourceTree = "<group>";
		};
		579F9A9914678A4D00709C70 = {
			isa = PBXGroup;
			children = (
				57AD9CDC146D82CF00BED6A6 /* libiconv.dylib */,
				57AD9CDA146D82C600BED6A6 /* QuartzCore.framework */,
				57AD9CD8146D82BA00BED6A6 /* CoreVideo.framework */,
				57AD9CD6146D82B200BED6A6 /* CoreMedia.framework */,
				57AD9CD4146D82AC00BED6A6 /* AVFoundation.framework */,
				579F9B2914679D8300709C70 /* SystemConfiguration.framework */,
				579F9B2714679D7900709C70 /* MobileCoreServices.framework */,
				579F9B2514679D6C00709C70 /* libz.dylib */,
				579F9B2314679D5A00709C70 /* CFNetwork.framework */,
				579F9B0214679CF300709C70 /* libs */,
				579F9AAE14678A4E00709C70 /* SparkleShare */,
				579F9AD814678A4E00709C70 /* SparkleShareTests */,
				579F9AA714678A4E00709C70 /* Frameworks */,
				579F9AA514678A4E00709C70 /* Products */,
			);
			sourceTree = "<group>";
		};
		579F9AA514678A4E00709C70 /* Products */ = {
			isa = PBXGroup;
			children = (
				579F9AA414678A4E00709C70 /* SparkleShare.app */,
				579F9AD114678A4E00709C70 /* SparkleShareTests.octest */,
			);
			name = Products;
			sourceTree = "<group>";
		};
		579F9AA714678A4E00709C70 /* Frameworks */ = {
			isa = PBXGroup;
			children = (
				579F9AA814678A4E00709C70 /* UIKit.framework */,
				579F9AAA14678A4E00709C70 /* Foundation.framework */,
				579F9AAC14678A4E00709C70 /* CoreGraphics.framework */,
				579F9AD214678A4E00709C70 /* SenTestingKit.framework */,
			);
			name = Frameworks;
			sourceTree = "<group>";
		};
		579F9AAE14678A4E00709C70 /* SparkleShare */ = {
			isa = PBXGroup;
			children = (
				5737A38F146DE1B300F4E2F2 /* Resources */,
				57DD1C24146D620B0010B621 /* LoginInput */,
				579F9AE914678A5B00709C70 /* Model */,
				579F9AB714678A4E00709C70 /* SparkleShareAppDelegate.h */,
				579F9AB814678A4E00709C70 /* SparkleShareAppDelegate.m */,
				579F9ABA14678A4E00709C70 /* SparkleShareMasterViewController.h */,
				579F9ABB14678A4E00709C70 /* SparkleShareMasterViewController.m */,
				579EE169147034180074B72B /* FileViewController.h */,
				579EE16A147034190074B72B /* FileViewController.m */,
				579EE16B147034190074B72B /* FileViewController.xib */,
				579F9ABD14678A4E00709C70 /* SparkleShareDetailViewController.h */,
				579F9ABE14678A4E00709C70 /* SparkleShareDetailViewController.m */,
				579F9AC014678A4E00709C70 /* SparkleShareMasterViewController.xib */,
				579F9AC314678A4E00709C70 /* SparkleShareMasterViewController_iPad.xib */,
				579F9AC614678A4E00709C70 /* SparkleShareDetailViewController_iPhone.xib */,
				579F9AC914678A4E00709C70 /* SparkleShareDetailViewController_iPad.xib */,
				57514478146F3E52002D3553 /* FolderViewController.h */,
				57514479146F3E52002D3553 /* FolderViewController.m */,
				5751447A146F3E52002D3553 /* FolderViewController.xib */,
				579F9AAF14678A4E00709C70 /* Supporting Files */,
				579EE164147031EB0074B72B /* Formatters */,
			);
			path = SparkleShare;
			sourceTree = "<group>";
		};
		579F9AAF14678A4E00709C70 /* Supporting Files */ = {
			isa = PBXGroup;
			children = (
				579F9AB014678A4E00709C70 /* SparkleShare-Info.plist */,
				579F9AB114678A4E00709C70 /* InfoPlist.strings */,
				579F9AB414678A4E00709C70 /* main.m */,
				579F9AB614678A4E00709C70 /* SparkleShare-Prefix.pch */,
			);
			name = "Supporting Files";
			sourceTree = "<group>";
		};
		579F9AD814678A4E00709C70 /* SparkleShareTests */ = {
			isa = PBXGroup;
			children = (
				579F9ADE14678A4E00709C70 /* SparkleShareTests.h */,
				579F9ADF14678A4E00709C70 /* SparkleShareTests.m */,
				579F9AD914678A4E00709C70 /* Supporting Files */,
			);
			path = SparkleShareTests;
			sourceTree = "<group>";
		};
		579F9AD914678A4E00709C70 /* Supporting Files */ = {
			isa = PBXGroup;
			children = (
				579F9ADA14678A4E00709C70 /* SparkleShareTests-Info.plist */,
				579F9ADB14678A4E00709C70 /* InfoPlist.strings */,
			);
			name = "Supporting Files";
			sourceTree = "<group>";
		};
		579F9AE914678A5B00709C70 /* Model */ = {
			isa = PBXGroup;
			children = (
				579F9AED14678BC900709C70 /* SSFolder.h */,
				579F9AEE14678BC900709C70 /* SSFolder.m */,
				579F9AF014678BD900709C70 /* SSConnection.h */,
				579F9AF114678BD900709C70 /* SSConnection.m */,
				579F9AF314678BEA00709C70 /* SSItem.h */,
				579F9AF414678BEA00709C70 /* SSItem.m */,
				579F9AF914678C1B00709C70 /* SSFile.h */,
				579F9AFA14678C1B00709C70 /* SSFile.m */,
				5751447E146F3FD2002D3553 /* SSRootFolder.h */,
				5751447F146F3FD2002D3553 /* SSRootFolder.m */,
				57514484146F524B002D3553 /* SSJSONRequestOperation.h */,
				57514485146F524C002D3553 /* SSJSONRequestOperation.m */,
			);
			name = Model;
			sourceTree = "<group>";
		};
		579F9B0214679CF300709C70 /* libs */ = {
			isa = PBXGroup;
			children = (
				5737A38B146DD48C00F4E2F2 /* TTTURLRequestFormatter */,
				5737A362146DD00C00F4E2F2 /* AFNetworking */,
				57AD9CB0146D829200BED6A6 /* ZBarSDK */,
			);
			path = libs;
			sourceTree = "<group>";
		};
		57AD9CB0146D829200BED6A6 /* ZBarSDK */ = {
			isa = PBXGroup;
			children = (
				57AD9CB1146D829200BED6A6 /* Headers */,
				57AD9CC8146D829200BED6A6 /* libzbar.a */,
				57AD9CC9146D829200BED6A6 /* Resources */,
			);
			path = ZBarSDK;
			sourceTree = "<group>";
		};
		57AD9CB1146D829200BED6A6 /* Headers */ = {
			isa = PBXGroup;
			children = (
				57AD9CB2146D829200BED6A6 /* ZBarSDK */,
			);
			path = Headers;
			sourceTree = "<group>";
		};
		57AD9CB2146D829200BED6A6 /* ZBarSDK */ = {
			isa = PBXGroup;
			children = (
				57AD9CB3146D829200BED6A6 /* zbar */,
				57AD9CBD146D829200BED6A6 /* zbar.h */,
				57AD9CBE146D829200BED6A6 /* ZBarCameraSimulator.h */,
				57AD9CBF146D829200BED6A6 /* ZBarCaptureReader.h */,
				57AD9CC0146D829200BED6A6 /* ZBarHelpController.h */,
				57AD9CC1146D829200BED6A6 /* ZBarImage.h */,
				57AD9CC2146D829200BED6A6 /* ZBarImageScanner.h */,
				57AD9CC3146D829200BED6A6 /* ZBarReaderController.h */,
				57AD9CC4146D829200BED6A6 /* ZBarReaderView.h */,
				57AD9CC5146D829200BED6A6 /* ZBarReaderViewController.h */,
				57AD9CC6146D829200BED6A6 /* ZBarSDK.h */,
				57AD9CC7146D829200BED6A6 /* ZBarSymbol.h */,
			);
			path = ZBarSDK;
			sourceTree = "<group>";
		};
		57AD9CB3146D829200BED6A6 /* zbar */ = {
			isa = PBXGroup;
			children = (
				57AD9CB4146D829200BED6A6 /* Decoder.h */,
				57AD9CB5146D829200BED6A6 /* Exception.h */,
				57AD9CB6146D829200BED6A6 /* Image.h */,
				57AD9CB7146D829200BED6A6 /* ImageScanner.h */,
				57AD9CB8146D829200BED6A6 /* Processor.h */,
				57AD9CB9146D829200BED6A6 /* Scanner.h */,
				57AD9CBA146D829200BED6A6 /* Symbol.h */,
				57AD9CBB146D829200BED6A6 /* Video.h */,
				57AD9CBC146D829200BED6A6 /* Window.h */,
			);
			path = zbar;
			sourceTree = "<group>";
		};
		57AD9CC9146D829200BED6A6 /* Resources */ = {
			isa = PBXGroup;
			children = (
				57AD9CCA146D829200BED6A6 /* zbar-back.png */,
				57AD9CCB146D829200BED6A6 /* zbar-help.html */,
				57AD9CCC146D829200BED6A6 /* zbar-helpicons.png */,
				57AD9CCD146D829200BED6A6 /* zbar-samples.png */,
			);
			path = Resources;
			sourceTree = "<group>";
		};
		57DD1C24146D620B0010B621 /* LoginInput */ = {
			isa = PBXGroup;
			children = (
				57DD1C26146D62670010B621 /* LoginInputViewController.h */,
				57DD1C27146D62670010B621 /* LoginInputViewController.m */,
				57DD1C29146D63EE0010B621 /* ManualLoginInputViewController.h */,
				57DD1C2A146D63EE0010B621 /* ManualLoginInputViewController.m */,
				57DD1C2B146D63EE0010B621 /* ManualLoginInputViewController.xib */,
				57DD1C2E146D641F0010B621 /* QRCodeLoginInputViewController.h */,
				57CA6069146D8B08002B747A /* QRCodeLoginInputViewController.xib */,
				57DD1C2F146D641F0010B621 /* QRCodeLoginInputViewController.m */,
				57DD1C33146D64670010B621 /* SelectLoginInputViewController.h */,
				57DD1C34146D64670010B621 /* SelectLoginInputViewController.m */,
				57DD1C35146D64670010B621 /* SelectLoginInputViewController.xib */,
			);
			name = LoginInput;
			sourceTree = "<group>";
		};
/* End PBXGroup section */

/* Begin PBXNativeTarget section */
		579F9AA314678A4E00709C70 /* SparkleShare */ = {
			isa = PBXNativeTarget;
			buildConfigurationList = 579F9AE314678A4E00709C70 /* Build configuration list for PBXNativeTarget "SparkleShare" */;
			buildPhases = (
				579F9AA014678A4E00709C70 /* Sources */,
				579F9AA114678A4E00709C70 /* Frameworks */,
				579F9AA214678A4E00709C70 /* Resources */,
			);
			buildRules = (
			);
			dependencies = (
			);
			name = SparkleShare;
			productName = SparkleShare;
			productReference = 579F9AA414678A4E00709C70 /* SparkleShare.app */;
			productType = "com.apple.product-type.application";
		};
		579F9AD014678A4E00709C70 /* SparkleShareTests */ = {
			isa = PBXNativeTarget;
			buildConfigurationList = 579F9AE614678A4F00709C70 /* Build configuration list for PBXNativeTarget "SparkleShareTests" */;
			buildPhases = (
				579F9ACC14678A4E00709C70 /* Sources */,
				579F9ACD14678A4E00709C70 /* Frameworks */,
				579F9ACE14678A4E00709C70 /* Resources */,
				579F9ACF14678A4E00709C70 /* ShellScript */,
			);
			buildRules = (
			);
			dependencies = (
				579F9AD714678A4E00709C70 /* PBXTargetDependency */,
			);
			name = SparkleShareTests;
			productName = SparkleShareTests;
			productReference = 579F9AD114678A4E00709C70 /* SparkleShareTests.octest */;
			productType = "com.apple.product-type.bundle";
		};
/* End PBXNativeTarget section */

/* Begin PBXProject section */
		579F9A9B14678A4D00709C70 /* Project object */ = {
			isa = PBXProject;
			attributes = {
				LastUpgradeCheck = 0420;
			};
			buildConfigurationList = 579F9A9E14678A4D00709C70 /* Build configuration list for PBXProject "SparkleShare" */;
			compatibilityVersion = "Xcode 3.2";
			developmentRegion = English;
			hasScannedForEncodings = 0;
			knownRegions = (
				en,
			);
			mainGroup = 579F9A9914678A4D00709C70;
			productRefGroup = 579F9AA514678A4E00709C70 /* Products */;
			projectDirPath = "";
			projectRoot = "";
			targets = (
				579F9AA314678A4E00709C70 /* SparkleShare */,
				579F9AD014678A4E00709C70 /* SparkleShareTests */,
			);
		};
/* End PBXProject section */

/* Begin PBXResourcesBuildPhase section */
		579F9AA214678A4E00709C70 /* Resources */ = {
			isa = PBXResourcesBuildPhase;
			buildActionMask = 2147483647;
			files = (
				579F9AB314678A4E00709C70 /* InfoPlist.strings in Resources */,
				579F9AC214678A4E00709C70 /* SparkleShareMasterViewController.xib in Resources */,
				579F9AC514678A4E00709C70 /* SparkleShareMasterViewController_iPad.xib in Resources */,
				579F9AC814678A4E00709C70 /* SparkleShareDetailViewController_iPhone.xib in Resources */,
				579F9ACB14678A4E00709C70 /* SparkleShareDetailViewController_iPad.xib in Resources */,
				57DD1C2D146D63EE0010B621 /* ManualLoginInputViewController.xib in Resources */,
				57DD1C37146D64670010B621 /* SelectLoginInputViewController.xib in Resources */,
				57AD9CCF146D829200BED6A6 /* zbar-back.png in Resources */,
				57AD9CD0146D829200BED6A6 /* zbar-help.html in Resources */,
				57AD9CD1146D829200BED6A6 /* zbar-helpicons.png in Resources */,
				57AD9CD2146D829200BED6A6 /* zbar-samples.png in Resources */,
				57CA606A146D8B08002B747A /* QRCodeLoginInputViewController.xib in Resources */,
				5737A391146DE1B300F4E2F2 /* sparkleshare-logo.png in Resources */,
				5751447C146F3E52002D3553 /* FolderViewController.xib in Resources */,
				579EE16D147034190074B72B /* FileViewController.xib in Resources */,
			);
			runOnlyForDeploymentPostprocessing = 0;
		};
		579F9ACE14678A4E00709C70 /* Resources */ = {
			isa = PBXResourcesBuildPhase;
			buildActionMask = 2147483647;
			files = (
				579F9ADD14678A4E00709C70 /* InfoPlist.strings in Resources */,
			);
			runOnlyForDeploymentPostprocessing = 0;
		};
/* End PBXResourcesBuildPhase section */

/* Begin PBXShellScriptBuildPhase section */
		579F9ACF14678A4E00709C70 /* ShellScript */ = {
			isa = PBXShellScriptBuildPhase;
			buildActionMask = 2147483647;
			files = (
			);
			inputPaths = (
			);
			outputPaths = (
			);
			runOnlyForDeploymentPostprocessing = 0;
			shellPath = /bin/sh;
			shellScript = "# Run the unit tests in this test bundle.\n\"${SYSTEM_DEVELOPER_DIR}/Tools/RunUnitTests\"\n";
		};
/* End PBXShellScriptBuildPhase section */

/* Begin PBXSourcesBuildPhase section */
		579F9AA014678A4E00709C70 /* Sources */ = {
			isa = PBXSourcesBuildPhase;
			buildActionMask = 2147483647;
			files = (
				579F9AB514678A4E00709C70 /* main.m in Sources */,
				579F9AB914678A4E00709C70 /* SparkleShareAppDelegate.m in Sources */,
				579F9AEF14678BC900709C70 /* SSFolder.m in Sources */,
				579F9AF214678BD900709C70 /* SSConnection.m in Sources */,
				579F9AF514678BEA00709C70 /* SSItem.m in Sources */,
				579F9AFB14678C1B00709C70 /* SSFile.m in Sources */,
				57DD1C28146D62670010B621 /* LoginInputViewController.m in Sources */,
				57DD1C2C146D63EE0010B621 /* ManualLoginInputViewController.m in Sources */,
				57DD1C31146D641F0010B621 /* QRCodeLoginInputViewController.m in Sources */,
				57DD1C36146D64670010B621 /* SelectLoginInputViewController.m in Sources */,
				5737A379146DD00C00F4E2F2 /* AFHTTPClient.m in Sources */,
				5737A37A146DD00C00F4E2F2 /* AFHTTPRequestOperation.m in Sources */,
				5737A37B146DD00C00F4E2F2 /* AFImageCache.m in Sources */,
				5737A37C146DD00C00F4E2F2 /* AFImageRequestOperation.m in Sources */,
				5737A37D146DD00C00F4E2F2 /* AFJSONRequestOperation.m in Sources */,
				5737A37E146DD00C00F4E2F2 /* AFNetworkActivityIndicatorManager.m in Sources */,
				5737A37F146DD00C00F4E2F2 /* AFPropertyListRequestOperation.m in Sources */,
				5737A380146DD00C00F4E2F2 /* AFURLConnectionOperation.m in Sources */,
				5737A381146DD00C00F4E2F2 /* AFXMLRequestOperation.m in Sources */,
				5737A382146DD00C00F4E2F2 /* UIImageView+AFNetworking.m in Sources */,
				5737A38E146DD48C00F4E2F2 /* TTTURLRequestFormatter.m in Sources */,
				5751447B146F3E52002D3553 /* FolderViewController.m in Sources */,
				57514480146F3FD2002D3553 /* SSRootFolder.m in Sources */,
				57514483146F4806002D3553 /* GitInfoFormatter.m in Sources */,
				57514486146F524C002D3553 /* SSJSONRequestOperation.m in Sources */,
				579EE168147032230074B72B /* FileSizeFormatter.m in Sources */,
				579EE16C147034190074B72B /* FileViewController.m in Sources */,
			);
			runOnlyForDeploymentPostprocessing = 0;
		};
		579F9ACC14678A4E00709C70 /* Sources */ = {
			isa = PBXSourcesBuildPhase;
			buildActionMask = 2147483647;
			files = (
				579F9AE014678A4E00709C70 /* SparkleShareTests.m in Sources */,
			);
			runOnlyForDeploymentPostprocessing = 0;
		};
/* End PBXSourcesBuildPhase section */

/* Begin PBXTargetDependency section */
		579F9AD714678A4E00709C70 /* PBXTargetDependency */ = {
			isa = PBXTargetDependency;
			target = 579F9AA314678A4E00709C70 /* SparkleShare */;
			targetProxy = 579F9AD614678A4E00709C70 /* PBXContainerItemProxy */;
		};
/* End PBXTargetDependency section */

/* Begin PBXVariantGroup section */
		579F9AB114678A4E00709C70 /* InfoPlist.strings */ = {
			isa = PBXVariantGroup;
			children = (
				579F9AB214678A4E00709C70 /* en */,
			);
			name = InfoPlist.strings;
			sourceTree = "<group>";
		};
		579F9AC014678A4E00709C70 /* SparkleShareMasterViewController.xib */ = {
			isa = PBXVariantGroup;
			children = (
				579F9AC114678A4E00709C70 /* en */,
			);
			name = SparkleShareMasterViewController.xib;
			sourceTree = "<group>";
		};
		579F9AC314678A4E00709C70 /* SparkleShareMasterViewController_iPad.xib */ = {
			isa = PBXVariantGroup;
			children = (
				579F9AC414678A4E00709C70 /* en */,
			);
			name = SparkleShareMasterViewController_iPad.xib;
			sourceTree = "<group>";
		};
		579F9AC614678A4E00709C70 /* SparkleShareDetailViewController_iPhone.xib */ = {
			isa = PBXVariantGroup;
			children = (
				579F9AC714678A4E00709C70 /* en */,
			);
			name = SparkleShareDetailViewController_iPhone.xib;
			sourceTree = "<group>";
		};
		579F9AC914678A4E00709C70 /* SparkleShareDetailViewController_iPad.xib */ = {
			isa = PBXVariantGroup;
			children = (
				579F9ACA14678A4E00709C70 /* en */,
			);
			name = SparkleShareDetailViewController_iPad.xib;
			sourceTree = "<group>";
		};
		579F9ADB14678A4E00709C70 /* InfoPlist.strings */ = {
			isa = PBXVariantGroup;
			children = (
				579F9ADC14678A4E00709C70 /* en */,
			);
			name = InfoPlist.strings;
			sourceTree = "<group>";
		};
/* End PBXVariantGroup section */

/* Begin XCBuildConfiguration section */
		579F9AE114678A4E00709C70 /* Debug */ = {
			isa = XCBuildConfiguration;
			buildSettings = {
				ALWAYS_SEARCH_USER_PATHS = NO;
				ARCHS = "$(ARCHS_STANDARD_32_BIT)";
				CLANG_ENABLE_OBJC_ARC = YES;
				"CODE_SIGN_IDENTITY[sdk=iphoneos*]" = "iPhone Developer";
				COPY_PHASE_STRIP = NO;
				GCC_C_LANGUAGE_STANDARD = gnu99;
				GCC_DYNAMIC_NO_PIC = NO;
				GCC_OPTIMIZATION_LEVEL = 0;
				GCC_PREPROCESSOR_DEFINITIONS = (
					"DEBUG=1",
					"$(inherited)",
				);
				GCC_SYMBOLS_PRIVATE_EXTERN = NO;
				GCC_VERSION = com.apple.compilers.llvm.clang.1_0;
				GCC_WARN_ABOUT_MISSING_PROTOTYPES = YES;
				GCC_WARN_ABOUT_RETURN_TYPE = YES;
				GCC_WARN_UNUSED_VARIABLE = YES;
				IPHONEOS_DEPLOYMENT_TARGET = 5.0;
				SDKROOT = iphoneos;
				TARGETED_DEVICE_FAMILY = "1,2";
			};
			name = Debug;
		};
		579F9AE214678A4E00709C70 /* Release */ = {
			isa = XCBuildConfiguration;
			buildSettings = {
				ALWAYS_SEARCH_USER_PATHS = NO;
				ARCHS = "$(ARCHS_STANDARD_32_BIT)";
				CLANG_ENABLE_OBJC_ARC = YES;
				"CODE_SIGN_IDENTITY[sdk=iphoneos*]" = "iPhone Developer";
				COPY_PHASE_STRIP = YES;
				GCC_C_LANGUAGE_STANDARD = gnu99;
				GCC_VERSION = com.apple.compilers.llvm.clang.1_0;
				GCC_WARN_ABOUT_MISSING_PROTOTYPES = YES;
				GCC_WARN_ABOUT_RETURN_TYPE = YES;
				GCC_WARN_UNUSED_VARIABLE = YES;
				IPHONEOS_DEPLOYMENT_TARGET = 5.0;
				OTHER_CFLAGS = "-DNS_BLOCK_ASSERTIONS=1";
				SDKROOT = iphoneos;
				TARGETED_DEVICE_FAMILY = "1,2";
				VALIDATE_PRODUCT = YES;
			};
			name = Release;
		};
		579F9AE414678A4E00709C70 /* Debug */ = {
			isa = XCBuildConfiguration;
			buildSettings = {
				GCC_PRECOMPILE_PREFIX_HEADER = YES;
				GCC_PREFIX_HEADER = "SparkleShare/SparkleShare-Prefix.pch";
				INFOPLIST_FILE = "SparkleShare/SparkleShare-Info.plist";
				LIBRARY_SEARCH_PATHS = (
					"$(inherited)",
					"\"$(SRCROOT)/libs/ZBarSDK\"",
				);
				PRODUCT_NAME = "$(TARGET_NAME)";
				WRAPPER_EXTENSION = app;
			};
			name = Debug;
		};
		579F9AE514678A4E00709C70 /* Release */ = {
			isa = XCBuildConfiguration;
			buildSettings = {
				GCC_PRECOMPILE_PREFIX_HEADER = YES;
				GCC_PREFIX_HEADER = "SparkleShare/SparkleShare-Prefix.pch";
				INFOPLIST_FILE = "SparkleShare/SparkleShare-Info.plist";
				LIBRARY_SEARCH_PATHS = (
					"$(inherited)",
					"\"$(SRCROOT)/libs/ZBarSDK\"",
				);
				PRODUCT_NAME = "$(TARGET_NAME)";
				WRAPPER_EXTENSION = app;
			};
			name = Release;
		};
		579F9AE714678A4F00709C70 /* Debug */ = {
			isa = XCBuildConfiguration;
			buildSettings = {
				BUNDLE_LOADER = "$(BUILT_PRODUCTS_DIR)/SparkleShare.app/SparkleShare";
				FRAMEWORK_SEARCH_PATHS = (
					"$(SDKROOT)/Developer/Library/Frameworks",
					"$(DEVELOPER_LIBRARY_DIR)/Frameworks",
				);
				GCC_PRECOMPILE_PREFIX_HEADER = YES;
				GCC_PREFIX_HEADER = "SparkleShare/SparkleShare-Prefix.pch";
				INFOPLIST_FILE = "SparkleShareTests/SparkleShareTests-Info.plist";
				PRODUCT_NAME = "$(TARGET_NAME)";
				TEST_HOST = "$(BUNDLE_LOADER)";
				WRAPPER_EXTENSION = octest;
			};
			name = Debug;
		};
		579F9AE814678A4F00709C70 /* Release */ = {
			isa = XCBuildConfiguration;
			buildSettings = {
				BUNDLE_LOADER = "$(BUILT_PRODUCTS_DIR)/SparkleShare.app/SparkleShare";
				FRAMEWORK_SEARCH_PATHS = (
					"$(SDKROOT)/Developer/Library/Frameworks",
					"$(DEVELOPER_LIBRARY_DIR)/Frameworks",
				);
				GCC_PRECOMPILE_PREFIX_HEADER = YES;
				GCC_PREFIX_HEADER = "SparkleShare/SparkleShare-Prefix.pch";
				INFOPLIST_FILE = "SparkleShareTests/SparkleShareTests-Info.plist";
				PRODUCT_NAME = "$(TARGET_NAME)";
				TEST_HOST = "$(BUNDLE_LOADER)";
				WRAPPER_EXTENSION = octest;
			};
			name = Release;
		};
/* End XCBuildConfiguration section */

/* Begin XCConfigurationList section */
		579F9A9E14678A4D00709C70 /* Build configuration list for PBXProject "SparkleShare" */ = {
			isa = XCConfigurationList;
			buildConfigurations = (
				579F9AE114678A4E00709C70 /* Debug */,
				579F9AE214678A4E00709C70 /* Release */,
			);
			defaultConfigurationIsVisible = 0;
			defaultConfigurationName = Release;
		};
		579F9AE314678A4E00709C70 /* Build configuration list for PBXNativeTarget "SparkleShare" */ = {
			isa = XCConfigurationList;
			buildConfigurations = (
				579F9AE414678A4E00709C70 /* Debug */,
				579F9AE514678A4E00709C70 /* Release */,
			);
			defaultConfigurationIsVisible = 0;
			defaultConfigurationName = Release;
		};
		579F9AE614678A4F00709C70 /* Build configuration list for PBXNativeTarget "SparkleShareTests" */ = {
			isa = XCConfigurationList;
			buildConfigurations = (
				579F9AE714678A4F00709C70 /* Debug */,
				579F9AE814678A4F00709C70 /* Release */,
			);
			defaultConfigurationIsVisible = 0;
			defaultConfigurationName = Release;
		};
/* End XCConfigurationList section */
	};
	rootObject = 579F9A9B14678A4D00709C70 /* Project object */;
}
