// !$*UTF8*$!
{
	archiveVersion = 1;
	classes = {
	};
	objectVersion = 46;
	objects = {

/* Begin PBXBuildFile section */
		572920CD1471AB6100E4A3E8 /* SVProgressHUD.bundle in Resources */ = {isa = PBXBuildFile; fileRef = 572920BC1471AB6000E4A3E8 /* SVProgressHUD.bundle */; };
		572920CE1471AB6100E4A3E8 /* SVProgressHUD.m in Sources */ = {isa = PBXBuildFile; fileRef = 572920BE1471AB6000E4A3E8 /* SVProgressHUD.m */; settings = {COMPILER_FLAGS = "-fno-objc-arc"; }; };
		572920D91471AC6C00E4A3E8 /* StartingViewController.m in Sources */ = {isa = PBXBuildFile; fileRef = 572920D71471AC6C00E4A3E8 /* StartingViewController.m */; };
		572920DA1471AC6C00E4A3E8 /* StartingViewController.xib in Resources */ = {isa = PBXBuildFile; fileRef = 572920D81471AC6C00E4A3E8 /* StartingViewController.xib */; };
		5737A391146DE1B300F4E2F2 /* sparkleshare-logo.png in Resources */ = {isa = PBXBuildFile; fileRef = 5737A390146DE1B300F4E2F2 /* sparkleshare-logo.png */; };
		5751447B146F3E52002D3553 /* FolderViewController.m in Sources */ = {isa = PBXBuildFile; fileRef = 57514479146F3E52002D3553 /* FolderViewController.m */; };
		5751447C146F3E52002D3553 /* FolderViewController.xib in Resources */ = {isa = PBXBuildFile; fileRef = 5751447A146F3E52002D3553 /* FolderViewController.xib */; };
		57514480146F3FD2002D3553 /* SSRootFolder.m in Sources */ = {isa = PBXBuildFile; fileRef = 5751447F146F3FD2002D3553 /* SSRootFolder.m */; };
		57514483146F4806002D3553 /* GitInfoFormatter.m in Sources */ = {isa = PBXBuildFile; fileRef = 57514482146F4806002D3553 /* GitInfoFormatter.m */; };
		57514486146F524C002D3553 /* SSJSONRequestOperation.m in Sources */ = {isa = PBXBuildFile; fileRef = 57514485146F524C002D3553 /* SSJSONRequestOperation.m */; settings = {COMPILER_FLAGS = "-fno-objc-arc"; }; };
		579EE168147032230074B72B /* FileSizeFormatter.m in Sources */ = {isa = PBXBuildFile; fileRef = 579EE167147032230074B72B /* FileSizeFormatter.m */; };
		579EE16C147034190074B72B /* FileViewController.m in Sources */ = {isa = PBXBuildFile; fileRef = 579EE16A147034190074B72B /* FileViewController.m */; };
		579EE16D147034190074B72B /* FileViewController.xib in Resources */ = {isa = PBXBuildFile; fileRef = 579EE16B147034190074B72B /* FileViewController.xib */; };
		579EE16F147041280074B72B /* QuickLook.framework in Frameworks */ = {isa = PBXBuildFile; fileRef = 579EE16E147041280074B72B /* QuickLook.framework */; };
		579EE172147043940074B72B /* FilePreview.m in Sources */ = {isa = PBXBuildFile; fileRef = 579EE171147043930074B72B /* FilePreview.m */; };
		579EE175147054890074B72B /* NSString+Hashing.m in Sources */ = {isa = PBXBuildFile; fileRef = 579EE174147054890074B72B /* NSString+Hashing.m */; };
		579EE17714705F320074B72B /* Localizable.strings in Resources */ = {isa = PBXBuildFile; fileRef = 579EE17614705F320074B72B /* Localizable.strings */; };
		579EE17A147063590074B72B /* UIColor+ApplicationColors.m in Sources */ = {isa = PBXBuildFile; fileRef = 579EE179147063580074B72B /* UIColor+ApplicationColors.m */; };
		579F9AA914678A4E00709C70 /* UIKit.framework in Frameworks */ = {isa = PBXBuildFile; fileRef = 579F9AA814678A4E00709C70 /* UIKit.framework */; };
		579F9AAB14678A4E00709C70 /* Foundation.framework in Frameworks */ = {isa = PBXBuildFile; fileRef = 579F9AAA14678A4E00709C70 /* Foundation.framework */; };
		579F9AAD14678A4E00709C70 /* CoreGraphics.framework in Frameworks */ = {isa = PBXBuildFile; fileRef = 579F9AAC14678A4E00709C70 /* CoreGraphics.framework */; };
		579F9AB314678A4E00709C70 /* InfoPlist.strings in Resources */ = {isa = PBXBuildFile; fileRef = 579F9AB114678A4E00709C70 /* InfoPlist.strings */; };
		579F9AB514678A4E00709C70 /* main.m in Sources */ = {isa = PBXBuildFile; fileRef = 579F9AB414678A4E00709C70 /* main.m */; };
		579F9AB914678A4E00709C70 /* SparkleShareAppDelegate.m in Sources */ = {isa = PBXBuildFile; fileRef = 579F9AB814678A4E00709C70 /* SparkleShareAppDelegate.m */; };
		579F9AD314678A4E00709C70 /* SenTestingKit.framework in Frameworks */ = {isa = PBXBuildFile; fileRef = 579F9AD214678A4E00709C70 /* SenTestingKit.framework */; };
		579F9AD414678A4E00709C70 /* UIKit.framework in Frameworks */ = {isa = PBXBuildFile; fileRef = 579F9AA814678A4E00709C70 /* UIKit.framework */; };
		579F9AD514678A4E00709C70 /* Foundation.framework in Frameworks */ = {isa = PBXBuildFile; fileRef = 579F9AAA14678A4E00709C70 /* Foundation.framework */; };
		579F9ADD14678A4E00709C70 /* InfoPlist.strings in Resources */ = {isa = PBXBuildFile; fileRef = 579F9ADB14678A4E00709C70 /* InfoPlist.strings */; };
		579F9AE014678A4E00709C70 /* SparkleShareTests.m in Sources */ = {isa = PBXBuildFile; fileRef = 579F9ADF14678A4E00709C70 /* SparkleShareTests.m */; };
		579F9AEF14678BC900709C70 /* SSFolder.m in Sources */ = {isa = PBXBuildFile; fileRef = 579F9AEE14678BC900709C70 /* SSFolder.m */; };
		579F9AF214678BD900709C70 /* SSConnection.m in Sources */ = {isa = PBXBuildFile; fileRef = 579F9AF114678BD900709C70 /* SSConnection.m */; };
		579F9AF514678BEA00709C70 /* SSItem.m in Sources */ = {isa = PBXBuildFile; fileRef = 579F9AF414678BEA00709C70 /* SSItem.m */; };
		579F9AFB14678C1B00709C70 /* SSFile.m in Sources */ = {isa = PBXBuildFile; fileRef = 579F9AFA14678C1B00709C70 /* SSFile.m */; };
		579F9B2414679D5A00709C70 /* CFNetwork.framework in Frameworks */ = {isa = PBXBuildFile; fileRef = 579F9B2314679D5A00709C70 /* CFNetwork.framework */; };
		579F9B2614679D6C00709C70 /* libz.dylib in Frameworks */ = {isa = PBXBuildFile; fileRef = 579F9B2514679D6C00709C70 /* libz.dylib */; };
		579F9B2814679D7900709C70 /* MobileCoreServices.framework in Frameworks */ = {isa = PBXBuildFile; fileRef = 579F9B2714679D7900709C70 /* MobileCoreServices.framework */; };
		579F9B2A14679D8300709C70 /* SystemConfiguration.framework in Frameworks */ = {isa = PBXBuildFile; fileRef = 579F9B2914679D8300709C70 /* SystemConfiguration.framework */; };
		57AD9CD5146D82AC00BED6A6 /* AVFoundation.framework in Frameworks */ = {isa = PBXBuildFile; fileRef = 57AD9CD4146D82AC00BED6A6 /* AVFoundation.framework */; };
		57AD9CD7146D82B200BED6A6 /* CoreMedia.framework in Frameworks */ = {isa = PBXBuildFile; fileRef = 57AD9CD6146D82B200BED6A6 /* CoreMedia.framework */; };
		57AD9CD9146D82BA00BED6A6 /* CoreVideo.framework in Frameworks */ = {isa = PBXBuildFile; fileRef = 57AD9CD8146D82BA00BED6A6 /* CoreVideo.framework */; };
		57AD9CDB146D82C600BED6A6 /* QuartzCore.framework in Frameworks */ = {isa = PBXBuildFile; fileRef = 57AD9CDA146D82C600BED6A6 /* QuartzCore.framework */; };
		57AD9CDD146D82CF00BED6A6 /* libiconv.dylib in Frameworks */ = {isa = PBXBuildFile; fileRef = 57AD9CDC146D82CF00BED6A6 /* libiconv.dylib */; };
		57CA606A146D8B08002B747A /* QRCodeLoginInputViewController.xib in Resources */ = {isa = PBXBuildFile; fileRef = 57CA6069146D8B08002B747A /* QRCodeLoginInputViewController.xib */; };
		57DD1C28146D62670010B621 /* LoginInputViewController.m in Sources */ = {isa = PBXBuildFile; fileRef = 57DD1C27146D62670010B621 /* LoginInputViewController.m */; };
		57DD1C2C146D63EE0010B621 /* ManualLoginInputViewController.m in Sources */ = {isa = PBXBuildFile; fileRef = 57DD1C2A146D63EE0010B621 /* ManualLoginInputViewController.m */; };
		57DD1C2D146D63EE0010B621 /* ManualLoginInputViewController.xib in Resources */ = {isa = PBXBuildFile; fileRef = 57DD1C2B146D63EE0010B621 /* ManualLoginInputViewController.xib */; };
		57DD1C31146D641F0010B621 /* QRCodeLoginInputViewController.m in Sources */ = {isa = PBXBuildFile; fileRef = 57DD1C2F146D641F0010B621 /* QRCodeLoginInputViewController.m */; };
		57DD1C36146D64670010B621 /* SelectLoginInputViewController.m in Sources */ = {isa = PBXBuildFile; fileRef = 57DD1C34146D64670010B621 /* SelectLoginInputViewController.m */; };
		57DD1C37146D64670010B621 /* SelectLoginInputViewController.xib in Resources */ = {isa = PBXBuildFile; fileRef = 57DD1C35146D64670010B621 /* SelectLoginInputViewController.xib */; };
		57F73A0C1470D75D00276BF1 /* AFHTTPClient.m in Sources */ = {isa = PBXBuildFile; fileRef = 57F739741470D75C00276BF1 /* AFHTTPClient.m */; settings = {COMPILER_FLAGS = "-fno-objc-arc"; }; };
		57F73A0D1470D75D00276BF1 /* AFHTTPRequestOperation.m in Sources */ = {isa = PBXBuildFile; fileRef = 57F739761470D75C00276BF1 /* AFHTTPRequestOperation.m */; settings = {COMPILER_FLAGS = "-fno-objc-arc"; }; };
		57F73A0E1470D75D00276BF1 /* AFImageCache.m in Sources */ = {isa = PBXBuildFile; fileRef = 57F739781470D75C00276BF1 /* AFImageCache.m */; settings = {COMPILER_FLAGS = "-fno-objc-arc"; }; };
		57F73A0F1470D75D00276BF1 /* AFImageRequestOperation.m in Sources */ = {isa = PBXBuildFile; fileRef = 57F7397A1470D75C00276BF1 /* AFImageRequestOperation.m */; settings = {COMPILER_FLAGS = "-fno-objc-arc"; }; };
		57F73A101470D75D00276BF1 /* AFJSONRequestOperation.m in Sources */ = {isa = PBXBuildFile; fileRef = 57F7397C1470D75C00276BF1 /* AFJSONRequestOperation.m */; settings = {COMPILER_FLAGS = "-fno-objc-arc"; }; };
		57F73A111470D75D00276BF1 /* AFNetworkActivityIndicatorManager.m in Sources */ = {isa = PBXBuildFile; fileRef = 57F7397F1470D75C00276BF1 /* AFNetworkActivityIndicatorManager.m */; settings = {COMPILER_FLAGS = "-fno-objc-arc"; }; };
		57F73A121470D75D00276BF1 /* AFPropertyListRequestOperation.m in Sources */ = {isa = PBXBuildFile; fileRef = 57F739821470D75C00276BF1 /* AFPropertyListRequestOperation.m */; settings = {COMPILER_FLAGS = "-fno-objc-arc"; }; };
		57F73A131470D75D00276BF1 /* AFURLConnectionOperation.m in Sources */ = {isa = PBXBuildFile; fileRef = 57F739841470D75C00276BF1 /* AFURLConnectionOperation.m */; settings = {COMPILER_FLAGS = "-fno-objc-arc"; }; };
		57F73A141470D75D00276BF1 /* AFXMLRequestOperation.m in Sources */ = {isa = PBXBuildFile; fileRef = 57F739861470D75C00276BF1 /* AFXMLRequestOperation.m */; settings = {COMPILER_FLAGS = "-fno-objc-arc"; }; };
		57F73A151470D75D00276BF1 /* UIImageView+AFNetworking.m in Sources */ = {isa = PBXBuildFile; fileRef = 57F739881470D75C00276BF1 /* UIImageView+AFNetworking.m */; settings = {COMPILER_FLAGS = "-fno-objc-arc"; }; };
		57F73A421470D75D00276BF1 /* TTTArrayFormatter.m in Sources */ = {isa = PBXBuildFile; fileRef = 57F739F01470D75C00276BF1 /* TTTArrayFormatter.m */; settings = {COMPILER_FLAGS = "-fno-objc-arc"; }; };
		57F73A431470D75D00276BF1 /* TTTHoursOfOperation.m in Sources */ = {isa = PBXBuildFile; fileRef = 57F739F31470D75C00276BF1 /* TTTHoursOfOperation.m */; settings = {COMPILER_FLAGS = "-fno-objc-arc"; }; };
		57F73A441470D75D00276BF1 /* TTTLocationFormatter.m in Sources */ = {isa = PBXBuildFile; fileRef = 57F739F61470D75C00276BF1 /* TTTLocationFormatter.m */; settings = {COMPILER_FLAGS = "-fno-objc-arc"; }; };
		57F73A451470D75D00276BF1 /* TTTOrdinalNumberFormatter.m in Sources */ = {isa = PBXBuildFile; fileRef = 57F739F91470D75C00276BF1 /* TTTOrdinalNumberFormatter.m */; settings = {COMPILER_FLAGS = "-fno-objc-arc"; }; };
		57F73A461470D75D00276BF1 /* TTTTimeIntervalFormatter.m in Sources */ = {isa = PBXBuildFile; fileRef = 57F739FC1470D75C00276BF1 /* TTTTimeIntervalFormatter.m */; settings = {COMPILER_FLAGS = "-fno-objc-arc"; }; };
		57F73A471470D75D00276BF1 /* TTTURLRequestFormatter.m in Sources */ = {isa = PBXBuildFile; fileRef = 57F739FF1470D75C00276BF1 /* TTTURLRequestFormatter.m */; settings = {COMPILER_FLAGS = "-fno-objc-arc"; }; };
		57F73A6F1470D81A00276BF1 /* libzbar.a in Frameworks */ = {isa = PBXBuildFile; fileRef = 57F73A691470D81A00276BF1 /* libzbar.a */; };
		57F73A701470D81A00276BF1 /* zbar-back.png in Resources */ = {isa = PBXBuildFile; fileRef = 57F73A6B1470D81A00276BF1 /* zbar-back.png */; };
		57F73A711470D81A00276BF1 /* zbar-help.html in Resources */ = {isa = PBXBuildFile; fileRef = 57F73A6C1470D81A00276BF1 /* zbar-help.html */; };
		57F73A721470D81A00276BF1 /* zbar-helpicons.png in Resources */ = {isa = PBXBuildFile; fileRef = 57F73A6D1470D81A00276BF1 /* zbar-helpicons.png */; };
		57F73A731470D81A00276BF1 /* zbar-samples.png in Resources */ = {isa = PBXBuildFile; fileRef = 57F73A6E1470D81A00276BF1 /* zbar-samples.png */; };
/* End PBXBuildFile section */

/* Begin PBXContainerItemProxy section */
		579F9AD614678A4E00709C70 /* PBXContainerItemProxy */ = {
			isa = PBXContainerItemProxy;
			containerPortal = 579F9A9B14678A4D00709C70 /* Project object */;
			proxyType = 1;
			remoteGlobalIDString = 579F9AA314678A4E00709C70;
			remoteInfo = SparkleShare;
		};
/* End PBXContainerItemProxy section */

/* Begin PBXFileReference section */
		572920BC1471AB6000E4A3E8 /* SVProgressHUD.bundle */ = {isa = PBXFileReference; lastKnownFileType = "wrapper.plug-in"; path = SVProgressHUD.bundle; sourceTree = "<group>"; };
		572920BD1471AB6000E4A3E8 /* SVProgressHUD.h */ = {isa = PBXFileReference; fileEncoding = 4; lastKnownFileType = sourcecode.c.h; path = SVProgressHUD.h; sourceTree = "<group>"; };
		572920BE1471AB6000E4A3E8 /* SVProgressHUD.m */ = {isa = PBXFileReference; fileEncoding = 4; lastKnownFileType = sourcecode.c.objc; path = SVProgressHUD.m; sourceTree = "<group>"; };
		572920D61471AC6C00E4A3E8 /* StartingViewController.h */ = {isa = PBXFileReference; fileEncoding = 4; lastKnownFileType = sourcecode.c.h; path = StartingViewController.h; sourceTree = "<group>"; };
		572920D71471AC6C00E4A3E8 /* StartingViewController.m */ = {isa = PBXFileReference; fileEncoding = 4; lastKnownFileType = sourcecode.c.objc; path = StartingViewController.m; sourceTree = "<group>"; };
		572920D81471AC6C00E4A3E8 /* StartingViewController.xib */ = {isa = PBXFileReference; fileEncoding = 4; lastKnownFileType = file.xib; name = StartingViewController.xib; path = ../StartingViewController.xib; sourceTree = "<group>"; };
		5737A390146DE1B300F4E2F2 /* sparkleshare-logo.png */ = {isa = PBXFileReference; lastKnownFileType = image.png; path = "sparkleshare-logo.png"; sourceTree = "<group>"; };
		57514478146F3E52002D3553 /* FolderViewController.h */ = {isa = PBXFileReference; fileEncoding = 4; lastKnownFileType = sourcecode.c.h; path = FolderViewController.h; sourceTree = "<group>"; };
		57514479146F3E52002D3553 /* FolderViewController.m */ = {isa = PBXFileReference; fileEncoding = 4; lastKnownFileType = sourcecode.c.objc; path = FolderViewController.m; sourceTree = "<group>"; };
		5751447A146F3E52002D3553 /* FolderViewController.xib */ = {isa = PBXFileReference; fileEncoding = 4; lastKnownFileType = file.xib; name = FolderViewController.xib; path = ../FolderViewController.xib; sourceTree = "<group>"; };
		5751447E146F3FD2002D3553 /* SSRootFolder.h */ = {isa = PBXFileReference; fileEncoding = 4; lastKnownFileType = sourcecode.c.h; path = SSRootFolder.h; sourceTree = "<group>"; };
		5751447F146F3FD2002D3553 /* SSRootFolder.m */ = {isa = PBXFileReference; fileEncoding = 4; lastKnownFileType = sourcecode.c.objc; path = SSRootFolder.m; sourceTree = "<group>"; };
		57514481146F4806002D3553 /* GitInfoFormatter.h */ = {isa = PBXFileReference; fileEncoding = 4; lastKnownFileType = sourcecode.c.h; path = GitInfoFormatter.h; sourceTree = "<group>"; };
		57514482146F4806002D3553 /* GitInfoFormatter.m */ = {isa = PBXFileReference; fileEncoding = 4; lastKnownFileType = sourcecode.c.objc; path = GitInfoFormatter.m; sourceTree = "<group>"; };
		57514484146F524B002D3553 /* SSJSONRequestOperation.h */ = {isa = PBXFileReference; fileEncoding = 4; lastKnownFileType = sourcecode.c.h; path = SSJSONRequestOperation.h; sourceTree = "<group>"; };
		57514485146F524C002D3553 /* SSJSONRequestOperation.m */ = {isa = PBXFileReference; fileEncoding = 4; lastKnownFileType = sourcecode.c.objc; path = SSJSONRequestOperation.m; sourceTree = "<group>"; };
		579EE166147032230074B72B /* FileSizeFormatter.h */ = {isa = PBXFileReference; fileEncoding = 4; lastKnownFileType = sourcecode.c.h; path = FileSizeFormatter.h; sourceTree = "<group>"; };
		579EE167147032230074B72B /* FileSizeFormatter.m */ = {isa = PBXFileReference; fileEncoding = 4; lastKnownFileType = sourcecode.c.objc; path = FileSizeFormatter.m; sourceTree = "<group>"; };
		579EE169147034180074B72B /* FileViewController.h */ = {isa = PBXFileReference; fileEncoding = 4; lastKnownFileType = sourcecode.c.h; path = FileViewController.h; sourceTree = "<group>"; };
		579EE16A147034190074B72B /* FileViewController.m */ = {isa = PBXFileReference; fileEncoding = 4; lastKnownFileType = sourcecode.c.objc; path = FileViewController.m; sourceTree = "<group>"; };
		579EE16B147034190074B72B /* FileViewController.xib */ = {isa = PBXFileReference; fileEncoding = 4; lastKnownFileType = file.xib; name = FileViewController.xib; path = ../FileViewController.xib; sourceTree = "<group>"; };
		579EE16E147041280074B72B /* QuickLook.framework */ = {isa = PBXFileReference; lastKnownFileType = wrapper.framework; name = QuickLook.framework; path = System/Library/Frameworks/QuickLook.framework; sourceTree = SDKROOT; };
		579EE170147043930074B72B /* FilePreview.h */ = {isa = PBXFileReference; fileEncoding = 4; lastKnownFileType = sourcecode.c.h; path = FilePreview.h; sourceTree = "<group>"; };
		579EE171147043930074B72B /* FilePreview.m */ = {isa = PBXFileReference; fileEncoding = 4; lastKnownFileType = sourcecode.c.objc; path = FilePreview.m; sourceTree = "<group>"; };
		579EE173147054880074B72B /* NSString+Hashing.h */ = {isa = PBXFileReference; fileEncoding = 4; lastKnownFileType = sourcecode.c.h; path = "NSString+Hashing.h"; sourceTree = "<group>"; };
		579EE174147054890074B72B /* NSString+Hashing.m */ = {isa = PBXFileReference; fileEncoding = 4; lastKnownFileType = sourcecode.c.objc; path = "NSString+Hashing.m"; sourceTree = "<group>"; };
		579EE17614705F320074B72B /* Localizable.strings */ = {isa = PBXFileReference; fileEncoding = 4; lastKnownFileType = text.plist.strings; path = Localizable.strings; sourceTree = "<group>"; };
		579EE178147063570074B72B /* UIColor+ApplicationColors.h */ = {isa = PBXFileReference; fileEncoding = 4; lastKnownFileType = sourcecode.c.h; path = "UIColor+ApplicationColors.h"; sourceTree = "<group>"; };
		579EE179147063580074B72B /* UIColor+ApplicationColors.m */ = {isa = PBXFileReference; fileEncoding = 4; lastKnownFileType = sourcecode.c.objc; path = "UIColor+ApplicationColors.m"; sourceTree = "<group>"; };
		579F9AA414678A4E00709C70 /* SparkleShare.app */ = {isa = PBXFileReference; explicitFileType = wrapper.application; includeInIndex = 0; path = SparkleShare.app; sourceTree = BUILT_PRODUCTS_DIR; };
		579F9AA814678A4E00709C70 /* UIKit.framework */ = {isa = PBXFileReference; lastKnownFileType = wrapper.framework; name = UIKit.framework; path = System/Library/Frameworks/UIKit.framework; sourceTree = SDKROOT; };
		579F9AAA14678A4E00709C70 /* Foundation.framework */ = {isa = PBXFileReference; lastKnownFileType = wrapper.framework; name = Foundation.framework; path = System/Library/Frameworks/Foundation.framework; sourceTree = SDKROOT; };
		579F9AAC14678A4E00709C70 /* CoreGraphics.framework */ = {isa = PBXFileReference; lastKnownFileType = wrapper.framework; name = CoreGraphics.framework; path = System/Library/Frameworks/CoreGraphics.framework; sourceTree = SDKROOT; };
		579F9AB014678A4E00709C70 /* SparkleShare-Info.plist */ = {isa = PBXFileReference; lastKnownFileType = text.plist.xml; path = "SparkleShare-Info.plist"; sourceTree = "<group>"; };
		579F9AB214678A4E00709C70 /* en */ = {isa = PBXFileReference; lastKnownFileType = text.plist.strings; name = en; path = en.lproj/InfoPlist.strings; sourceTree = "<group>"; };
		579F9AB414678A4E00709C70 /* main.m */ = {isa = PBXFileReference; lastKnownFileType = sourcecode.c.objc; path = main.m; sourceTree = "<group>"; };
		579F9AB614678A4E00709C70 /* SparkleShare-Prefix.pch */ = {isa = PBXFileReference; lastKnownFileType = sourcecode.c.h; path = "SparkleShare-Prefix.pch"; sourceTree = "<group>"; };
		579F9AB714678A4E00709C70 /* SparkleShareAppDelegate.h */ = {isa = PBXFileReference; lastKnownFileType = sourcecode.c.h; path = SparkleShareAppDelegate.h; sourceTree = "<group>"; };
		579F9AB814678A4E00709C70 /* SparkleShareAppDelegate.m */ = {isa = PBXFileReference; lastKnownFileType = sourcecode.c.objc; path = SparkleShareAppDelegate.m; sourceTree = "<group>"; };
		579F9AD114678A4E00709C70 /* SparkleShareTests.octest */ = {isa = PBXFileReference; explicitFileType = wrapper.cfbundle; includeInIndex = 0; path = SparkleShareTests.octest; sourceTree = BUILT_PRODUCTS_DIR; };
		579F9AD214678A4E00709C70 /* SenTestingKit.framework */ = {isa = PBXFileReference; lastKnownFileType = wrapper.framework; name = SenTestingKit.framework; path = Library/Frameworks/SenTestingKit.framework; sourceTree = DEVELOPER_DIR; };
		579F9ADA14678A4E00709C70 /* SparkleShareTests-Info.plist */ = {isa = PBXFileReference; lastKnownFileType = text.plist.xml; path = "SparkleShareTests-Info.plist"; sourceTree = "<group>"; };
		579F9ADC14678A4E00709C70 /* en */ = {isa = PBXFileReference; lastKnownFileType = text.plist.strings; name = en; path = en.lproj/InfoPlist.strings; sourceTree = "<group>"; };
		579F9ADE14678A4E00709C70 /* SparkleShareTests.h */ = {isa = PBXFileReference; lastKnownFileType = sourcecode.c.h; path = SparkleShareTests.h; sourceTree = "<group>"; };
		579F9ADF14678A4E00709C70 /* SparkleShareTests.m */ = {isa = PBXFileReference; lastKnownFileType = sourcecode.c.objc; path = SparkleShareTests.m; sourceTree = "<group>"; };
		579F9AED14678BC900709C70 /* SSFolder.h */ = {isa = PBXFileReference; fileEncoding = 4; lastKnownFileType = sourcecode.c.h; path = SSFolder.h; sourceTree = "<group>"; };
		579F9AEE14678BC900709C70 /* SSFolder.m */ = {isa = PBXFileReference; fileEncoding = 4; lastKnownFileType = sourcecode.c.objc; path = SSFolder.m; sourceTree = "<group>"; };
		579F9AF014678BD900709C70 /* SSConnection.h */ = {isa = PBXFileReference; fileEncoding = 4; lastKnownFileType = sourcecode.c.h; path = SSConnection.h; sourceTree = "<group>"; };
		579F9AF114678BD900709C70 /* SSConnection.m */ = {isa = PBXFileReference; fileEncoding = 4; lastKnownFileType = sourcecode.c.objc; path = SSConnection.m; sourceTree = "<group>"; };
		579F9AF314678BEA00709C70 /* SSItem.h */ = {isa = PBXFileReference; fileEncoding = 4; lastKnownFileType = sourcecode.c.h; path = SSItem.h; sourceTree = "<group>"; };
		579F9AF414678BEA00709C70 /* SSItem.m */ = {isa = PBXFileReference; fileEncoding = 4; lastKnownFileType = sourcecode.c.objc; path = SSItem.m; sourceTree = "<group>"; };
		579F9AF914678C1B00709C70 /* SSFile.h */ = {isa = PBXFileReference; fileEncoding = 4; lastKnownFileType = sourcecode.c.h; path = SSFile.h; sourceTree = "<group>"; };
		579F9AFA14678C1B00709C70 /* SSFile.m */ = {isa = PBXFileReference; fileEncoding = 4; lastKnownFileType = sourcecode.c.objc; path = SSFile.m; sourceTree = "<group>"; };
		579F9B2314679D5A00709C70 /* CFNetwork.framework */ = {isa = PBXFileReference; lastKnownFileType = wrapper.framework; name = CFNetwork.framework; path = System/Library/Frameworks/CFNetwork.framework; sourceTree = SDKROOT; };
		579F9B2514679D6C00709C70 /* libz.dylib */ = {isa = PBXFileReference; lastKnownFileType = "compiled.mach-o.dylib"; name = libz.dylib; path = usr/lib/libz.dylib; sourceTree = SDKROOT; };
		579F9B2714679D7900709C70 /* MobileCoreServices.framework */ = {isa = PBXFileReference; lastKnownFileType = wrapper.framework; name = MobileCoreServices.framework; path = System/Library/Frameworks/MobileCoreServices.framework; sourceTree = SDKROOT; };
		579F9B2914679D8300709C70 /* SystemConfiguration.framework */ = {isa = PBXFileReference; lastKnownFileType = wrapper.framework; name = SystemConfiguration.framework; path = System/Library/Frameworks/SystemConfiguration.framework; sourceTree = SDKROOT; };
		57AD9CD4146D82AC00BED6A6 /* AVFoundation.framework */ = {isa = PBXFileReference; lastKnownFileType = wrapper.framework; name = AVFoundation.framework; path = System/Library/Frameworks/AVFoundation.framework; sourceTree = SDKROOT; };
		57AD9CD6146D82B200BED6A6 /* CoreMedia.framework */ = {isa = PBXFileReference; lastKnownFileType = wrapper.framework; name = CoreMedia.framework; path = System/Library/Frameworks/CoreMedia.framework; sourceTree = SDKROOT; };
		57AD9CD8146D82BA00BED6A6 /* CoreVideo.framework */ = {isa = PBXFileReference; lastKnownFileType = wrapper.framework; name = CoreVideo.framework; path = System/Library/Frameworks/CoreVideo.framework; sourceTree = SDKROOT; };
		57AD9CDA146D82C600BED6A6 /* QuartzCore.framework */ = {isa = PBXFileReference; lastKnownFileType = wrapper.framework; name = QuartzCore.framework; path = System/Library/Frameworks/QuartzCore.framework; sourceTree = SDKROOT; };
		57AD9CDC146D82CF00BED6A6 /* libiconv.dylib */ = {isa = PBXFileReference; lastKnownFileType = "compiled.mach-o.dylib"; name = libiconv.dylib; path = usr/lib/libiconv.dylib; sourceTree = SDKROOT; };
		57CA6069146D8B08002B747A /* QRCodeLoginInputViewController.xib */ = {isa = PBXFileReference; fileEncoding = 4; lastKnownFileType = file.xib; name = QRCodeLoginInputViewController.xib; path = ../QRCodeLoginInputViewController.xib; sourceTree = "<group>"; };
		57DD1C26146D62670010B621 /* LoginInputViewController.h */ = {isa = PBXFileReference; fileEncoding = 4; lastKnownFileType = sourcecode.c.h; path = LoginInputViewController.h; sourceTree = "<group>"; };
		57DD1C27146D62670010B621 /* LoginInputViewController.m */ = {isa = PBXFileReference; fileEncoding = 4; lastKnownFileType = sourcecode.c.objc; path = LoginInputViewController.m; sourceTree = "<group>"; };
		57DD1C29146D63EE0010B621 /* ManualLoginInputViewController.h */ = {isa = PBXFileReference; fileEncoding = 4; lastKnownFileType = sourcecode.c.h; path = ManualLoginInputViewController.h; sourceTree = "<group>"; };
		57DD1C2A146D63EE0010B621 /* ManualLoginInputViewController.m */ = {isa = PBXFileReference; fileEncoding = 4; lastKnownFileType = sourcecode.c.objc; path = ManualLoginInputViewController.m; sourceTree = "<group>"; };
		57DD1C2B146D63EE0010B621 /* ManualLoginInputViewController.xib */ = {isa = PBXFileReference; fileEncoding = 4; lastKnownFileType = file.xib; name = ManualLoginInputViewController.xib; path = ../ManualLoginInputViewController.xib; sourceTree = "<group>"; };
		57DD1C2E146D641F0010B621 /* QRCodeLoginInputViewController.h */ = {isa = PBXFileReference; fileEncoding = 4; lastKnownFileType = sourcecode.c.h; path = QRCodeLoginInputViewController.h; sourceTree = "<group>"; };
		57DD1C2F146D641F0010B621 /* QRCodeLoginInputViewController.m */ = {isa = PBXFileReference; fileEncoding = 4; lastKnownFileType = sourcecode.c.objc; path = QRCodeLoginInputViewController.m; sourceTree = "<group>"; };
		57DD1C33146D64670010B621 /* SelectLoginInputViewController.h */ = {isa = PBXFileReference; fileEncoding = 4; lastKnownFileType = sourcecode.c.h; path = SelectLoginInputViewController.h; sourceTree = "<group>"; };
		57DD1C34146D64670010B621 /* SelectLoginInputViewController.m */ = {isa = PBXFileReference; fileEncoding = 4; lastKnownFileType = sourcecode.c.objc; path = SelectLoginInputViewController.m; sourceTree = "<group>"; };
		57DD1C35146D64670010B621 /* SelectLoginInputViewController.xib */ = {isa = PBXFileReference; fileEncoding = 4; lastKnownFileType = file.xib; name = SelectLoginInputViewController.xib; path = ../SelectLoginInputViewController.xib; sourceTree = "<group>"; };
		57F739731470D75C00276BF1 /* AFHTTPClient.h */ = {isa = PBXFileReference; fileEncoding = 4; lastKnownFileType = sourcecode.c.h; path = AFHTTPClient.h; sourceTree = "<group>"; };
		57F739741470D75C00276BF1 /* AFHTTPClient.m */ = {isa = PBXFileReference; fileEncoding = 4; lastKnownFileType = sourcecode.c.objc; path = AFHTTPClient.m; sourceTree = "<group>"; };
		57F739751470D75C00276BF1 /* AFHTTPRequestOperation.h */ = {isa = PBXFileReference; fileEncoding = 4; lastKnownFileType = sourcecode.c.h; path = AFHTTPRequestOperation.h; sourceTree = "<group>"; };
		57F739761470D75C00276BF1 /* AFHTTPRequestOperation.m */ = {isa = PBXFileReference; fileEncoding = 4; lastKnownFileType = sourcecode.c.objc; path = AFHTTPRequestOperation.m; sourceTree = "<group>"; };
		57F739771470D75C00276BF1 /* AFImageCache.h */ = {isa = PBXFileReference; fileEncoding = 4; lastKnownFileType = sourcecode.c.h; path = AFImageCache.h; sourceTree = "<group>"; };
		57F739781470D75C00276BF1 /* AFImageCache.m */ = {isa = PBXFileReference; fileEncoding = 4; lastKnownFileType = sourcecode.c.objc; path = AFImageCache.m; sourceTree = "<group>"; };
		57F739791470D75C00276BF1 /* AFImageRequestOperation.h */ = {isa = PBXFileReference; fileEncoding = 4; lastKnownFileType = sourcecode.c.h; path = AFImageRequestOperation.h; sourceTree = "<group>"; };
		57F7397A1470D75C00276BF1 /* AFImageRequestOperation.m */ = {isa = PBXFileReference; fileEncoding = 4; lastKnownFileType = sourcecode.c.objc; path = AFImageRequestOperation.m; sourceTree = "<group>"; };
		57F7397B1470D75C00276BF1 /* AFJSONRequestOperation.h */ = {isa = PBXFileReference; fileEncoding = 4; lastKnownFileType = sourcecode.c.h; path = AFJSONRequestOperation.h; sourceTree = "<group>"; };
		57F7397C1470D75C00276BF1 /* AFJSONRequestOperation.m */ = {isa = PBXFileReference; fileEncoding = 4; lastKnownFileType = sourcecode.c.objc; path = AFJSONRequestOperation.m; sourceTree = "<group>"; };
		57F7397D1470D75C00276BF1 /* AFJSONUtilities.h */ = {isa = PBXFileReference; fileEncoding = 4; lastKnownFileType = sourcecode.c.h; path = AFJSONUtilities.h; sourceTree = "<group>"; };
		57F7397E1470D75C00276BF1 /* AFNetworkActivityIndicatorManager.h */ = {isa = PBXFileReference; fileEncoding = 4; lastKnownFileType = sourcecode.c.h; path = AFNetworkActivityIndicatorManager.h; sourceTree = "<group>"; };
		57F7397F1470D75C00276BF1 /* AFNetworkActivityIndicatorManager.m */ = {isa = PBXFileReference; fileEncoding = 4; lastKnownFileType = sourcecode.c.objc; path = AFNetworkActivityIndicatorManager.m; sourceTree = "<group>"; };
		57F739801470D75C00276BF1 /* AFNetworking.h */ = {isa = PBXFileReference; fileEncoding = 4; lastKnownFileType = sourcecode.c.h; path = AFNetworking.h; sourceTree = "<group>"; };
		57F739811470D75C00276BF1 /* AFPropertyListRequestOperation.h */ = {isa = PBXFileReference; fileEncoding = 4; lastKnownFileType = sourcecode.c.h; path = AFPropertyListRequestOperation.h; sourceTree = "<group>"; };
		57F739821470D75C00276BF1 /* AFPropertyListRequestOperation.m */ = {isa = PBXFileReference; fileEncoding = 4; lastKnownFileType = sourcecode.c.objc; path = AFPropertyListRequestOperation.m; sourceTree = "<group>"; };
		57F739831470D75C00276BF1 /* AFURLConnectionOperation.h */ = {isa = PBXFileReference; fileEncoding = 4; lastKnownFileType = sourcecode.c.h; path = AFURLConnectionOperation.h; sourceTree = "<group>"; };
		57F739841470D75C00276BF1 /* AFURLConnectionOperation.m */ = {isa = PBXFileReference; fileEncoding = 4; lastKnownFileType = sourcecode.c.objc; path = AFURLConnectionOperation.m; sourceTree = "<group>"; };
		57F739851470D75C00276BF1 /* AFXMLRequestOperation.h */ = {isa = PBXFileReference; fileEncoding = 4; lastKnownFileType = sourcecode.c.h; path = AFXMLRequestOperation.h; sourceTree = "<group>"; };
		57F739861470D75C00276BF1 /* AFXMLRequestOperation.m */ = {isa = PBXFileReference; fileEncoding = 4; lastKnownFileType = sourcecode.c.objc; path = AFXMLRequestOperation.m; sourceTree = "<group>"; };
		57F739871470D75C00276BF1 /* UIImageView+AFNetworking.h */ = {isa = PBXFileReference; fileEncoding = 4; lastKnownFileType = sourcecode.c.h; path = "UIImageView+AFNetworking.h"; sourceTree = "<group>"; };
		57F739881470D75C00276BF1 /* UIImageView+AFNetworking.m */ = {isa = PBXFileReference; fileEncoding = 4; lastKnownFileType = sourcecode.c.objc; path = "UIImageView+AFNetworking.m"; sourceTree = "<group>"; };
		57F739EF1470D75C00276BF1 /* TTTArrayFormatter.h */ = {isa = PBXFileReference; fileEncoding = 4; lastKnownFileType = sourcecode.c.h; path = TTTArrayFormatter.h; sourceTree = "<group>"; };
		57F739F01470D75C00276BF1 /* TTTArrayFormatter.m */ = {isa = PBXFileReference; fileEncoding = 4; lastKnownFileType = sourcecode.c.objc; path = TTTArrayFormatter.m; sourceTree = "<group>"; };
		57F739F21470D75C00276BF1 /* TTTHoursOfOperation.h */ = {isa = PBXFileReference; fileEncoding = 4; lastKnownFileType = sourcecode.c.h; path = TTTHoursOfOperation.h; sourceTree = "<group>"; };
		57F739F31470D75C00276BF1 /* TTTHoursOfOperation.m */ = {isa = PBXFileReference; fileEncoding = 4; lastKnownFileType = sourcecode.c.objc; path = TTTHoursOfOperation.m; sourceTree = "<group>"; };
		57F739F51470D75C00276BF1 /* TTTLocationFormatter.h */ = {isa = PBXFileReference; fileEncoding = 4; lastKnownFileType = sourcecode.c.h; path = TTTLocationFormatter.h; sourceTree = "<group>"; };
		57F739F61470D75C00276BF1 /* TTTLocationFormatter.m */ = {isa = PBXFileReference; fileEncoding = 4; lastKnownFileType = sourcecode.c.objc; path = TTTLocationFormatter.m; sourceTree = "<group>"; };
		57F739F81470D75C00276BF1 /* TTTOrdinalNumberFormatter.h */ = {isa = PBXFileReference; fileEncoding = 4; lastKnownFileType = sourcecode.c.h; path = TTTOrdinalNumberFormatter.h; sourceTree = "<group>"; };
		57F739F91470D75C00276BF1 /* TTTOrdinalNumberFormatter.m */ = {isa = PBXFileReference; fileEncoding = 4; lastKnownFileType = sourcecode.c.objc; path = TTTOrdinalNumberFormatter.m; sourceTree = "<group>"; };
		57F739FB1470D75C00276BF1 /* TTTTimeIntervalFormatter.h */ = {isa = PBXFileReference; fileEncoding = 4; lastKnownFileType = sourcecode.c.h; path = TTTTimeIntervalFormatter.h; sourceTree = "<group>"; };
		57F739FC1470D75C00276BF1 /* TTTTimeIntervalFormatter.m */ = {isa = PBXFileReference; fileEncoding = 4; lastKnownFileType = sourcecode.c.objc; path = TTTTimeIntervalFormatter.m; sourceTree = "<group>"; };
		57F739FE1470D75C00276BF1 /* TTTURLRequestFormatter.h */ = {isa = PBXFileReference; fileEncoding = 4; lastKnownFileType = sourcecode.c.h; path = TTTURLRequestFormatter.h; sourceTree = "<group>"; };
		57F739FF1470D75C00276BF1 /* TTTURLRequestFormatter.m */ = {isa = PBXFileReference; fileEncoding = 4; lastKnownFileType = sourcecode.c.objc; path = TTTURLRequestFormatter.m; sourceTree = "<group>"; };
		57F73A551470D81A00276BF1 /* Decoder.h */ = {isa = PBXFileReference; fileEncoding = 4; lastKnownFileType = sourcecode.c.h; path = Decoder.h; sourceTree = "<group>"; };
		57F73A561470D81A00276BF1 /* Exception.h */ = {isa = PBXFileReference; fileEncoding = 4; lastKnownFileType = sourcecode.c.h; path = Exception.h; sourceTree = "<group>"; };
		57F73A571470D81A00276BF1 /* Image.h */ = {isa = PBXFileReference; fileEncoding = 4; lastKnownFileType = sourcecode.c.h; path = Image.h; sourceTree = "<group>"; };
		57F73A581470D81A00276BF1 /* ImageScanner.h */ = {isa = PBXFileReference; fileEncoding = 4; lastKnownFileType = sourcecode.c.h; path = ImageScanner.h; sourceTree = "<group>"; };
		57F73A591470D81A00276BF1 /* Processor.h */ = {isa = PBXFileReference; fileEncoding = 4; lastKnownFileType = sourcecode.c.h; path = Processor.h; sourceTree = "<group>"; };
		57F73A5A1470D81A00276BF1 /* Scanner.h */ = {isa = PBXFileReference; fileEncoding = 4; lastKnownFileType = sourcecode.c.h; path = Scanner.h; sourceTree = "<group>"; };
		57F73A5B1470D81A00276BF1 /* Symbol.h */ = {isa = PBXFileReference; fileEncoding = 4; lastKnownFileType = sourcecode.c.h; path = Symbol.h; sourceTree = "<group>"; };
		57F73A5C1470D81A00276BF1 /* Video.h */ = {isa = PBXFileReference; fileEncoding = 4; lastKnownFileType = sourcecode.c.h; path = Video.h; sourceTree = "<group>"; };
		57F73A5D1470D81A00276BF1 /* Window.h */ = {isa = PBXFileReference; fileEncoding = 4; lastKnownFileType = sourcecode.c.h; path = Window.h; sourceTree = "<group>"; };
		57F73A5E1470D81A00276BF1 /* zbar.h */ = {isa = PBXFileReference; fileEncoding = 4; lastKnownFileType = sourcecode.c.h; path = zbar.h; sourceTree = "<group>"; };
		57F73A5F1470D81A00276BF1 /* ZBarCameraSimulator.h */ = {isa = PBXFileReference; fileEncoding = 4; lastKnownFileType = sourcecode.c.h; path = ZBarCameraSimulator.h; sourceTree = "<group>"; };
		57F73A601470D81A00276BF1 /* ZBarCaptureReader.h */ = {isa = PBXFileReference; fileEncoding = 4; lastKnownFileType = sourcecode.c.h; path = ZBarCaptureReader.h; sourceTree = "<group>"; };
		57F73A611470D81A00276BF1 /* ZBarHelpController.h */ = {isa = PBXFileReference; fileEncoding = 4; lastKnownFileType = sourcecode.c.h; path = ZBarHelpController.h; sourceTree = "<group>"; };
		57F73A621470D81A00276BF1 /* ZBarImage.h */ = {isa = PBXFileReference; fileEncoding = 4; lastKnownFileType = sourcecode.c.h; path = ZBarImage.h; sourceTree = "<group>"; };
		57F73A631470D81A00276BF1 /* ZBarImageScanner.h */ = {isa = PBXFileReference; fileEncoding = 4; lastKnownFileType = sourcecode.c.h; path = ZBarImageScanner.h; sourceTree = "<group>"; };
		57F73A641470D81A00276BF1 /* ZBarReaderController.h */ = {isa = PBXFileReference; fileEncoding = 4; lastKnownFileType = sourcecode.c.h; path = ZBarReaderController.h; sourceTree = "<group>"; };
		57F73A651470D81A00276BF1 /* ZBarReaderView.h */ = {isa = PBXFileReference; fileEncoding = 4; lastKnownFileType = sourcecode.c.h; path = ZBarReaderView.h; sourceTree = "<group>"; };
		57F73A661470D81A00276BF1 /* ZBarReaderViewController.h */ = {isa = PBXFileReference; fileEncoding = 4; lastKnownFileType = sourcecode.c.h; path = ZBarReaderViewController.h; sourceTree = "<group>"; };
		57F73A671470D81A00276BF1 /* ZBarSDK.h */ = {isa = PBXFileReference; fileEncoding = 4; lastKnownFileType = sourcecode.c.h; path = ZBarSDK.h; sourceTree = "<group>"; };
		57F73A681470D81A00276BF1 /* ZBarSymbol.h */ = {isa = PBXFileReference; fileEncoding = 4; lastKnownFileType = sourcecode.c.h; path = ZBarSymbol.h; sourceTree = "<group>"; };
		57F73A691470D81A00276BF1 /* libzbar.a */ = {isa = PBXFileReference; lastKnownFileType = archive.ar; path = libzbar.a; sourceTree = "<group>"; };
		57F73A6B1470D81A00276BF1 /* zbar-back.png */ = {isa = PBXFileReference; lastKnownFileType = image.png; path = "zbar-back.png"; sourceTree = "<group>"; };
		57F73A6C1470D81A00276BF1 /* zbar-help.html */ = {isa = PBXFileReference; fileEncoding = 4; lastKnownFileType = text.html; path = "zbar-help.html"; sourceTree = "<group>"; };
		57F73A6D1470D81A00276BF1 /* zbar-helpicons.png */ = {isa = PBXFileReference; lastKnownFileType = image.png; path = "zbar-helpicons.png"; sourceTree = "<group>"; };
		57F73A6E1470D81A00276BF1 /* zbar-samples.png */ = {isa = PBXFileReference; lastKnownFileType = image.png; path = "zbar-samples.png"; sourceTree = "<group>"; };
/* End PBXFileReference section */

/* Begin PBXFrameworksBuildPhase section */
		579F9AA114678A4E00709C70 /* Frameworks */ = {
			isa = PBXFrameworksBuildPhase;
			buildActionMask = 2147483647;
			files = (
				579EE16F147041280074B72B /* QuickLook.framework in Frameworks */,
				57AD9CDD146D82CF00BED6A6 /* libiconv.dylib in Frameworks */,
				57AD9CDB146D82C600BED6A6 /* QuartzCore.framework in Frameworks */,
				57AD9CD9146D82BA00BED6A6 /* CoreVideo.framework in Frameworks */,
				57AD9CD7146D82B200BED6A6 /* CoreMedia.framework in Frameworks */,
				57AD9CD5146D82AC00BED6A6 /* AVFoundation.framework in Frameworks */,
				579F9B2A14679D8300709C70 /* SystemConfiguration.framework in Frameworks */,
				579F9B2814679D7900709C70 /* MobileCoreServices.framework in Frameworks */,
				579F9B2614679D6C00709C70 /* libz.dylib in Frameworks */,
				579F9B2414679D5A00709C70 /* CFNetwork.framework in Frameworks */,
				579F9AA914678A4E00709C70 /* UIKit.framework in Frameworks */,
				579F9AAB14678A4E00709C70 /* Foundation.framework in Frameworks */,
				579F9AAD14678A4E00709C70 /* CoreGraphics.framework in Frameworks */,
				57F73A6F1470D81A00276BF1 /* libzbar.a in Frameworks */,
			);
			runOnlyForDeploymentPostprocessing = 0;
		};
		579F9ACD14678A4E00709C70 /* Frameworks */ = {
			isa = PBXFrameworksBuildPhase;
			buildActionMask = 2147483647;
			files = (
				579F9AD314678A4E00709C70 /* SenTestingKit.framework in Frameworks */,
				579F9AD414678A4E00709C70 /* UIKit.framework in Frameworks */,
				579F9AD514678A4E00709C70 /* Foundation.framework in Frameworks */,
			);
			runOnlyForDeploymentPostprocessing = 0;
		};
/* End PBXFrameworksBuildPhase section */

/* Begin PBXGroup section */
		572920A71471AB6000E4A3E8 /* SVProgressHUD */ = {
			isa = PBXGroup;
			children = (
				572920BB1471AB6000E4A3E8 /* SVProgressHUD */,
			);
			path = SVProgressHUD;
			sourceTree = "<group>";
		};
		572920BB1471AB6000E4A3E8 /* SVProgressHUD */ = {
			isa = PBXGroup;
			children = (
				572920BC1471AB6000E4A3E8 /* SVProgressHUD.bundle */,
				572920BD1471AB6000E4A3E8 /* SVProgressHUD.h */,
				572920BE1471AB6000E4A3E8 /* SVProgressHUD.m */,
			);
			path = SVProgressHUD;
			sourceTree = "<group>";
		};
		572920D31471ABA400E4A3E8 /* Classes */ = {
			isa = PBXGroup;
			children = (
				572920D51471ABED00E4A3E8 /* Supporting */,
				572920D41471ABD600E4A3E8 /* Views */,
				579F9AE914678A5B00709C70 /* Model */,
			);
			name = Classes;
			sourceTree = "<group>";
		};
		572920D41471ABD600E4A3E8 /* Views */ = {
			isa = PBXGroup;
			children = (
				579F9AB714678A4E00709C70 /* SparkleShareAppDelegate.h */,
				579F9AB814678A4E00709C70 /* SparkleShareAppDelegate.m */,
				579EE169147034180074B72B /* FileViewController.h */,
				579EE16A147034190074B72B /* FileViewController.m */,
				57514478146F3E52002D3553 /* FolderViewController.h */,
				57514479146F3E52002D3553 /* FolderViewController.m */,
				579EE170147043930074B72B /* FilePreview.h */,
				579EE171147043930074B72B /* FilePreview.m */,
				57DD1C24146D620B0010B621 /* LoginInput */,
				572920D61471AC6C00E4A3E8 /* StartingViewController.h */,
				572920D71471AC6C00E4A3E8 /* StartingViewController.m */,
			);
			name = Views;
			sourceTree = "<group>";
		};
		572920D51471ABED00E4A3E8 /* Supporting */ = {
			isa = PBXGroup;
			children = (
				579EE178147063570074B72B /* UIColor+ApplicationColors.h */,
				579EE179147063580074B72B /* UIColor+ApplicationColors.m */,
				579EE173147054880074B72B /* NSString+Hashing.h */,
				579EE174147054890074B72B /* NSString+Hashing.m */,
				579EE164147031EB0074B72B /* Formatters */,
			);
			name = Supporting;
			sourceTree = "<group>";
		};
		5737A38F146DE1B300F4E2F2 /* Resources */ = {
			isa = PBXGroup;
			children = (
				572920D81471AC6C00E4A3E8 /* StartingViewController.xib */,
				57DD1C2B146D63EE0010B621 /* ManualLoginInputViewController.xib */,
				57CA6069146D8B08002B747A /* QRCodeLoginInputViewController.xib */,
				57DD1C35146D64670010B621 /* SelectLoginInputViewController.xib */,
				579EE16B147034190074B72B /* FileViewController.xib */,
				5751447A146F3E52002D3553 /* FolderViewController.xib */,
				5737A390146DE1B300F4E2F2 /* sparkleshare-logo.png */,
				579EE17614705F320074B72B /* Localizable.strings */,
			);
			path = Resources;
			sourceTree = "<group>";
		};
		579BC0A81470CD4100BB8233 /* libs */ = {
			isa = PBXGroup;
			children = (
				572920A71471AB6000E4A3E8 /* SVProgressHUD */,
				57F73A511470D81A00276BF1 /* ZBarSDK */,
				57F739711470D75C00276BF1 /* AFNetworking */,
				57F739CF1470D75C00276BF1 /* FormatterKit */,
			);
			path = libs;
			sourceTree = "<group>";
		};
		579EE164147031EB0074B72B /* Formatters */ = {
			isa = PBXGroup;
			children = (
				57514481146F4806002D3553 /* GitInfoFormatter.h */,
				57514482146F4806002D3553 /* GitInfoFormatter.m */,
				579EE166147032230074B72B /* FileSizeFormatter.h */,
				579EE167147032230074B72B /* FileSizeFormatter.m */,
			);
			name = Formatters;
			sourceTree = "<group>";
		};
		579F9A9914678A4D00709C70 = {
			isa = PBXGroup;
			children = (
				579EE16E147041280074B72B /* QuickLook.framework */,
				57AD9CDC146D82CF00BED6A6 /* libiconv.dylib */,
				57AD9CDA146D82C600BED6A6 /* QuartzCore.framework */,
				57AD9CD8146D82BA00BED6A6 /* CoreVideo.framework */,
				57AD9CD6146D82B200BED6A6 /* CoreMedia.framework */,
				57AD9CD4146D82AC00BED6A6 /* AVFoundation.framework */,
				579F9B2914679D8300709C70 /* SystemConfiguration.framework */,
				579F9B2714679D7900709C70 /* MobileCoreServices.framework */,
				579F9B2514679D6C00709C70 /* libz.dylib */,
				579F9B2314679D5A00709C70 /* CFNetwork.framework */,
				579F9AAE14678A4E00709C70 /* SparkleShare */,
				579F9AD814678A4E00709C70 /* SparkleShareTests */,
				579F9AA714678A4E00709C70 /* Frameworks */,
				579F9AA514678A4E00709C70 /* Products */,
				579BC0A81470CD4100BB8233 /* libs */,
			);
			sourceTree = "<group>";
		};
		579F9AA514678A4E00709C70 /* Products */ = {
			isa = PBXGroup;
			children = (
				579F9AA414678A4E00709C70 /* SparkleShare.app */,
				579F9AD114678A4E00709C70 /* SparkleShareTests.octest */,
			);
			name = Products;
			sourceTree = "<group>";
		};
		579F9AA714678A4E00709C70 /* Frameworks */ = {
			isa = PBXGroup;
			children = (
				579F9AA814678A4E00709C70 /* UIKit.framework */,
				579F9AAA14678A4E00709C70 /* Foundation.framework */,
				579F9AAC14678A4E00709C70 /* CoreGraphics.framework */,
				579F9AD214678A4E00709C70 /* SenTestingKit.framework */,
			);
			name = Frameworks;
			sourceTree = "<group>";
		};
		579F9AAE14678A4E00709C70 /* SparkleShare */ = {
			isa = PBXGroup;
			children = (
				572920D31471ABA400E4A3E8 /* Classes */,
				5737A38F146DE1B300F4E2F2 /* Resources */,
				579F9AAF14678A4E00709C70 /* Supporting Files */,
			);
			path = SparkleShare;
			sourceTree = "<group>";
		};
		579F9AAF14678A4E00709C70 /* Supporting Files */ = {
			isa = PBXGroup;
			children = (
				579F9AB014678A4E00709C70 /* SparkleShare-Info.plist */,
				579F9AB114678A4E00709C70 /* InfoPlist.strings */,
				579F9AB414678A4E00709C70 /* main.m */,
				579F9AB614678A4E00709C70 /* SparkleShare-Prefix.pch */,
			);
			name = "Supporting Files";
			sourceTree = "<group>";
		};
		579F9AD814678A4E00709C70 /* SparkleShareTests */ = {
			isa = PBXGroup;
			children = (
				579F9ADE14678A4E00709C70 /* SparkleShareTests.h */,
				579F9ADF14678A4E00709C70 /* SparkleShareTests.m */,
				579F9AD914678A4E00709C70 /* Supporting Files */,
			);
			path = SparkleShareTests;
			sourceTree = "<group>";
		};
		579F9AD914678A4E00709C70 /* Supporting Files */ = {
			isa = PBXGroup;
			children = (
				579F9ADA14678A4E00709C70 /* SparkleShareTests-Info.plist */,
				579F9ADB14678A4E00709C70 /* InfoPlist.strings */,
			);
			name = "Supporting Files";
			sourceTree = "<group>";
		};
		579F9AE914678A5B00709C70 /* Model */ = {
			isa = PBXGroup;
			children = (
				579F9AED14678BC900709C70 /* SSFolder.h */,
				579F9AEE14678BC900709C70 /* SSFolder.m */,
				579F9AF014678BD900709C70 /* SSConnection.h */,
				579F9AF114678BD900709C70 /* SSConnection.m */,
				579F9AF314678BEA00709C70 /* SSItem.h */,
				579F9AF414678BEA00709C70 /* SSItem.m */,
				579F9AF914678C1B00709C70 /* SSFile.h */,
				579F9AFA14678C1B00709C70 /* SSFile.m */,
				5751447E146F3FD2002D3553 /* SSRootFolder.h */,
				5751447F146F3FD2002D3553 /* SSRootFolder.m */,
				57514484146F524B002D3553 /* SSJSONRequestOperation.h */,
				57514485146F524C002D3553 /* SSJSONRequestOperation.m */,
			);
			name = Model;
			sourceTree = "<group>";
		};
		57DD1C24146D620B0010B621 /* LoginInput */ = {
			isa = PBXGroup;
			children = (
				57DD1C26146D62670010B621 /* LoginInputViewController.h */,
				57DD1C27146D62670010B621 /* LoginInputViewController.m */,
				57DD1C29146D63EE0010B621 /* ManualLoginInputViewController.h */,
				57DD1C2A146D63EE0010B621 /* ManualLoginInputViewController.m */,
				57DD1C2E146D641F0010B621 /* QRCodeLoginInputViewController.h */,
				57DD1C2F146D641F0010B621 /* QRCodeLoginInputViewController.m */,
				57DD1C33146D64670010B621 /* SelectLoginInputViewController.h */,
				57DD1C34146D64670010B621 /* SelectLoginInputViewController.m */,
			);
			name = LoginInput;
			sourceTree = "<group>";
		};
		57F739711470D75C00276BF1 /* AFNetworking */ = {
			isa = PBXGroup;
			children = (
				57F739721470D75C00276BF1 /* AFNetworking */,
			);
			path = AFNetworking;
			sourceTree = "<group>";
		};
		57F739721470D75C00276BF1 /* AFNetworking */ = {
			isa = PBXGroup;
			children = (
				57F739731470D75C00276BF1 /* AFHTTPClient.h */,
				57F739741470D75C00276BF1 /* AFHTTPClient.m */,
				57F739751470D75C00276BF1 /* AFHTTPRequestOperation.h */,
				57F739761470D75C00276BF1 /* AFHTTPRequestOperation.m */,
				57F739771470D75C00276BF1 /* AFImageCache.h */,
				57F739781470D75C00276BF1 /* AFImageCache.m */,
				57F739791470D75C00276BF1 /* AFImageRequestOperation.h */,
				57F7397A1470D75C00276BF1 /* AFImageRequestOperation.m */,
				57F7397B1470D75C00276BF1 /* AFJSONRequestOperation.h */,
				57F7397C1470D75C00276BF1 /* AFJSONRequestOperation.m */,
				57F7397D1470D75C00276BF1 /* AFJSONUtilities.h */,
				57F7397E1470D75C00276BF1 /* AFNetworkActivityIndicatorManager.h */,
				57F7397F1470D75C00276BF1 /* AFNetworkActivityIndicatorManager.m */,
				57F739801470D75C00276BF1 /* AFNetworking.h */,
				57F739811470D75C00276BF1 /* AFPropertyListRequestOperation.h */,
				57F739821470D75C00276BF1 /* AFPropertyListRequestOperation.m */,
				57F739831470D75C00276BF1 /* AFURLConnectionOperation.h */,
				57F739841470D75C00276BF1 /* AFURLConnectionOperation.m */,
				57F739851470D75C00276BF1 /* AFXMLRequestOperation.h */,
				57F739861470D75C00276BF1 /* AFXMLRequestOperation.m */,
				57F739871470D75C00276BF1 /* UIImageView+AFNetworking.h */,
				57F739881470D75C00276BF1 /* UIImageView+AFNetworking.m */,
			);
			path = AFNetworking;
			sourceTree = "<group>";
		};
		57F739CF1470D75C00276BF1 /* FormatterKit */ = {
			isa = PBXGroup;
			children = (
				57F739EE1470D75C00276BF1 /* TTTArrayFormatter */,
				57F739F11470D75C00276BF1 /* TTTHoursOfOperation */,
				57F739F41470D75C00276BF1 /* TTTLocationFormatter */,
				57F739F71470D75C00276BF1 /* TTTOrdinalNumberFormatter */,
				57F739FA1470D75C00276BF1 /* TTTTimeIntervalFormatter */,
				57F739FD1470D75C00276BF1 /* TTTURLRequestFormatter */,
			);
			path = FormatterKit;
			sourceTree = "<group>";
		};
		57F739EE1470D75C00276BF1 /* TTTArrayFormatter */ = {
			isa = PBXGroup;
			children = (
				57F739EF1470D75C00276BF1 /* TTTArrayFormatter.h */,
				57F739F01470D75C00276BF1 /* TTTArrayFormatter.m */,
			);
			path = TTTArrayFormatter;
			sourceTree = "<group>";
		};
		57F739F11470D75C00276BF1 /* TTTHoursOfOperation */ = {
			isa = PBXGroup;
			children = (
				57F739F21470D75C00276BF1 /* TTTHoursOfOperation.h */,
				57F739F31470D75C00276BF1 /* TTTHoursOfOperation.m */,
			);
			path = TTTHoursOfOperation;
			sourceTree = "<group>";
		};
		57F739F41470D75C00276BF1 /* TTTLocationFormatter */ = {
			isa = PBXGroup;
			children = (
				57F739F51470D75C00276BF1 /* TTTLocationFormatter.h */,
				57F739F61470D75C00276BF1 /* TTTLocationFormatter.m */,
			);
			path = TTTLocationFormatter;
			sourceTree = "<group>";
		};
		57F739F71470D75C00276BF1 /* TTTOrdinalNumberFormatter */ = {
			isa = PBXGroup;
			children = (
				57F739F81470D75C00276BF1 /* TTTOrdinalNumberFormatter.h */,
				57F739F91470D75C00276BF1 /* TTTOrdinalNumberFormatter.m */,
			);
			path = TTTOrdinalNumberFormatter;
			sourceTree = "<group>";
		};
		57F739FA1470D75C00276BF1 /* TTTTimeIntervalFormatter */ = {
			isa = PBXGroup;
			children = (
				57F739FB1470D75C00276BF1 /* TTTTimeIntervalFormatter.h */,
				57F739FC1470D75C00276BF1 /* TTTTimeIntervalFormatter.m */,
			);
			path = TTTTimeIntervalFormatter;
			sourceTree = "<group>";
		};
		57F739FD1470D75C00276BF1 /* TTTURLRequestFormatter */ = {
			isa = PBXGroup;
			children = (
				57F739FE1470D75C00276BF1 /* TTTURLRequestFormatter.h */,
				57F739FF1470D75C00276BF1 /* TTTURLRequestFormatter.m */,
			);
			path = TTTURLRequestFormatter;
			sourceTree = "<group>";
		};
		57F73A511470D81A00276BF1 /* ZBarSDK */ = {
			isa = PBXGroup;
			children = (
				57F73A521470D81A00276BF1 /* Headers */,
				57F73A691470D81A00276BF1 /* libzbar.a */,
				57F73A6A1470D81A00276BF1 /* Resources */,
			);
			path = ZBarSDK;
			sourceTree = "<group>";
		};
		57F73A521470D81A00276BF1 /* Headers */ = {
			isa = PBXGroup;
			children = (
				57F73A531470D81A00276BF1 /* ZBarSDK */,
			);
			path = Headers;
			sourceTree = "<group>";
		};
		57F73A531470D81A00276BF1 /* ZBarSDK */ = {
			isa = PBXGroup;
			children = (
				57F73A541470D81A00276BF1 /* zbar */,
				57F73A5E1470D81A00276BF1 /* zbar.h */,
				57F73A5F1470D81A00276BF1 /* ZBarCameraSimulator.h */,
				57F73A601470D81A00276BF1 /* ZBarCaptureReader.h */,
				57F73A611470D81A00276BF1 /* ZBarHelpController.h */,
				57F73A621470D81A00276BF1 /* ZBarImage.h */,
				57F73A631470D81A00276BF1 /* ZBarImageScanner.h */,
				57F73A641470D81A00276BF1 /* ZBarReaderController.h */,
				57F73A651470D81A00276BF1 /* ZBarReaderView.h */,
				57F73A661470D81A00276BF1 /* ZBarReaderViewController.h */,
				57F73A671470D81A00276BF1 /* ZBarSDK.h */,
				57F73A681470D81A00276BF1 /* ZBarSymbol.h */,
			);
			path = ZBarSDK;
			sourceTree = "<group>";
		};
		57F73A541470D81A00276BF1 /* zbar */ = {
			isa = PBXGroup;
			children = (
				57F73A551470D81A00276BF1 /* Decoder.h */,
				57F73A561470D81A00276BF1 /* Exception.h */,
				57F73A571470D81A00276BF1 /* Image.h */,
				57F73A581470D81A00276BF1 /* ImageScanner.h */,
				57F73A591470D81A00276BF1 /* Processor.h */,
				57F73A5A1470D81A00276BF1 /* Scanner.h */,
				57F73A5B1470D81A00276BF1 /* Symbol.h */,
				57F73A5C1470D81A00276BF1 /* Video.h */,
				57F73A5D1470D81A00276BF1 /* Window.h */,
			);
			path = zbar;
			sourceTree = "<group>";
		};
		57F73A6A1470D81A00276BF1 /* Resources */ = {
			isa = PBXGroup;
			children = (
				57F73A6B1470D81A00276BF1 /* zbar-back.png */,
				57F73A6C1470D81A00276BF1 /* zbar-help.html */,
				57F73A6D1470D81A00276BF1 /* zbar-helpicons.png */,
				57F73A6E1470D81A00276BF1 /* zbar-samples.png */,
			);
			path = Resources;
			sourceTree = "<group>";
		};
/* End PBXGroup section */

/* Begin PBXNativeTarget section */
		579F9AA314678A4E00709C70 /* SparkleShare */ = {
			isa = PBXNativeTarget;
			buildConfigurationList = 579F9AE314678A4E00709C70 /* Build configuration list for PBXNativeTarget "SparkleShare" */;
			buildPhases = (
				579F9AA014678A4E00709C70 /* Sources */,
				579F9AA114678A4E00709C70 /* Frameworks */,
				579F9AA214678A4E00709C70 /* Resources */,
			);
			buildRules = (
			);
			dependencies = (
			);
			name = SparkleShare;
			productName = SparkleShare;
			productReference = 579F9AA414678A4E00709C70 /* SparkleShare.app */;
			productType = "com.apple.product-type.application";
		};
		579F9AD014678A4E00709C70 /* SparkleShareTests */ = {
			isa = PBXNativeTarget;
			buildConfigurationList = 579F9AE614678A4F00709C70 /* Build configuration list for PBXNativeTarget "SparkleShareTests" */;
			buildPhases = (
				579F9ACC14678A4E00709C70 /* Sources */,
				579F9ACD14678A4E00709C70 /* Frameworks */,
				579F9ACE14678A4E00709C70 /* Resources */,
				579F9ACF14678A4E00709C70 /* ShellScript */,
				A25F605947A541D4B3EB06C2 /* Copy Pods Resources */,
			);
			buildRules = (
			);
			dependencies = (
				579F9AD714678A4E00709C70 /* PBXTargetDependency */,
			);
			name = SparkleShareTests;
			productName = SparkleShareTests;
			productReference = 579F9AD114678A4E00709C70 /* SparkleShareTests.octest */;
			productType = "com.apple.product-type.bundle";
		};
/* End PBXNativeTarget section */

/* Begin PBXProject section */
		579F9A9B14678A4D00709C70 /* Project object */ = {
			isa = PBXProject;
			attributes = {
				LastUpgradeCheck = 0420;
			};
			buildConfigurationList = 579F9A9E14678A4D00709C70 /* Build configuration list for PBXProject "SparkleShare" */;
			compatibilityVersion = "Xcode 3.2";
			developmentRegion = English;
			hasScannedForEncodings = 0;
			knownRegions = (
				en,
			);
			mainGroup = 579F9A9914678A4D00709C70;
			productRefGroup = 579F9AA514678A4E00709C70 /* Products */;
			projectDirPath = "";
			projectRoot = "";
			targets = (
				579F9AA314678A4E00709C70 /* SparkleShare */,
				579F9AD014678A4E00709C70 /* SparkleShareTests */,
			);
		};
/* End PBXProject section */

/* Begin PBXResourcesBuildPhase section */
		579F9AA214678A4E00709C70 /* Resources */ = {
			isa = PBXResourcesBuildPhase;
			buildActionMask = 2147483647;
			files = (
				579F9AB314678A4E00709C70 /* InfoPlist.strings in Resources */,
				57DD1C2D146D63EE0010B621 /* ManualLoginInputViewController.xib in Resources */,
				57DD1C37146D64670010B621 /* SelectLoginInputViewController.xib in Resources */,
				57CA606A146D8B08002B747A /* QRCodeLoginInputViewController.xib in Resources */,
				5737A391146DE1B300F4E2F2 /* sparkleshare-logo.png in Resources */,
				5751447C146F3E52002D3553 /* FolderViewController.xib in Resources */,
				579EE16D147034190074B72B /* FileViewController.xib in Resources */,
				579EE17714705F320074B72B /* Localizable.strings in Resources */,
				57F73A701470D81A00276BF1 /* zbar-back.png in Resources */,
				57F73A711470D81A00276BF1 /* zbar-help.html in Resources */,
				57F73A721470D81A00276BF1 /* zbar-helpicons.png in Resources */,
				57F73A731470D81A00276BF1 /* zbar-samples.png in Resources */,
				572920CD1471AB6100E4A3E8 /* SVProgressHUD.bundle in Resources */,
				572920DA1471AC6C00E4A3E8 /* StartingViewController.xib in Resources */,
			);
			runOnlyForDeploymentPostprocessing = 0;
		};
		579F9ACE14678A4E00709C70 /* Resources */ = {
			isa = PBXResourcesBuildPhase;
			buildActionMask = 2147483647;
			files = (
				579F9ADD14678A4E00709C70 /* InfoPlist.strings in Resources */,
			);
			runOnlyForDeploymentPostprocessing = 0;
		};
/* End PBXResourcesBuildPhase section */

/* Begin PBXShellScriptBuildPhase section */
		579F9ACF14678A4E00709C70 /* ShellScript */ = {
			isa = PBXShellScriptBuildPhase;
			buildActionMask = 2147483647;
			files = (
			);
			inputPaths = (
			);
			outputPaths = (
			);
			runOnlyForDeploymentPostprocessing = 0;
			shellPath = /bin/sh;
			shellScript = "# Run the unit tests in this test bundle.\n\"${SYSTEM_DEVELOPER_DIR}/Tools/RunUnitTests\"\n";
		};
		A25F605947A541D4B3EB06C2 /* Copy Pods Resources */ = {
			isa = PBXShellScriptBuildPhase;
			buildActionMask = 2147483647;
			files = (
			);
			inputPaths = (
			);
			name = "Copy Pods Resources";
			outputPaths = (
			);
			runOnlyForDeploymentPostprocessing = 0;
			shellPath = /bin/sh;
			shellScript = "\"${SRCROOT}/Pods/Pods-resources.sh\"\n";
		};
/* End PBXShellScriptBuildPhase section */

/* Begin PBXSourcesBuildPhase section */
		579F9AA014678A4E00709C70 /* Sources */ = {
			isa = PBXSourcesBuildPhase;
			buildActionMask = 2147483647;
			files = (
				579F9AB514678A4E00709C70 /* main.m in Sources */,
				579F9AB914678A4E00709C70 /* SparkleShareAppDelegate.m in Sources */,
				579F9AEF14678BC900709C70 /* SSFolder.m in Sources */,
				579F9AF214678BD900709C70 /* SSConnection.m in Sources */,
				579F9AF514678BEA00709C70 /* SSItem.m in Sources */,
				579F9AFB14678C1B00709C70 /* SSFile.m in Sources */,
				57DD1C28146D62670010B621 /* LoginInputViewController.m in Sources */,
				57DD1C2C146D63EE0010B621 /* ManualLoginInputViewController.m in Sources */,
				57DD1C31146D641F0010B621 /* QRCodeLoginInputViewController.m in Sources */,
				57DD1C36146D64670010B621 /* SelectLoginInputViewController.m in Sources */,
				5751447B146F3E52002D3553 /* FolderViewController.m in Sources */,
				57514480146F3FD2002D3553 /* SSRootFolder.m in Sources */,
				57514483146F4806002D3553 /* GitInfoFormatter.m in Sources */,
				57514486146F524C002D3553 /* SSJSONRequestOperation.m in Sources */,
				579EE168147032230074B72B /* FileSizeFormatter.m in Sources */,
				579EE16C147034190074B72B /* FileViewController.m in Sources */,
				579EE172147043940074B72B /* FilePreview.m in Sources */,
				579EE175147054890074B72B /* NSString+Hashing.m in Sources */,
				579EE17A147063590074B72B /* UIColor+ApplicationColors.m in Sources */,
				57F73A0C1470D75D00276BF1 /* AFHTTPClient.m in Sources */,
				57F73A0D1470D75D00276BF1 /* AFHTTPRequestOperation.m in Sources */,
				57F73A0E1470D75D00276BF1 /* AFImageCache.m in Sources */,
				57F73A0F1470D75D00276BF1 /* AFImageRequestOperation.m in Sources */,
				57F73A101470D75D00276BF1 /* AFJSONRequestOperation.m in Sources */,
				57F73A111470D75D00276BF1 /* AFNetworkActivityIndicatorManager.m in Sources */,
				57F73A121470D75D00276BF1 /* AFPropertyListRequestOperation.m in Sources */,
				57F73A131470D75D00276BF1 /* AFURLConnectionOperation.m in Sources */,
				57F73A141470D75D00276BF1 /* AFXMLRequestOperation.m in Sources */,
				57F73A151470D75D00276BF1 /* UIImageView+AFNetworking.m in Sources */,
				57F73A421470D75D00276BF1 /* TTTArrayFormatter.m in Sources */,
				57F73A431470D75D00276BF1 /* TTTHoursOfOperation.m in Sources */,
				57F73A441470D75D00276BF1 /* TTTLocationFormatter.m in Sources */,
				57F73A451470D75D00276BF1 /* TTTOrdinalNumberFormatter.m in Sources */,
				57F73A461470D75D00276BF1 /* TTTTimeIntervalFormatter.m in Sources */,
				57F73A471470D75D00276BF1 /* TTTURLRequestFormatter.m in Sources */,
				572920CE1471AB6100E4A3E8 /* SVProgressHUD.m in Sources */,
				572920D91471AC6C00E4A3E8 /* StartingViewController.m in Sources */,
			);
			runOnlyForDeploymentPostprocessing = 0;
		};
		579F9ACC14678A4E00709C70 /* Sources */ = {
			isa = PBXSourcesBuildPhase;
			buildActionMask = 2147483647;
			files = (
				579F9AE014678A4E00709C70 /* SparkleShareTests.m in Sources */,
			);
			runOnlyForDeploymentPostprocessing = 0;
		};
/* End PBXSourcesBuildPhase section */

/* Begin PBXTargetDependency section */
		579F9AD714678A4E00709C70 /* PBXTargetDependency */ = {
			isa = PBXTargetDependency;
			target = 579F9AA314678A4E00709C70 /* SparkleShare */;
			targetProxy = 579F9AD614678A4E00709C70 /* PBXContainerItemProxy */;
		};
/* End PBXTargetDependency section */

/* Begin PBXVariantGroup section */
		579F9AB114678A4E00709C70 /* InfoPlist.strings */ = {
			isa = PBXVariantGroup;
			children = (
				579F9AB214678A4E00709C70 /* en */,
			);
			name = InfoPlist.strings;
			sourceTree = "<group>";
		};
		579F9ADB14678A4E00709C70 /* InfoPlist.strings */ = {
			isa = PBXVariantGroup;
			children = (
				579F9ADC14678A4E00709C70 /* en */,
			);
			name = InfoPlist.strings;
			sourceTree = "<group>";
		};
/* End PBXVariantGroup section */

/* Begin XCBuildConfiguration section */
		579F9AE114678A4E00709C70 /* Debug */ = {
			isa = XCBuildConfiguration;
			buildSettings = {
				CLANG_ENABLE_OBJC_ARC = YES;
				"CODE_SIGN_IDENTITY[sdk=iphoneos*]" = "iPhone Developer";
				COPY_PHASE_STRIP = NO;
				GCC_C_LANGUAGE_STANDARD = gnu99;
				GCC_DYNAMIC_NO_PIC = NO;
				GCC_OPTIMIZATION_LEVEL = 0;
				GCC_PREPROCESSOR_DEFINITIONS = (
					"DEBUG=1",
					"$(inherited)",
				);
				GCC_SYMBOLS_PRIVATE_EXTERN = NO;
				GCC_VERSION = com.apple.compilers.llvm.clang.1_0;
				GCC_WARN_ABOUT_MISSING_PROTOTYPES = YES;
				GCC_WARN_ABOUT_RETURN_TYPE = YES;
				GCC_WARN_UNUSED_VARIABLE = YES;
				IPHONEOS_DEPLOYMENT_TARGET = 5.0;
				SDKROOT = iphoneos;
				TARGETED_DEVICE_FAMILY = "1,2";
			};
			name = Debug;
		};
		579F9AE214678A4E00709C70 /* Release */ = {
			isa = XCBuildConfiguration;
			buildSettings = {
				CLANG_ENABLE_OBJC_ARC = YES;
				"CODE_SIGN_IDENTITY[sdk=iphoneos*]" = "iPhone Developer";
				COPY_PHASE_STRIP = YES;
				GCC_C_LANGUAGE_STANDARD = gnu99;
				GCC_VERSION = com.apple.compilers.llvm.clang.1_0;
				GCC_WARN_ABOUT_MISSING_PROTOTYPES = YES;
				GCC_WARN_ABOUT_RETURN_TYPE = YES;
				GCC_WARN_UNUSED_VARIABLE = YES;
				IPHONEOS_DEPLOYMENT_TARGET = 5.0;
				OTHER_CFLAGS = "-DNS_BLOCK_ASSERTIONS=1";
				SDKROOT = iphoneos;
				TARGETED_DEVICE_FAMILY = "1,2";
				VALIDATE_PRODUCT = YES;
			};
			name = Release;
		};
		579F9AE414678A4E00709C70 /* Debug */ = {
			isa = XCBuildConfiguration;
			buildSettings = {
				DSTROOT = /tmp/xcodeproj.dst;
				GCC_PRECOMPILE_PREFIX_HEADER = YES;
				GCC_PREFIX_HEADER = "SparkleShare/SparkleShare-Prefix.pch";
				GCC_VERSION = com.apple.compilers.llvm.clang.1_0;
				INFOPLIST_FILE = "SparkleShare/SparkleShare-Info.plist";
				LIBRARY_SEARCH_PATHS = (
					"$(inherited)",
					"\"$(SRCROOT)/libs/ZBarSDK\"",
				);
				PRODUCT_NAME = "$(TARGET_NAME)";
				SKIP_INSTALL = YES;
				WRAPPER_EXTENSION = app;
			};
			name = Debug;
		};
		579F9AE514678A4E00709C70 /* Release */ = {
			isa = XCBuildConfiguration;
			buildSettings = {
				DSTROOT = /tmp/xcodeproj.dst;
				GCC_PRECOMPILE_PREFIX_HEADER = YES;
				GCC_PREFIX_HEADER = "SparkleShare/SparkleShare-Prefix.pch";
				GCC_VERSION = com.apple.compilers.llvm.clang.1_0;
				INFOPLIST_FILE = "SparkleShare/SparkleShare-Info.plist";
				LIBRARY_SEARCH_PATHS = (
					"$(inherited)",
					"\"$(SRCROOT)/libs/ZBarSDK\"",
				);
				PRODUCT_NAME = "$(TARGET_NAME)";
				SKIP_INSTALL = YES;
				WRAPPER_EXTENSION = app;
			};
			name = Release;
		};
		579F9AE714678A4F00709C70 /* Debug */ = {
			isa = XCBuildConfiguration;
			buildSettings = {
				BUNDLE_LOADER = "$(BUILT_PRODUCTS_DIR)/SparkleShare.app/SparkleShare";
				DSTROOT = /tmp/xcodeproj.dst;
				FRAMEWORK_SEARCH_PATHS = (
					"$(SDKROOT)/Developer/Library/Frameworks",
					"$(DEVELOPER_LIBRARY_DIR)/Frameworks",
				);
				GCC_PRECOMPILE_PREFIX_HEADER = YES;
				GCC_PREFIX_HEADER = "SparkleShare/SparkleShare-Prefix.pch";
				GCC_VERSION = com.apple.compilers.llvm.clang.1_0;
				INFOPLIST_FILE = "SparkleShareTests/SparkleShareTests-Info.plist";
				PRODUCT_NAME = "$(TARGET_NAME)";
				SKIP_INSTALL = YES;
				TEST_HOST = "$(BUNDLE_LOADER)";
				WRAPPER_EXTENSION = octest;
			};
			name = Debug;
		};
		579F9AE814678A4F00709C70 /* Release */ = {
			isa = XCBuildConfiguration;
			buildSettings = {
				BUNDLE_LOADER = "$(BUILT_PRODUCTS_DIR)/SparkleShare.app/SparkleShare";
				DSTROOT = /tmp/xcodeproj.dst;
				FRAMEWORK_SEARCH_PATHS = (
					"$(SDKROOT)/Developer/Library/Frameworks",
					"$(DEVELOPER_LIBRARY_DIR)/Frameworks",
				);
				GCC_PRECOMPILE_PREFIX_HEADER = YES;
				GCC_PREFIX_HEADER = "SparkleShare/SparkleShare-Prefix.pch";
				GCC_VERSION = com.apple.compilers.llvm.clang.1_0;
				INFOPLIST_FILE = "SparkleShareTests/SparkleShareTests-Info.plist";
				PRODUCT_NAME = "$(TARGET_NAME)";
				SKIP_INSTALL = YES;
				TEST_HOST = "$(BUNDLE_LOADER)";
				WRAPPER_EXTENSION = octest;
			};
			name = Release;
		};
/* End XCBuildConfiguration section */

/* Begin XCConfigurationList section */
		579F9A9E14678A4D00709C70 /* Build configuration list for PBXProject "SparkleShare" */ = {
			isa = XCConfigurationList;
			buildConfigurations = (
				579F9AE114678A4E00709C70 /* Debug */,
				579F9AE214678A4E00709C70 /* Release */,
			);
			defaultConfigurationIsVisible = 0;
			defaultConfigurationName = Release;
		};
		579F9AE314678A4E00709C70 /* Build configuration list for PBXNativeTarget "SparkleShare" */ = {
			isa = XCConfigurationList;
			buildConfigurations = (
				579F9AE414678A4E00709C70 /* Debug */,
				579F9AE514678A4E00709C70 /* Release */,
			);
			defaultConfigurationIsVisible = 0;
			defaultConfigurationName = Release;
		};
		579F9AE614678A4F00709C70 /* Build configuration list for PBXNativeTarget "SparkleShareTests" */ = {
			isa = XCConfigurationList;
			buildConfigurations = (
				579F9AE714678A4F00709C70 /* Debug */,
				579F9AE814678A4F00709C70 /* Release */,
			);
			defaultConfigurationIsVisible = 0;
			defaultConfigurationName = Release;
		};
/* End XCConfigurationList section */
	};
	rootObject = 579F9A9B14678A4D00709C70 /* Project object */;
}
